
Microsoft Visual Studio Solution File, Format Version 12.00
# Visual Studio Version 16
VisualStudioVersion = 16.0.30204.135
MinimumVisualStudioVersion = 10.0.40219.1
Project("{D954291E-2A0B-460D-934E-DC6B0785DB48}") = "UnoCodes.Shared", "UnoCodes\UnoCodes.Shared\UnoCodes.Shared.shproj", "{6279C845-92F8-4333-AB99-3D213163593C}"
EndProject
Project("{FAE04EC0-301F-11D3-BF4B-00C04F79EFBC}") = "UnoCodes.Droid", "UnoCodes\UnoCodes.Droid\UnoCodes.Droid.csproj", "{7F6ACA11-3365-4387-8D08-2B931B5E304E}"
EndProject
Project("{FAE04EC0-301F-11D3-BF4B-00C04F79EFBC}") = "UnoCodes.iOS", "UnoCodes\UnoCodes.iOS\UnoCodes.iOS.csproj", "{88AD0A18-CF59-44A6-A2CE-C78F79849B20}"
EndProject
Project("{FAE04EC0-301F-11D3-BF4B-00C04F79EFBC}") = "UnoCodes.UWP", "UnoCodes\UnoCodes.UWP\UnoCodes.UWP.csproj", "{909D21D4-B960-4DBA-B122-1096A90FB125}"
EndProject
Project("{FAE04EC0-301F-11D3-BF4B-00C04F79EFBC}") = "UnoCodes.Wasm", "UnoCodes\UnoCodes.Wasm\UnoCodes.Wasm.csproj", "{DFE00514-2D6B-4C2A-9C43-A054FB1B76F2}"
EndProject
Project("{FAE04EC0-301F-11D3-BF4B-00C04F79EFBC}") = "UnoCodes.macOS", "UnoCodes\UnoCodes.macOS\UnoCodes.macOS.csproj", "{3A5116BC-E0BA-49E1-B142-68266EAF43C0}"
EndProject
Global
	GlobalSection(SharedMSBuildProjectFiles) = preSolution
		UnoCodes\UnoCodes.Shared\UnoCodes.Shared.projitems*{3a5116bc-e0ba-49e1-b142-68266eaf43c0}*SharedItemsImports = 4
		UnoCodes\UnoCodes.Shared\UnoCodes.Shared.projitems*{6279c845-92f8-4333-ab99-3d213163593c}*SharedItemsImports = 13
		UnoCodes\UnoCodes.Shared\UnoCodes.Shared.projitems*{7f6aca11-3365-4387-8d08-2b931b5e304e}*SharedItemsImports = 4
		UnoCodes\UnoCodes.Shared\UnoCodes.Shared.projitems*{88ad0a18-cf59-44a6-a2ce-c78f79849b20}*SharedItemsImports = 4
		UnoCodes\UnoCodes.Shared\UnoCodes.Shared.projitems*{909d21d4-b960-4dba-b122-1096a90fb125}*SharedItemsImports = 4
		UnoCodes\UnoCodes.Shared\UnoCodes.Shared.projitems*{dfe00514-2d6b-4c2a-9c43-a054fb1b76f2}*SharedItemsImports = 5
	EndGlobalSection
	GlobalSection(SolutionConfigurationPlatforms) = preSolution
		Ad-Hoc|Any CPU = Ad-Hoc|Any CPU
		Ad-Hoc|ARM = Ad-Hoc|ARM
		Ad-Hoc|ARM64 = Ad-Hoc|ARM64
		Ad-Hoc|iPhone = Ad-Hoc|iPhone
		Ad-Hoc|iPhoneSimulator = Ad-Hoc|iPhoneSimulator
		Ad-Hoc|x64 = Ad-Hoc|x64
		Ad-Hoc|x86 = Ad-Hoc|x86
		AppStore|Any CPU = AppStore|Any CPU
		AppStore|ARM = AppStore|ARM
		AppStore|ARM64 = AppStore|ARM64
		AppStore|iPhone = AppStore|iPhone
		AppStore|iPhoneSimulator = AppStore|iPhoneSimulator
		AppStore|x64 = AppStore|x64
		AppStore|x86 = AppStore|x86
		Debug|Any CPU = Debug|Any CPU
		Debug|ARM = Debug|ARM
		Debug|ARM64 = Debug|ARM64
		Debug|iPhone = Debug|iPhone
		Debug|iPhoneSimulator = Debug|iPhoneSimulator
		Debug|x64 = Debug|x64
		Debug|x86 = Debug|x86
		Release|Any CPU = Release|Any CPU
		Release|ARM = Release|ARM
		Release|ARM64 = Release|ARM64
		Release|iPhone = Release|iPhone
		Release|iPhoneSimulator = Release|iPhoneSimulator
		Release|x64 = Release|x64
		Release|x86 = Release|x86
	EndGlobalSection
	GlobalSection(ProjectConfigurationPlatforms) = postSolution
		{7F6ACA11-3365-4387-8D08-2B931B5E304E}.Ad-Hoc|Any CPU.ActiveCfg = Release|Any CPU
		{7F6ACA11-3365-4387-8D08-2B931B5E304E}.Ad-Hoc|Any CPU.Build.0 = Release|Any CPU
		{7F6ACA11-3365-4387-8D08-2B931B5E304E}.Ad-Hoc|Any CPU.Deploy.0 = Release|Any CPU
		{7F6ACA11-3365-4387-8D08-2B931B5E304E}.Ad-Hoc|ARM.ActiveCfg = Release|Any CPU
		{7F6ACA11-3365-4387-8D08-2B931B5E304E}.Ad-Hoc|ARM.Build.0 = Release|Any CPU
		{7F6ACA11-3365-4387-8D08-2B931B5E304E}.Ad-Hoc|ARM.Deploy.0 = Release|Any CPU
		{7F6ACA11-3365-4387-8D08-2B931B5E304E}.Ad-Hoc|ARM64.ActiveCfg = Release|Any CPU
		{7F6ACA11-3365-4387-8D08-2B931B5E304E}.Ad-Hoc|ARM64.Build.0 = Release|Any CPU
		{7F6ACA11-3365-4387-8D08-2B931B5E304E}.Ad-Hoc|ARM64.Deploy.0 = Release|Any CPU
		{7F6ACA11-3365-4387-8D08-2B931B5E304E}.Ad-Hoc|iPhone.ActiveCfg = Release|Any CPU
		{7F6ACA11-3365-4387-8D08-2B931B5E304E}.Ad-Hoc|iPhone.Build.0 = Release|Any CPU
		{7F6ACA11-3365-4387-8D08-2B931B5E304E}.Ad-Hoc|iPhone.Deploy.0 = Release|Any CPU
		{7F6ACA11-3365-4387-8D08-2B931B5E304E}.Ad-Hoc|iPhoneSimulator.ActiveCfg = Release|Any CPU
		{7F6ACA11-3365-4387-8D08-2B931B5E304E}.Ad-Hoc|iPhoneSimulator.Build.0 = Release|Any CPU
		{7F6ACA11-3365-4387-8D08-2B931B5E304E}.Ad-Hoc|iPhoneSimulator.Deploy.0 = Release|Any CPU
		{7F6ACA11-3365-4387-8D08-2B931B5E304E}.Ad-Hoc|x64.ActiveCfg = Release|Any CPU
		{7F6ACA11-3365-4387-8D08-2B931B5E304E}.Ad-Hoc|x64.Build.0 = Release|Any CPU
		{7F6ACA11-3365-4387-8D08-2B931B5E304E}.Ad-Hoc|x64.Deploy.0 = Release|Any CPU
		{7F6ACA11-3365-4387-8D08-2B931B5E304E}.Ad-Hoc|x86.ActiveCfg = Release|Any CPU
		{7F6ACA11-3365-4387-8D08-2B931B5E304E}.Ad-Hoc|x86.Build.0 = Release|Any CPU
		{7F6ACA11-3365-4387-8D08-2B931B5E304E}.Ad-Hoc|x86.Deploy.0 = Release|Any CPU
		{7F6ACA11-3365-4387-8D08-2B931B5E304E}.AppStore|Any CPU.ActiveCfg = Release|Any CPU
		{7F6ACA11-3365-4387-8D08-2B931B5E304E}.AppStore|Any CPU.Build.0 = Release|Any CPU
		{7F6ACA11-3365-4387-8D08-2B931B5E304E}.AppStore|Any CPU.Deploy.0 = Release|Any CPU
		{7F6ACA11-3365-4387-8D08-2B931B5E304E}.AppStore|ARM.ActiveCfg = Release|Any CPU
		{7F6ACA11-3365-4387-8D08-2B931B5E304E}.AppStore|ARM.Build.0 = Release|Any CPU
		{7F6ACA11-3365-4387-8D08-2B931B5E304E}.AppStore|ARM.Deploy.0 = Release|Any CPU
		{7F6ACA11-3365-4387-8D08-2B931B5E304E}.AppStore|ARM64.ActiveCfg = Release|Any CPU
		{7F6ACA11-3365-4387-8D08-2B931B5E304E}.AppStore|ARM64.Build.0 = Release|Any CPU
		{7F6ACA11-3365-4387-8D08-2B931B5E304E}.AppStore|ARM64.Deploy.0 = Release|Any CPU
		{7F6ACA11-3365-4387-8D08-2B931B5E304E}.AppStore|iPhone.ActiveCfg = Release|Any CPU
		{7F6ACA11-3365-4387-8D08-2B931B5E304E}.AppStore|iPhone.Build.0 = Release|Any CPU
		{7F6ACA11-3365-4387-8D08-2B931B5E304E}.AppStore|iPhone.Deploy.0 = Release|Any CPU
		{7F6ACA11-3365-4387-8D08-2B931B5E304E}.AppStore|iPhoneSimulator.ActiveCfg = Release|Any CPU
		{7F6ACA11-3365-4387-8D08-2B931B5E304E}.AppStore|iPhoneSimulator.Build.0 = Release|Any CPU
		{7F6ACA11-3365-4387-8D08-2B931B5E304E}.AppStore|iPhoneSimulator.Deploy.0 = Release|Any CPU
		{7F6ACA11-3365-4387-8D08-2B931B5E304E}.AppStore|x64.ActiveCfg = Release|Any CPU
		{7F6ACA11-3365-4387-8D08-2B931B5E304E}.AppStore|x64.Build.0 = Release|Any CPU
		{7F6ACA11-3365-4387-8D08-2B931B5E304E}.AppStore|x64.Deploy.0 = Release|Any CPU
		{7F6ACA11-3365-4387-8D08-2B931B5E304E}.AppStore|x86.ActiveCfg = Release|Any CPU
		{7F6ACA11-3365-4387-8D08-2B931B5E304E}.AppStore|x86.Build.0 = Release|Any CPU
		{7F6ACA11-3365-4387-8D08-2B931B5E304E}.AppStore|x86.Deploy.0 = Release|Any CPU
		{7F6ACA11-3365-4387-8D08-2B931B5E304E}.Debug|Any CPU.ActiveCfg = Debug|Any CPU
		{7F6ACA11-3365-4387-8D08-2B931B5E304E}.Debug|Any CPU.Build.0 = Debug|Any CPU
		{7F6ACA11-3365-4387-8D08-2B931B5E304E}.Debug|Any CPU.Deploy.0 = Debug|Any CPU
		{7F6ACA11-3365-4387-8D08-2B931B5E304E}.Debug|ARM.ActiveCfg = Debug|Any CPU
		{7F6ACA11-3365-4387-8D08-2B931B5E304E}.Debug|ARM.Build.0 = Debug|Any CPU
		{7F6ACA11-3365-4387-8D08-2B931B5E304E}.Debug|ARM.Deploy.0 = Debug|Any CPU
		{7F6ACA11-3365-4387-8D08-2B931B5E304E}.Debug|ARM64.ActiveCfg = Debug|Any CPU
		{7F6ACA11-3365-4387-8D08-2B931B5E304E}.Debug|ARM64.Build.0 = Debug|Any CPU
		{7F6ACA11-3365-4387-8D08-2B931B5E304E}.Debug|ARM64.Deploy.0 = Debug|Any CPU
		{7F6ACA11-3365-4387-8D08-2B931B5E304E}.Debug|iPhone.ActiveCfg = Debug|Any CPU
		{7F6ACA11-3365-4387-8D08-2B931B5E304E}.Debug|iPhone.Build.0 = Debug|Any CPU
		{7F6ACA11-3365-4387-8D08-2B931B5E304E}.Debug|iPhone.Deploy.0 = Debug|Any CPU
		{7F6ACA11-3365-4387-8D08-2B931B5E304E}.Debug|iPhoneSimulator.ActiveCfg = Debug|Any CPU
		{7F6ACA11-3365-4387-8D08-2B931B5E304E}.Debug|iPhoneSimulator.Build.0 = Debug|Any CPU
		{7F6ACA11-3365-4387-8D08-2B931B5E304E}.Debug|iPhoneSimulator.Deploy.0 = Debug|Any CPU
		{7F6ACA11-3365-4387-8D08-2B931B5E304E}.Debug|x64.ActiveCfg = Debug|Any CPU
		{7F6ACA11-3365-4387-8D08-2B931B5E304E}.Debug|x64.Build.0 = Debug|Any CPU
		{7F6ACA11-3365-4387-8D08-2B931B5E304E}.Debug|x64.Deploy.0 = Debug|Any CPU
		{7F6ACA11-3365-4387-8D08-2B931B5E304E}.Debug|x86.ActiveCfg = Debug|Any CPU
		{7F6ACA11-3365-4387-8D08-2B931B5E304E}.Debug|x86.Build.0 = Debug|Any CPU
		{7F6ACA11-3365-4387-8D08-2B931B5E304E}.Debug|x86.Deploy.0 = Debug|Any CPU
		{7F6ACA11-3365-4387-8D08-2B931B5E304E}.Release|Any CPU.ActiveCfg = Release|Any CPU
		{7F6ACA11-3365-4387-8D08-2B931B5E304E}.Release|Any CPU.Build.0 = Release|Any CPU
		{7F6ACA11-3365-4387-8D08-2B931B5E304E}.Release|Any CPU.Deploy.0 = Release|Any CPU
		{7F6ACA11-3365-4387-8D08-2B931B5E304E}.Release|ARM.ActiveCfg = Release|Any CPU
		{7F6ACA11-3365-4387-8D08-2B931B5E304E}.Release|ARM.Build.0 = Release|Any CPU
		{7F6ACA11-3365-4387-8D08-2B931B5E304E}.Release|ARM.Deploy.0 = Release|Any CPU
		{7F6ACA11-3365-4387-8D08-2B931B5E304E}.Release|ARM64.ActiveCfg = Release|Any CPU
		{7F6ACA11-3365-4387-8D08-2B931B5E304E}.Release|ARM64.Build.0 = Release|Any CPU
		{7F6ACA11-3365-4387-8D08-2B931B5E304E}.Release|ARM64.Deploy.0 = Release|Any CPU
		{7F6ACA11-3365-4387-8D08-2B931B5E304E}.Release|iPhone.ActiveCfg = Release|Any CPU
		{7F6ACA11-3365-4387-8D08-2B931B5E304E}.Release|iPhone.Build.0 = Release|Any CPU
		{7F6ACA11-3365-4387-8D08-2B931B5E304E}.Release|iPhone.Deploy.0 = Release|Any CPU
		{7F6ACA11-3365-4387-8D08-2B931B5E304E}.Release|iPhoneSimulator.ActiveCfg = Release|Any CPU
		{7F6ACA11-3365-4387-8D08-2B931B5E304E}.Release|iPhoneSimulator.Build.0 = Release|Any CPU
		{7F6ACA11-3365-4387-8D08-2B931B5E304E}.Release|iPhoneSimulator.Deploy.0 = Release|Any CPU
		{7F6ACA11-3365-4387-8D08-2B931B5E304E}.Release|x64.ActiveCfg = Release|Any CPU
		{7F6ACA11-3365-4387-8D08-2B931B5E304E}.Release|x64.Build.0 = Release|Any CPU
		{7F6ACA11-3365-4387-8D08-2B931B5E304E}.Release|x64.Deploy.0 = Release|Any CPU
		{7F6ACA11-3365-4387-8D08-2B931B5E304E}.Release|x86.ActiveCfg = Release|Any CPU
		{7F6ACA11-3365-4387-8D08-2B931B5E304E}.Release|x86.Build.0 = Release|Any CPU
		{7F6ACA11-3365-4387-8D08-2B931B5E304E}.Release|x86.Deploy.0 = Release|Any CPU
		{88AD0A18-CF59-44A6-A2CE-C78F79849B20}.Ad-Hoc|Any CPU.ActiveCfg = Ad-Hoc|iPhone
		{88AD0A18-CF59-44A6-A2CE-C78F79849B20}.Ad-Hoc|ARM.ActiveCfg = Ad-Hoc|iPhone
		{88AD0A18-CF59-44A6-A2CE-C78F79849B20}.Ad-Hoc|ARM64.ActiveCfg = Ad-Hoc|iPhone
		{88AD0A18-CF59-44A6-A2CE-C78F79849B20}.Ad-Hoc|iPhone.ActiveCfg = Ad-Hoc|iPhone
		{88AD0A18-CF59-44A6-A2CE-C78F79849B20}.Ad-Hoc|iPhone.Build.0 = Ad-Hoc|iPhone
		{88AD0A18-CF59-44A6-A2CE-C78F79849B20}.Ad-Hoc|iPhoneSimulator.ActiveCfg = Ad-Hoc|iPhoneSimulator
		{88AD0A18-CF59-44A6-A2CE-C78F79849B20}.Ad-Hoc|iPhoneSimulator.Build.0 = Ad-Hoc|iPhoneSimulator
		{88AD0A18-CF59-44A6-A2CE-C78F79849B20}.Ad-Hoc|x64.ActiveCfg = Ad-Hoc|iPhone
		{88AD0A18-CF59-44A6-A2CE-C78F79849B20}.Ad-Hoc|x86.ActiveCfg = Ad-Hoc|iPhone
		{88AD0A18-CF59-44A6-A2CE-C78F79849B20}.AppStore|Any CPU.ActiveCfg = AppStore|iPhone
		{88AD0A18-CF59-44A6-A2CE-C78F79849B20}.AppStore|ARM.ActiveCfg = AppStore|iPhone
		{88AD0A18-CF59-44A6-A2CE-C78F79849B20}.AppStore|ARM64.ActiveCfg = AppStore|iPhone
		{88AD0A18-CF59-44A6-A2CE-C78F79849B20}.AppStore|iPhone.ActiveCfg = AppStore|iPhone
		{88AD0A18-CF59-44A6-A2CE-C78F79849B20}.AppStore|iPhone.Build.0 = AppStore|iPhone
		{88AD0A18-CF59-44A6-A2CE-C78F79849B20}.AppStore|iPhoneSimulator.ActiveCfg = AppStore|iPhoneSimulator
		{88AD0A18-CF59-44A6-A2CE-C78F79849B20}.AppStore|iPhoneSimulator.Build.0 = AppStore|iPhoneSimulator
		{88AD0A18-CF59-44A6-A2CE-C78F79849B20}.AppStore|x64.ActiveCfg = AppStore|iPhone
		{88AD0A18-CF59-44A6-A2CE-C78F79849B20}.AppStore|x86.ActiveCfg = AppStore|iPhone
		{88AD0A18-CF59-44A6-A2CE-C78F79849B20}.Debug|Any CPU.ActiveCfg = Debug|iPhone
		{88AD0A18-CF59-44A6-A2CE-C78F79849B20}.Debug|ARM.ActiveCfg = Debug|iPhone
		{88AD0A18-CF59-44A6-A2CE-C78F79849B20}.Debug|ARM64.ActiveCfg = Debug|iPhone
		{88AD0A18-CF59-44A6-A2CE-C78F79849B20}.Debug|iPhone.ActiveCfg = Debug|iPhone
		{88AD0A18-CF59-44A6-A2CE-C78F79849B20}.Debug|iPhone.Build.0 = Debug|iPhone
		{88AD0A18-CF59-44A6-A2CE-C78F79849B20}.Debug|iPhoneSimulator.ActiveCfg = Debug|iPhoneSimulator
		{88AD0A18-CF59-44A6-A2CE-C78F79849B20}.Debug|iPhoneSimulator.Build.0 = Debug|iPhoneSimulator
		{88AD0A18-CF59-44A6-A2CE-C78F79849B20}.Debug|x64.ActiveCfg = Debug|iPhone
		{88AD0A18-CF59-44A6-A2CE-C78F79849B20}.Debug|x86.ActiveCfg = Debug|iPhone
		{88AD0A18-CF59-44A6-A2CE-C78F79849B20}.Release|Any CPU.ActiveCfg = Release|iPhone
		{88AD0A18-CF59-44A6-A2CE-C78F79849B20}.Release|ARM.ActiveCfg = Release|iPhone
		{88AD0A18-CF59-44A6-A2CE-C78F79849B20}.Release|ARM64.ActiveCfg = Release|iPhone
		{88AD0A18-CF59-44A6-A2CE-C78F79849B20}.Release|iPhone.ActiveCfg = Release|iPhone
		{88AD0A18-CF59-44A6-A2CE-C78F79849B20}.Release|iPhone.Build.0 = Release|iPhone
		{88AD0A18-CF59-44A6-A2CE-C78F79849B20}.Release|iPhoneSimulator.ActiveCfg = Release|iPhoneSimulator
		{88AD0A18-CF59-44A6-A2CE-C78F79849B20}.Release|iPhoneSimulator.Build.0 = Release|iPhoneSimulator
		{88AD0A18-CF59-44A6-A2CE-C78F79849B20}.Release|x64.ActiveCfg = Release|iPhone
		{88AD0A18-CF59-44A6-A2CE-C78F79849B20}.Release|x86.ActiveCfg = Release|iPhone
		{909D21D4-B960-4DBA-B122-1096A90FB125}.Ad-Hoc|Any CPU.ActiveCfg = Release|x64
		{909D21D4-B960-4DBA-B122-1096A90FB125}.Ad-Hoc|Any CPU.Build.0 = Release|x64
		{909D21D4-B960-4DBA-B122-1096A90FB125}.Ad-Hoc|Any CPU.Deploy.0 = Release|x64
		{909D21D4-B960-4DBA-B122-1096A90FB125}.Ad-Hoc|ARM.ActiveCfg = Release|ARM
		{909D21D4-B960-4DBA-B122-1096A90FB125}.Ad-Hoc|ARM.Build.0 = Release|ARM
		{909D21D4-B960-4DBA-B122-1096A90FB125}.Ad-Hoc|ARM.Deploy.0 = Release|ARM
		{909D21D4-B960-4DBA-B122-1096A90FB125}.Ad-Hoc|ARM64.ActiveCfg = Release|ARM64
		{909D21D4-B960-4DBA-B122-1096A90FB125}.Ad-Hoc|ARM64.Build.0 = Release|ARM64
		{909D21D4-B960-4DBA-B122-1096A90FB125}.Ad-Hoc|ARM64.Deploy.0 = Release|ARM64
		{909D21D4-B960-4DBA-B122-1096A90FB125}.Ad-Hoc|iPhone.ActiveCfg = Release|x64
		{909D21D4-B960-4DBA-B122-1096A90FB125}.Ad-Hoc|iPhone.Build.0 = Release|x64
		{909D21D4-B960-4DBA-B122-1096A90FB125}.Ad-Hoc|iPhone.Deploy.0 = Release|x64
		{909D21D4-B960-4DBA-B122-1096A90FB125}.Ad-Hoc|iPhoneSimulator.ActiveCfg = Release|x64
		{909D21D4-B960-4DBA-B122-1096A90FB125}.Ad-Hoc|iPhoneSimulator.Build.0 = Release|x64
		{909D21D4-B960-4DBA-B122-1096A90FB125}.Ad-Hoc|iPhoneSimulator.Deploy.0 = Release|x64
		{909D21D4-B960-4DBA-B122-1096A90FB125}.Ad-Hoc|x64.ActiveCfg = Release|x64
		{909D21D4-B960-4DBA-B122-1096A90FB125}.Ad-Hoc|x64.Build.0 = Release|x64
		{909D21D4-B960-4DBA-B122-1096A90FB125}.Ad-Hoc|x64.Deploy.0 = Release|x64
		{909D21D4-B960-4DBA-B122-1096A90FB125}.Ad-Hoc|x86.ActiveCfg = Release|x86
		{909D21D4-B960-4DBA-B122-1096A90FB125}.Ad-Hoc|x86.Build.0 = Release|x86
		{909D21D4-B960-4DBA-B122-1096A90FB125}.Ad-Hoc|x86.Deploy.0 = Release|x86
		{909D21D4-B960-4DBA-B122-1096A90FB125}.AppStore|Any CPU.ActiveCfg = Release|x64
		{909D21D4-B960-4DBA-B122-1096A90FB125}.AppStore|Any CPU.Build.0 = Release|x64
		{909D21D4-B960-4DBA-B122-1096A90FB125}.AppStore|Any CPU.Deploy.0 = Release|x64
		{909D21D4-B960-4DBA-B122-1096A90FB125}.AppStore|ARM.ActiveCfg = Release|ARM
		{909D21D4-B960-4DBA-B122-1096A90FB125}.AppStore|ARM.Build.0 = Release|ARM
		{909D21D4-B960-4DBA-B122-1096A90FB125}.AppStore|ARM.Deploy.0 = Release|ARM
		{909D21D4-B960-4DBA-B122-1096A90FB125}.AppStore|ARM64.ActiveCfg = Release|ARM64
		{909D21D4-B960-4DBA-B122-1096A90FB125}.AppStore|ARM64.Build.0 = Release|ARM64
		{909D21D4-B960-4DBA-B122-1096A90FB125}.AppStore|ARM64.Deploy.0 = Release|ARM64
		{909D21D4-B960-4DBA-B122-1096A90FB125}.AppStore|iPhone.ActiveCfg = Release|x64
		{909D21D4-B960-4DBA-B122-1096A90FB125}.AppStore|iPhone.Build.0 = Release|x64
		{909D21D4-B960-4DBA-B122-1096A90FB125}.AppStore|iPhone.Deploy.0 = Release|x64
		{909D21D4-B960-4DBA-B122-1096A90FB125}.AppStore|iPhoneSimulator.ActiveCfg = Release|x64
		{909D21D4-B960-4DBA-B122-1096A90FB125}.AppStore|iPhoneSimulator.Build.0 = Release|x64
		{909D21D4-B960-4DBA-B122-1096A90FB125}.AppStore|iPhoneSimulator.Deploy.0 = Release|x64
		{909D21D4-B960-4DBA-B122-1096A90FB125}.AppStore|x64.ActiveCfg = Release|x64
		{909D21D4-B960-4DBA-B122-1096A90FB125}.AppStore|x64.Build.0 = Release|x64
		{909D21D4-B960-4DBA-B122-1096A90FB125}.AppStore|x64.Deploy.0 = Release|x64
		{909D21D4-B960-4DBA-B122-1096A90FB125}.AppStore|x86.ActiveCfg = Release|x86
		{909D21D4-B960-4DBA-B122-1096A90FB125}.AppStore|x86.Build.0 = Release|x86
		{909D21D4-B960-4DBA-B122-1096A90FB125}.AppStore|x86.Deploy.0 = Release|x86
		{909D21D4-B960-4DBA-B122-1096A90FB125}.Debug|Any CPU.ActiveCfg = Debug|x86
		{909D21D4-B960-4DBA-B122-1096A90FB125}.Debug|ARM.ActiveCfg = Debug|ARM
		{909D21D4-B960-4DBA-B122-1096A90FB125}.Debug|ARM.Build.0 = Debug|ARM
		{909D21D4-B960-4DBA-B122-1096A90FB125}.Debug|ARM.Deploy.0 = Debug|ARM
		{909D21D4-B960-4DBA-B122-1096A90FB125}.Debug|ARM64.ActiveCfg = Debug|ARM64
		{909D21D4-B960-4DBA-B122-1096A90FB125}.Debug|ARM64.Build.0 = Debug|ARM64
		{909D21D4-B960-4DBA-B122-1096A90FB125}.Debug|ARM64.Deploy.0 = Debug|ARM64
		{909D21D4-B960-4DBA-B122-1096A90FB125}.Debug|iPhone.ActiveCfg = Debug|x86
		{909D21D4-B960-4DBA-B122-1096A90FB125}.Debug|iPhoneSimulator.ActiveCfg = Debug|x86
		{909D21D4-B960-4DBA-B122-1096A90FB125}.Debug|x64.ActiveCfg = Debug|x64
		{909D21D4-B960-4DBA-B122-1096A90FB125}.Debug|x64.Build.0 = Debug|x64
		{909D21D4-B960-4DBA-B122-1096A90FB125}.Debug|x64.Deploy.0 = Debug|x64
		{909D21D4-B960-4DBA-B122-1096A90FB125}.Debug|x86.ActiveCfg = Debug|x86
		{909D21D4-B960-4DBA-B122-1096A90FB125}.Debug|x86.Build.0 = Debug|x86
		{909D21D4-B960-4DBA-B122-1096A90FB125}.Debug|x86.Deploy.0 = Debug|x86
		{909D21D4-B960-4DBA-B122-1096A90FB125}.Release|Any CPU.ActiveCfg = Release|x86
		{909D21D4-B960-4DBA-B122-1096A90FB125}.Release|ARM.ActiveCfg = Release|ARM
		{909D21D4-B960-4DBA-B122-1096A90FB125}.Release|ARM.Build.0 = Release|ARM
		{909D21D4-B960-4DBA-B122-1096A90FB125}.Release|ARM.Deploy.0 = Release|ARM
		{909D21D4-B960-4DBA-B122-1096A90FB125}.Release|ARM64.ActiveCfg = Release|ARM64
		{909D21D4-B960-4DBA-B122-1096A90FB125}.Release|ARM64.Build.0 = Release|ARM64
		{909D21D4-B960-4DBA-B122-1096A90FB125}.Release|ARM64.Deploy.0 = Release|ARM64
		{909D21D4-B960-4DBA-B122-1096A90FB125}.Release|iPhone.ActiveCfg = Release|x86
		{909D21D4-B960-4DBA-B122-1096A90FB125}.Release|iPhoneSimulator.ActiveCfg = Release|x86
		{909D21D4-B960-4DBA-B122-1096A90FB125}.Release|x64.ActiveCfg = Release|x64
		{909D21D4-B960-4DBA-B122-1096A90FB125}.Release|x64.Build.0 = Release|x64
		{909D21D4-B960-4DBA-B122-1096A90FB125}.Release|x64.Deploy.0 = Release|x64
		{909D21D4-B960-4DBA-B122-1096A90FB125}.Release|x86.ActiveCfg = Release|x86
		{909D21D4-B960-4DBA-B122-1096A90FB125}.Release|x86.Build.0 = Release|x86
		{909D21D4-B960-4DBA-B122-1096A90FB125}.Release|x86.Deploy.0 = Release|x86
		{DFE00514-2D6B-4C2A-9C43-A054FB1B76F2}.Ad-Hoc|Any CPU.ActiveCfg = Debug|Any CPU
		{DFE00514-2D6B-4C2A-9C43-A054FB1B76F2}.Ad-Hoc|Any CPU.Build.0 = Debug|Any CPU
		{DFE00514-2D6B-4C2A-9C43-A054FB1B76F2}.Ad-Hoc|ARM.ActiveCfg = Debug|Any CPU
		{DFE00514-2D6B-4C2A-9C43-A054FB1B76F2}.Ad-Hoc|ARM.Build.0 = Debug|Any CPU
		{DFE00514-2D6B-4C2A-9C43-A054FB1B76F2}.Ad-Hoc|ARM64.ActiveCfg = Debug|Any CPU
		{DFE00514-2D6B-4C2A-9C43-A054FB1B76F2}.Ad-Hoc|ARM64.Build.0 = Debug|Any CPU
		{DFE00514-2D6B-4C2A-9C43-A054FB1B76F2}.Ad-Hoc|iPhone.ActiveCfg = Debug|Any CPU
		{DFE00514-2D6B-4C2A-9C43-A054FB1B76F2}.Ad-Hoc|iPhone.Build.0 = Debug|Any CPU
		{DFE00514-2D6B-4C2A-9C43-A054FB1B76F2}.Ad-Hoc|iPhoneSimulator.ActiveCfg = Debug|Any CPU
		{DFE00514-2D6B-4C2A-9C43-A054FB1B76F2}.Ad-Hoc|iPhoneSimulator.Build.0 = Debug|Any CPU
		{DFE00514-2D6B-4C2A-9C43-A054FB1B76F2}.Ad-Hoc|x64.ActiveCfg = Debug|Any CPU
		{DFE00514-2D6B-4C2A-9C43-A054FB1B76F2}.Ad-Hoc|x64.Build.0 = Debug|Any CPU
		{DFE00514-2D6B-4C2A-9C43-A054FB1B76F2}.Ad-Hoc|x86.ActiveCfg = Debug|Any CPU
		{DFE00514-2D6B-4C2A-9C43-A054FB1B76F2}.Ad-Hoc|x86.Build.0 = Debug|Any CPU
		{DFE00514-2D6B-4C2A-9C43-A054FB1B76F2}.AppStore|Any CPU.ActiveCfg = Debug|Any CPU
		{DFE00514-2D6B-4C2A-9C43-A054FB1B76F2}.AppStore|Any CPU.Build.0 = Debug|Any CPU
		{DFE00514-2D6B-4C2A-9C43-A054FB1B76F2}.AppStore|ARM.ActiveCfg = Debug|Any CPU
		{DFE00514-2D6B-4C2A-9C43-A054FB1B76F2}.AppStore|ARM.Build.0 = Debug|Any CPU
		{DFE00514-2D6B-4C2A-9C43-A054FB1B76F2}.AppStore|ARM64.ActiveCfg = Debug|Any CPU
		{DFE00514-2D6B-4C2A-9C43-A054FB1B76F2}.AppStore|ARM64.Build.0 = Debug|Any CPU
		{DFE00514-2D6B-4C2A-9C43-A054FB1B76F2}.AppStore|iPhone.ActiveCfg = Debug|Any CPU
		{DFE00514-2D6B-4C2A-9C43-A054FB1B76F2}.AppStore|iPhone.Build.0 = Debug|Any CPU
		{DFE00514-2D6B-4C2A-9C43-A054FB1B76F2}.AppStore|iPhoneSimulator.ActiveCfg = Debug|Any CPU
		{DFE00514-2D6B-4C2A-9C43-A054FB1B76F2}.AppStore|iPhoneSimulator.Build.0 = Debug|Any CPU
		{DFE00514-2D6B-4C2A-9C43-A054FB1B76F2}.AppStore|x64.ActiveCfg = Debug|Any CPU
		{DFE00514-2D6B-4C2A-9C43-A054FB1B76F2}.AppStore|x64.Build.0 = Debug|Any CPU
		{DFE00514-2D6B-4C2A-9C43-A054FB1B76F2}.AppStore|x86.ActiveCfg = Debug|Any CPU
		{DFE00514-2D6B-4C2A-9C43-A054FB1B76F2}.AppStore|x86.Build.0 = Debug|Any CPU
		{DFE00514-2D6B-4C2A-9C43-A054FB1B76F2}.Debug|Any CPU.ActiveCfg = Debug|Any CPU
		{DFE00514-2D6B-4C2A-9C43-A054FB1B76F2}.Debug|Any CPU.Build.0 = Debug|Any CPU
		{DFE00514-2D6B-4C2A-9C43-A054FB1B76F2}.Debug|ARM.ActiveCfg = Debug|Any CPU
		{DFE00514-2D6B-4C2A-9C43-A054FB1B76F2}.Debug|ARM.Build.0 = Debug|Any CPU
		{DFE00514-2D6B-4C2A-9C43-A054FB1B76F2}.Debug|ARM64.ActiveCfg = Debug|Any CPU
		{DFE00514-2D6B-4C2A-9C43-A054FB1B76F2}.Debug|ARM64.Build.0 = Debug|Any CPU
		{DFE00514-2D6B-4C2A-9C43-A054FB1B76F2}.Debug|iPhone.ActiveCfg = Debug|Any CPU
		{DFE00514-2D6B-4C2A-9C43-A054FB1B76F2}.Debug|iPhone.Build.0 = Debug|Any CPU
		{DFE00514-2D6B-4C2A-9C43-A054FB1B76F2}.Debug|iPhoneSimulator.ActiveCfg = Debug|Any CPU
		{DFE00514-2D6B-4C2A-9C43-A054FB1B76F2}.Debug|iPhoneSimulator.Build.0 = Debug|Any CPU
		{DFE00514-2D6B-4C2A-9C43-A054FB1B76F2}.Debug|x64.ActiveCfg = Debug|Any CPU
		{DFE00514-2D6B-4C2A-9C43-A054FB1B76F2}.Debug|x64.Build.0 = Debug|Any CPU
		{DFE00514-2D6B-4C2A-9C43-A054FB1B76F2}.Debug|x86.ActiveCfg = Debug|Any CPU
		{DFE00514-2D6B-4C2A-9C43-A054FB1B76F2}.Debug|x86.Build.0 = Debug|Any CPU
		{DFE00514-2D6B-4C2A-9C43-A054FB1B76F2}.Release|Any CPU.ActiveCfg = Release|Any CPU
		{DFE00514-2D6B-4C2A-9C43-A054FB1B76F2}.Release|Any CPU.Build.0 = Release|Any CPU
		{DFE00514-2D6B-4C2A-9C43-A054FB1B76F2}.Release|ARM.ActiveCfg = Release|Any CPU
		{DFE00514-2D6B-4C2A-9C43-A054FB1B76F2}.Release|ARM.Build.0 = Release|Any CPU
		{DFE00514-2D6B-4C2A-9C43-A054FB1B76F2}.Release|ARM64.ActiveCfg = Release|Any CPU
		{DFE00514-2D6B-4C2A-9C43-A054FB1B76F2}.Release|ARM64.Build.0 = Release|Any CPU
		{DFE00514-2D6B-4C2A-9C43-A054FB1B76F2}.Release|iPhone.ActiveCfg = Release|Any CPU
		{DFE00514-2D6B-4C2A-9C43-A054FB1B76F2}.Release|iPhone.Build.0 = Release|Any CPU
		{DFE00514-2D6B-4C2A-9C43-A054FB1B76F2}.Release|iPhoneSimulator.ActiveCfg = Release|Any CPU
		{DFE00514-2D6B-4C2A-9C43-A054FB1B76F2}.Release|iPhoneSimulator.Build.0 = Release|Any CPU
		{DFE00514-2D6B-4C2A-9C43-A054FB1B76F2}.Release|x64.ActiveCfg = Release|Any CPU
		{DFE00514-2D6B-4C2A-9C43-A054FB1B76F2}.Release|x64.Build.0 = Release|Any CPU
		{DFE00514-2D6B-4C2A-9C43-A054FB1B76F2}.Release|x86.ActiveCfg = Release|Any CPU
		{DFE00514-2D6B-4C2A-9C43-A054FB1B76F2}.Release|x86.Build.0 = Release|Any CPU
		{3A5116BC-E0BA-49E1-B142-68266EAF43C0}.Ad-Hoc|Any CPU.ActiveCfg = Release|iPhoneSimulator
		{3A5116BC-E0BA-49E1-B142-68266EAF43C0}.Ad-Hoc|Any CPU.Build.0 = Release|iPhoneSimulator
		{3A5116BC-E0BA-49E1-B142-68266EAF43C0}.Ad-Hoc|ARM.ActiveCfg = Release|iPhoneSimulator
		{3A5116BC-E0BA-49E1-B142-68266EAF43C0}.Ad-Hoc|ARM.Build.0 = Release|iPhoneSimulator
		{3A5116BC-E0BA-49E1-B142-68266EAF43C0}.Ad-Hoc|ARM64.ActiveCfg = Release|iPhoneSimulator
		{3A5116BC-E0BA-49E1-B142-68266EAF43C0}.Ad-Hoc|ARM64.Build.0 = Release|iPhoneSimulator
		{3A5116BC-E0BA-49E1-B142-68266EAF43C0}.Ad-Hoc|iPhone.ActiveCfg = Release|iPhoneSimulator
		{3A5116BC-E0BA-49E1-B142-68266EAF43C0}.Ad-Hoc|iPhone.Build.0 = Release|iPhoneSimulator
		{3A5116BC-E0BA-49E1-B142-68266EAF43C0}.Ad-Hoc|iPhoneSimulator.ActiveCfg = Release|iPhoneSimulator
		{3A5116BC-E0BA-49E1-B142-68266EAF43C0}.Ad-Hoc|iPhoneSimulator.Build.0 = Release|iPhoneSimulator
		{3A5116BC-E0BA-49E1-B142-68266EAF43C0}.Ad-Hoc|x64.ActiveCfg = Release|iPhoneSimulator
		{3A5116BC-E0BA-49E1-B142-68266EAF43C0}.Ad-Hoc|x64.Build.0 = Release|iPhoneSimulator
		{3A5116BC-E0BA-49E1-B142-68266EAF43C0}.Ad-Hoc|x86.ActiveCfg = Release|iPhoneSimulator
		{3A5116BC-E0BA-49E1-B142-68266EAF43C0}.Ad-Hoc|x86.Build.0 = Release|iPhoneSimulator
		{3A5116BC-E0BA-49E1-B142-68266EAF43C0}.AppStore|Any CPU.ActiveCfg = Release|iPhoneSimulator
		{3A5116BC-E0BA-49E1-B142-68266EAF43C0}.AppStore|Any CPU.Build.0 = Release|iPhoneSimulator
		{3A5116BC-E0BA-49E1-B142-68266EAF43C0}.AppStore|ARM.ActiveCfg = Release|iPhoneSimulator
		{3A5116BC-E0BA-49E1-B142-68266EAF43C0}.AppStore|ARM.Build.0 = Release|iPhoneSimulator
		{3A5116BC-E0BA-49E1-B142-68266EAF43C0}.AppStore|ARM64.ActiveCfg = Release|iPhoneSimulator
		{3A5116BC-E0BA-49E1-B142-68266EAF43C0}.AppStore|ARM64.Build.0 = Release|iPhoneSimulator
		{3A5116BC-E0BA-49E1-B142-68266EAF43C0}.AppStore|iPhone.ActiveCfg = Release|iPhoneSimulator
		{3A5116BC-E0BA-49E1-B142-68266EAF43C0}.AppStore|iPhone.Build.0 = Release|iPhoneSimulator
		{3A5116BC-E0BA-49E1-B142-68266EAF43C0}.AppStore|iPhoneSimulator.ActiveCfg = Release|iPhoneSimulator
		{3A5116BC-E0BA-49E1-B142-68266EAF43C0}.AppStore|iPhoneSimulator.Build.0 = Release|iPhoneSimulator
		{3A5116BC-E0BA-49E1-B142-68266EAF43C0}.AppStore|x64.ActiveCfg = Release|iPhoneSimulator
		{3A5116BC-E0BA-49E1-B142-68266EAF43C0}.AppStore|x64.Build.0 = Release|iPhoneSimulator
		{3A5116BC-E0BA-49E1-B142-68266EAF43C0}.AppStore|x86.ActiveCfg = Release|iPhoneSimulator
		{3A5116BC-E0BA-49E1-B142-68266EAF43C0}.AppStore|x86.Build.0 = Release|iPhoneSimulator
		{3A5116BC-E0BA-49E1-B142-68266EAF43C0}.Debug|Any CPU.ActiveCfg = Debug|iPhoneSimulator
		{3A5116BC-E0BA-49E1-B142-68266EAF43C0}.Debug|ARM.ActiveCfg = Debug|iPhoneSimulator
		{3A5116BC-E0BA-49E1-B142-68266EAF43C0}.Debug|ARM64.ActiveCfg = Debug|iPhoneSimulator
		{3A5116BC-E0BA-49E1-B142-68266EAF43C0}.Debug|iPhone.ActiveCfg = Debug|iPhoneSimulator
		{3A5116BC-E0BA-49E1-B142-68266EAF43C0}.Debug|iPhoneSimulator.ActiveCfg = Debug|iPhoneSimulator
		{3A5116BC-E0BA-49E1-B142-68266EAF43C0}.Debug|iPhoneSimulator.Build.0 = Debug|iPhoneSimulator
		{3A5116BC-E0BA-49E1-B142-68266EAF43C0}.Debug|x64.ActiveCfg = Debug|iPhoneSimulator
		{3A5116BC-E0BA-49E1-B142-68266EAF43C0}.Debug|x86.ActiveCfg = Debug|iPhoneSimulator
		{3A5116BC-E0BA-49E1-B142-68266EAF43C0}.Release|Any CPU.ActiveCfg = Release|iPhoneSimulator
		{3A5116BC-E0BA-49E1-B142-68266EAF43C0}.Release|ARM.ActiveCfg = Release|iPhoneSimulator
		{3A5116BC-E0BA-49E1-B142-68266EAF43C0}.Release|ARM64.ActiveCfg = Release|iPhoneSimulator
		{3A5116BC-E0BA-49E1-B142-68266EAF43C0}.Release|iPhone.ActiveCfg = Release|iPhoneSimulator
		{3A5116BC-E0BA-49E1-B142-68266EAF43C0}.Release|iPhoneSimulator.ActiveCfg = Release|iPhoneSimulator
		{3A5116BC-E0BA-49E1-B142-68266EAF43C0}.Release|iPhoneSimulator.Build.0 = Release|iPhoneSimulator
		{3A5116BC-E0BA-49E1-B142-68266EAF43C0}.Release|x64.ActiveCfg = Release|iPhoneSimulator
		{3A5116BC-E0BA-49E1-B142-68266EAF43C0}.Release|x86.ActiveCfg = Release|iPhoneSimulator
	EndGlobalSection
	GlobalSection(SolutionProperties) = preSolution
		HideSolutionNode = FALSE
	EndGlobalSection
	GlobalSection(ExtensibilityGlobals) = postSolution
		SolutionGuid = {23F4C892-F1CE-44BE-824A-716C0105858E}
	EndGlobalSection
EndGlobal
