
Microsoft Visual Studio Solution File, Format Version 12.00
# Visual Studio Version 16
VisualStudioVersion = 16.0.30204.135
MinimumVisualStudioVersion = 10.0.40219.1
Project("{D954291E-2A0B-460D-934E-DC6B0785DB48}") = "UnoDice.Shared", "UnoDice\UnoDice.Shared\UnoDice.Shared.shproj", "{6279C845-92F8-4333-AB99-3D213163593C}"
EndProject
Project("{FAE04EC0-301F-11D3-BF4B-00C04F79EFBC}") = "UnoDice.Droid", "UnoDice\UnoDice.Droid\UnoDice.Droid.csproj", "{3582758F-A968-4065-9DC7-9BF9621265ED}"
EndProject
Project("{FAE04EC0-301F-11D3-BF4B-00C04F79EFBC}") = "UnoDice.iOS", "UnoDice\UnoDice.iOS\UnoDice.iOS.csproj", "{665759C0-7776-45C6-968E-6CC52CA87A2E}"
EndProject
Project("{FAE04EC0-301F-11D3-BF4B-00C04F79EFBC}") = "UnoDice.UWP", "UnoDice\UnoDice.UWP\UnoDice.UWP.csproj", "{331C7A0F-0330-4AD5-BC32-C1B4C5AAF4FE}"
EndProject
Project("{FAE04EC0-301F-11D3-BF4B-00C04F79EFBC}") = "UnoDice.Wasm", "UnoDice\UnoDice.Wasm\UnoDice.Wasm.csproj", "{2E84F5E4-1451-4D10-8176-406A8C734CCD}"
EndProject
Project("{FAE04EC0-301F-11D3-BF4B-00C04F79EFBC}") = "UnoDice.macOS", "UnoDice\UnoDice.macOS\UnoDice.macOS.csproj", "{B9AEEB4A-216A-4B56-A94E-99C9F4DF180A}"
EndProject
Global
	GlobalSection(SharedMSBuildProjectFiles) = preSolution
		UnoDice\UnoDice.Shared\UnoDice.Shared.projitems*{2e84f5e4-1451-4d10-8176-406a8c734ccd}*SharedItemsImports = 5
		UnoDice\UnoDice.Shared\UnoDice.Shared.projitems*{331c7a0f-0330-4ad5-bc32-c1b4c5aaf4fe}*SharedItemsImports = 4
		UnoDice\UnoDice.Shared\UnoDice.Shared.projitems*{3582758f-a968-4065-9dc7-9bf9621265ed}*SharedItemsImports = 4
		UnoDice\UnoDice.Shared\UnoDice.Shared.projitems*{6279c845-92f8-4333-ab99-3d213163593c}*SharedItemsImports = 13
		UnoDice\UnoDice.Shared\UnoDice.Shared.projitems*{665759c0-7776-45c6-968e-6cc52ca87a2e}*SharedItemsImports = 4
		UnoDice\UnoDice.Shared\UnoDice.Shared.projitems*{b9aeeb4a-216a-4b56-a94e-99c9f4df180a}*SharedItemsImports = 4
	EndGlobalSection
	GlobalSection(SolutionConfigurationPlatforms) = preSolution
		Ad-Hoc|Any CPU = Ad-Hoc|Any CPU
		Ad-Hoc|ARM = Ad-Hoc|ARM
		Ad-Hoc|ARM64 = Ad-Hoc|ARM64
		Ad-Hoc|iPhone = Ad-Hoc|iPhone
		Ad-Hoc|iPhoneSimulator = Ad-Hoc|iPhoneSimulator
		Ad-Hoc|x64 = Ad-Hoc|x64
		Ad-Hoc|x86 = Ad-Hoc|x86
		AppStore|Any CPU = AppStore|Any CPU
		AppStore|ARM = AppStore|ARM
		AppStore|ARM64 = AppStore|ARM64
		AppStore|iPhone = AppStore|iPhone
		AppStore|iPhoneSimulator = AppStore|iPhoneSimulator
		AppStore|x64 = AppStore|x64
		AppStore|x86 = AppStore|x86
		Debug|Any CPU = Debug|Any CPU
		Debug|ARM = Debug|ARM
		Debug|ARM64 = Debug|ARM64
		Debug|iPhone = Debug|iPhone
		Debug|iPhoneSimulator = Debug|iPhoneSimulator
		Debug|x64 = Debug|x64
		Debug|x86 = Debug|x86
		Release|Any CPU = Release|Any CPU
		Release|ARM = Release|ARM
		Release|ARM64 = Release|ARM64
		Release|iPhone = Release|iPhone
		Release|iPhoneSimulator = Release|iPhoneSimulator
		Release|x64 = Release|x64
		Release|x86 = Release|x86
	EndGlobalSection
	GlobalSection(ProjectConfigurationPlatforms) = postSolution
		{3582758F-A968-4065-9DC7-9BF9621265ED}.Ad-Hoc|Any CPU.ActiveCfg = Release|Any CPU
		{3582758F-A968-4065-9DC7-9BF9621265ED}.Ad-Hoc|Any CPU.Build.0 = Release|Any CPU
		{3582758F-A968-4065-9DC7-9BF9621265ED}.Ad-Hoc|Any CPU.Deploy.0 = Release|Any CPU
		{3582758F-A968-4065-9DC7-9BF9621265ED}.Ad-Hoc|ARM.ActiveCfg = Release|Any CPU
		{3582758F-A968-4065-9DC7-9BF9621265ED}.Ad-Hoc|ARM.Build.0 = Release|Any CPU
		{3582758F-A968-4065-9DC7-9BF9621265ED}.Ad-Hoc|ARM.Deploy.0 = Release|Any CPU
		{3582758F-A968-4065-9DC7-9BF9621265ED}.Ad-Hoc|ARM64.ActiveCfg = Release|Any CPU
		{3582758F-A968-4065-9DC7-9BF9621265ED}.Ad-Hoc|ARM64.Build.0 = Release|Any CPU
		{3582758F-A968-4065-9DC7-9BF9621265ED}.Ad-Hoc|ARM64.Deploy.0 = Release|Any CPU
		{3582758F-A968-4065-9DC7-9BF9621265ED}.Ad-Hoc|iPhone.ActiveCfg = Release|Any CPU
		{3582758F-A968-4065-9DC7-9BF9621265ED}.Ad-Hoc|iPhone.Build.0 = Release|Any CPU
		{3582758F-A968-4065-9DC7-9BF9621265ED}.Ad-Hoc|iPhone.Deploy.0 = Release|Any CPU
		{3582758F-A968-4065-9DC7-9BF9621265ED}.Ad-Hoc|iPhoneSimulator.ActiveCfg = Release|Any CPU
		{3582758F-A968-4065-9DC7-9BF9621265ED}.Ad-Hoc|iPhoneSimulator.Build.0 = Release|Any CPU
		{3582758F-A968-4065-9DC7-9BF9621265ED}.Ad-Hoc|iPhoneSimulator.Deploy.0 = Release|Any CPU
		{3582758F-A968-4065-9DC7-9BF9621265ED}.Ad-Hoc|x64.ActiveCfg = Release|Any CPU
		{3582758F-A968-4065-9DC7-9BF9621265ED}.Ad-Hoc|x64.Build.0 = Release|Any CPU
		{3582758F-A968-4065-9DC7-9BF9621265ED}.Ad-Hoc|x64.Deploy.0 = Release|Any CPU
		{3582758F-A968-4065-9DC7-9BF9621265ED}.Ad-Hoc|x86.ActiveCfg = Release|Any CPU
		{3582758F-A968-4065-9DC7-9BF9621265ED}.Ad-Hoc|x86.Build.0 = Release|Any CPU
		{3582758F-A968-4065-9DC7-9BF9621265ED}.Ad-Hoc|x86.Deploy.0 = Release|Any CPU
		{3582758F-A968-4065-9DC7-9BF9621265ED}.AppStore|Any CPU.ActiveCfg = Release|Any CPU
		{3582758F-A968-4065-9DC7-9BF9621265ED}.AppStore|Any CPU.Build.0 = Release|Any CPU
		{3582758F-A968-4065-9DC7-9BF9621265ED}.AppStore|Any CPU.Deploy.0 = Release|Any CPU
		{3582758F-A968-4065-9DC7-9BF9621265ED}.AppStore|ARM.ActiveCfg = Release|Any CPU
		{3582758F-A968-4065-9DC7-9BF9621265ED}.AppStore|ARM.Build.0 = Release|Any CPU
		{3582758F-A968-4065-9DC7-9BF9621265ED}.AppStore|ARM.Deploy.0 = Release|Any CPU
		{3582758F-A968-4065-9DC7-9BF9621265ED}.AppStore|ARM64.ActiveCfg = Release|Any CPU
		{3582758F-A968-4065-9DC7-9BF9621265ED}.AppStore|ARM64.Build.0 = Release|Any CPU
		{3582758F-A968-4065-9DC7-9BF9621265ED}.AppStore|ARM64.Deploy.0 = Release|Any CPU
		{3582758F-A968-4065-9DC7-9BF9621265ED}.AppStore|iPhone.ActiveCfg = Release|Any CPU
		{3582758F-A968-4065-9DC7-9BF9621265ED}.AppStore|iPhone.Build.0 = Release|Any CPU
		{3582758F-A968-4065-9DC7-9BF9621265ED}.AppStore|iPhone.Deploy.0 = Release|Any CPU
		{3582758F-A968-4065-9DC7-9BF9621265ED}.AppStore|iPhoneSimulator.ActiveCfg = Release|Any CPU
		{3582758F-A968-4065-9DC7-9BF9621265ED}.AppStore|iPhoneSimulator.Build.0 = Release|Any CPU
		{3582758F-A968-4065-9DC7-9BF9621265ED}.AppStore|iPhoneSimulator.Deploy.0 = Release|Any CPU
		{3582758F-A968-4065-9DC7-9BF9621265ED}.AppStore|x64.ActiveCfg = Release|Any CPU
		{3582758F-A968-4065-9DC7-9BF9621265ED}.AppStore|x64.Build.0 = Release|Any CPU
		{3582758F-A968-4065-9DC7-9BF9621265ED}.AppStore|x64.Deploy.0 = Release|Any CPU
		{3582758F-A968-4065-9DC7-9BF9621265ED}.AppStore|x86.ActiveCfg = Release|Any CPU
		{3582758F-A968-4065-9DC7-9BF9621265ED}.AppStore|x86.Build.0 = Release|Any CPU
		{3582758F-A968-4065-9DC7-9BF9621265ED}.AppStore|x86.Deploy.0 = Release|Any CPU
		{3582758F-A968-4065-9DC7-9BF9621265ED}.Debug|Any CPU.ActiveCfg = Debug|Any CPU
		{3582758F-A968-4065-9DC7-9BF9621265ED}.Debug|Any CPU.Build.0 = Debug|Any CPU
		{3582758F-A968-4065-9DC7-9BF9621265ED}.Debug|Any CPU.Deploy.0 = Debug|Any CPU
		{3582758F-A968-4065-9DC7-9BF9621265ED}.Debug|ARM.ActiveCfg = Debug|Any CPU
		{3582758F-A968-4065-9DC7-9BF9621265ED}.Debug|ARM.Build.0 = Debug|Any CPU
		{3582758F-A968-4065-9DC7-9BF9621265ED}.Debug|ARM.Deploy.0 = Debug|Any CPU
		{3582758F-A968-4065-9DC7-9BF9621265ED}.Debug|ARM64.ActiveCfg = Debug|Any CPU
		{3582758F-A968-4065-9DC7-9BF9621265ED}.Debug|ARM64.Build.0 = Debug|Any CPU
		{3582758F-A968-4065-9DC7-9BF9621265ED}.Debug|ARM64.Deploy.0 = Debug|Any CPU
		{3582758F-A968-4065-9DC7-9BF9621265ED}.Debug|iPhone.ActiveCfg = Debug|Any CPU
		{3582758F-A968-4065-9DC7-9BF9621265ED}.Debug|iPhone.Build.0 = Debug|Any CPU
		{3582758F-A968-4065-9DC7-9BF9621265ED}.Debug|iPhone.Deploy.0 = Debug|Any CPU
		{3582758F-A968-4065-9DC7-9BF9621265ED}.Debug|iPhoneSimulator.ActiveCfg = Debug|Any CPU
		{3582758F-A968-4065-9DC7-9BF9621265ED}.Debug|iPhoneSimulator.Build.0 = Debug|Any CPU
		{3582758F-A968-4065-9DC7-9BF9621265ED}.Debug|iPhoneSimulator.Deploy.0 = Debug|Any CPU
		{3582758F-A968-4065-9DC7-9BF9621265ED}.Debug|x64.ActiveCfg = Debug|Any CPU
		{3582758F-A968-4065-9DC7-9BF9621265ED}.Debug|x64.Build.0 = Debug|Any CPU
		{3582758F-A968-4065-9DC7-9BF9621265ED}.Debug|x64.Deploy.0 = Debug|Any CPU
		{3582758F-A968-4065-9DC7-9BF9621265ED}.Debug|x86.ActiveCfg = Debug|Any CPU
		{3582758F-A968-4065-9DC7-9BF9621265ED}.Debug|x86.Build.0 = Debug|Any CPU
		{3582758F-A968-4065-9DC7-9BF9621265ED}.Debug|x86.Deploy.0 = Debug|Any CPU
		{3582758F-A968-4065-9DC7-9BF9621265ED}.Release|Any CPU.ActiveCfg = Release|Any CPU
		{3582758F-A968-4065-9DC7-9BF9621265ED}.Release|Any CPU.Build.0 = Release|Any CPU
		{3582758F-A968-4065-9DC7-9BF9621265ED}.Release|Any CPU.Deploy.0 = Release|Any CPU
		{3582758F-A968-4065-9DC7-9BF9621265ED}.Release|ARM.ActiveCfg = Release|Any CPU
		{3582758F-A968-4065-9DC7-9BF9621265ED}.Release|ARM.Build.0 = Release|Any CPU
		{3582758F-A968-4065-9DC7-9BF9621265ED}.Release|ARM.Deploy.0 = Release|Any CPU
		{3582758F-A968-4065-9DC7-9BF9621265ED}.Release|ARM64.ActiveCfg = Release|Any CPU
		{3582758F-A968-4065-9DC7-9BF9621265ED}.Release|ARM64.Build.0 = Release|Any CPU
		{3582758F-A968-4065-9DC7-9BF9621265ED}.Release|ARM64.Deploy.0 = Release|Any CPU
		{3582758F-A968-4065-9DC7-9BF9621265ED}.Release|iPhone.ActiveCfg = Release|Any CPU
		{3582758F-A968-4065-9DC7-9BF9621265ED}.Release|iPhone.Build.0 = Release|Any CPU
		{3582758F-A968-4065-9DC7-9BF9621265ED}.Release|iPhone.Deploy.0 = Release|Any CPU
		{3582758F-A968-4065-9DC7-9BF9621265ED}.Release|iPhoneSimulator.ActiveCfg = Release|Any CPU
		{3582758F-A968-4065-9DC7-9BF9621265ED}.Release|iPhoneSimulator.Build.0 = Release|Any CPU
		{3582758F-A968-4065-9DC7-9BF9621265ED}.Release|iPhoneSimulator.Deploy.0 = Release|Any CPU
		{3582758F-A968-4065-9DC7-9BF9621265ED}.Release|x64.ActiveCfg = Release|Any CPU
		{3582758F-A968-4065-9DC7-9BF9621265ED}.Release|x64.Build.0 = Release|Any CPU
		{3582758F-A968-4065-9DC7-9BF9621265ED}.Release|x64.Deploy.0 = Release|Any CPU
		{3582758F-A968-4065-9DC7-9BF9621265ED}.Release|x86.ActiveCfg = Release|Any CPU
		{3582758F-A968-4065-9DC7-9BF9621265ED}.Release|x86.Build.0 = Release|Any CPU
		{3582758F-A968-4065-9DC7-9BF9621265ED}.Release|x86.Deploy.0 = Release|Any CPU
		{665759C0-7776-45C6-968E-6CC52CA87A2E}.Ad-Hoc|Any CPU.ActiveCfg = Ad-Hoc|iPhone
		{665759C0-7776-45C6-968E-6CC52CA87A2E}.Ad-Hoc|ARM.ActiveCfg = Ad-Hoc|iPhone
		{665759C0-7776-45C6-968E-6CC52CA87A2E}.Ad-Hoc|ARM64.ActiveCfg = Ad-Hoc|iPhone
		{665759C0-7776-45C6-968E-6CC52CA87A2E}.Ad-Hoc|iPhone.ActiveCfg = Ad-Hoc|iPhone
		{665759C0-7776-45C6-968E-6CC52CA87A2E}.Ad-Hoc|iPhone.Build.0 = Ad-Hoc|iPhone
		{665759C0-7776-45C6-968E-6CC52CA87A2E}.Ad-Hoc|iPhoneSimulator.ActiveCfg = Ad-Hoc|iPhoneSimulator
		{665759C0-7776-45C6-968E-6CC52CA87A2E}.Ad-Hoc|iPhoneSimulator.Build.0 = Ad-Hoc|iPhoneSimulator
		{665759C0-7776-45C6-968E-6CC52CA87A2E}.Ad-Hoc|x64.ActiveCfg = Ad-Hoc|iPhone
		{665759C0-7776-45C6-968E-6CC52CA87A2E}.Ad-Hoc|x86.ActiveCfg = Ad-Hoc|iPhone
		{665759C0-7776-45C6-968E-6CC52CA87A2E}.AppStore|Any CPU.ActiveCfg = AppStore|iPhone
		{665759C0-7776-45C6-968E-6CC52CA87A2E}.AppStore|ARM.ActiveCfg = AppStore|iPhone
		{665759C0-7776-45C6-968E-6CC52CA87A2E}.AppStore|ARM64.ActiveCfg = AppStore|iPhone
		{665759C0-7776-45C6-968E-6CC52CA87A2E}.AppStore|iPhone.ActiveCfg = AppStore|iPhone
		{665759C0-7776-45C6-968E-6CC52CA87A2E}.AppStore|iPhone.Build.0 = AppStore|iPhone
		{665759C0-7776-45C6-968E-6CC52CA87A2E}.AppStore|iPhoneSimulator.ActiveCfg = AppStore|iPhoneSimulator
		{665759C0-7776-45C6-968E-6CC52CA87A2E}.AppStore|iPhoneSimulator.Build.0 = AppStore|iPhoneSimulator
		{665759C0-7776-45C6-968E-6CC52CA87A2E}.AppStore|x64.ActiveCfg = AppStore|iPhone
		{665759C0-7776-45C6-968E-6CC52CA87A2E}.AppStore|x86.ActiveCfg = AppStore|iPhone
		{665759C0-7776-45C6-968E-6CC52CA87A2E}.Debug|Any CPU.ActiveCfg = Debug|iPhone
		{665759C0-7776-45C6-968E-6CC52CA87A2E}.Debug|ARM.ActiveCfg = Debug|iPhone
		{665759C0-7776-45C6-968E-6CC52CA87A2E}.Debug|ARM64.ActiveCfg = Debug|iPhone
		{665759C0-7776-45C6-968E-6CC52CA87A2E}.Debug|iPhone.ActiveCfg = Debug|iPhone
		{665759C0-7776-45C6-968E-6CC52CA87A2E}.Debug|iPhone.Build.0 = Debug|iPhone
		{665759C0-7776-45C6-968E-6CC52CA87A2E}.Debug|iPhoneSimulator.ActiveCfg = Debug|iPhoneSimulator
		{665759C0-7776-45C6-968E-6CC52CA87A2E}.Debug|iPhoneSimulator.Build.0 = Debug|iPhoneSimulator
		{665759C0-7776-45C6-968E-6CC52CA87A2E}.Debug|x64.ActiveCfg = Debug|iPhone
		{665759C0-7776-45C6-968E-6CC52CA87A2E}.Debug|x86.ActiveCfg = Debug|iPhone
		{665759C0-7776-45C6-968E-6CC52CA87A2E}.Release|Any CPU.ActiveCfg = Release|iPhone
		{665759C0-7776-45C6-968E-6CC52CA87A2E}.Release|ARM.ActiveCfg = Release|iPhone
		{665759C0-7776-45C6-968E-6CC52CA87A2E}.Release|ARM64.ActiveCfg = Release|iPhone
		{665759C0-7776-45C6-968E-6CC52CA87A2E}.Release|iPhone.ActiveCfg = Release|iPhone
		{665759C0-7776-45C6-968E-6CC52CA87A2E}.Release|iPhone.Build.0 = Release|iPhone
		{665759C0-7776-45C6-968E-6CC52CA87A2E}.Release|iPhoneSimulator.ActiveCfg = Release|iPhoneSimulator
		{665759C0-7776-45C6-968E-6CC52CA87A2E}.Release|iPhoneSimulator.Build.0 = Release|iPhoneSimulator
		{665759C0-7776-45C6-968E-6CC52CA87A2E}.Release|x64.ActiveCfg = Release|iPhone
		{665759C0-7776-45C6-968E-6CC52CA87A2E}.Release|x86.ActiveCfg = Release|iPhone
		{331C7A0F-0330-4AD5-BC32-C1B4C5AAF4FE}.Ad-Hoc|Any CPU.ActiveCfg = Release|x64
		{331C7A0F-0330-4AD5-BC32-C1B4C5AAF4FE}.Ad-Hoc|Any CPU.Build.0 = Release|x64
		{331C7A0F-0330-4AD5-BC32-C1B4C5AAF4FE}.Ad-Hoc|Any CPU.Deploy.0 = Release|x64
		{331C7A0F-0330-4AD5-BC32-C1B4C5AAF4FE}.Ad-Hoc|ARM.ActiveCfg = Release|ARM
		{331C7A0F-0330-4AD5-BC32-C1B4C5AAF4FE}.Ad-Hoc|ARM.Build.0 = Release|ARM
		{331C7A0F-0330-4AD5-BC32-C1B4C5AAF4FE}.Ad-Hoc|ARM.Deploy.0 = Release|ARM
		{331C7A0F-0330-4AD5-BC32-C1B4C5AAF4FE}.Ad-Hoc|ARM64.ActiveCfg = Release|ARM64
		{331C7A0F-0330-4AD5-BC32-C1B4C5AAF4FE}.Ad-Hoc|ARM64.Build.0 = Release|ARM64
		{331C7A0F-0330-4AD5-BC32-C1B4C5AAF4FE}.Ad-Hoc|ARM64.Deploy.0 = Release|ARM64
		{331C7A0F-0330-4AD5-BC32-C1B4C5AAF4FE}.Ad-Hoc|iPhone.ActiveCfg = Release|x64
		{331C7A0F-0330-4AD5-BC32-C1B4C5AAF4FE}.Ad-Hoc|iPhone.Build.0 = Release|x64
		{331C7A0F-0330-4AD5-BC32-C1B4C5AAF4FE}.Ad-Hoc|iPhone.Deploy.0 = Release|x64
		{331C7A0F-0330-4AD5-BC32-C1B4C5AAF4FE}.Ad-Hoc|iPhoneSimulator.ActiveCfg = Release|x64
		{331C7A0F-0330-4AD5-BC32-C1B4C5AAF4FE}.Ad-Hoc|iPhoneSimulator.Build.0 = Release|x64
		{331C7A0F-0330-4AD5-BC32-C1B4C5AAF4FE}.Ad-Hoc|iPhoneSimulator.Deploy.0 = Release|x64
		{331C7A0F-0330-4AD5-BC32-C1B4C5AAF4FE}.Ad-Hoc|x64.ActiveCfg = Release|x64
		{331C7A0F-0330-4AD5-BC32-C1B4C5AAF4FE}.Ad-Hoc|x64.Build.0 = Release|x64
		{331C7A0F-0330-4AD5-BC32-C1B4C5AAF4FE}.Ad-Hoc|x64.Deploy.0 = Release|x64
		{331C7A0F-0330-4AD5-BC32-C1B4C5AAF4FE}.Ad-Hoc|x86.ActiveCfg = Release|x86
		{331C7A0F-0330-4AD5-BC32-C1B4C5AAF4FE}.Ad-Hoc|x86.Build.0 = Release|x86
		{331C7A0F-0330-4AD5-BC32-C1B4C5AAF4FE}.Ad-Hoc|x86.Deploy.0 = Release|x86
		{331C7A0F-0330-4AD5-BC32-C1B4C5AAF4FE}.AppStore|Any CPU.ActiveCfg = Release|x64
		{331C7A0F-0330-4AD5-BC32-C1B4C5AAF4FE}.AppStore|Any CPU.Build.0 = Release|x64
		{331C7A0F-0330-4AD5-BC32-C1B4C5AAF4FE}.AppStore|Any CPU.Deploy.0 = Release|x64
		{331C7A0F-0330-4AD5-BC32-C1B4C5AAF4FE}.AppStore|ARM.ActiveCfg = Release|ARM
		{331C7A0F-0330-4AD5-BC32-C1B4C5AAF4FE}.AppStore|ARM.Build.0 = Release|ARM
		{331C7A0F-0330-4AD5-BC32-C1B4C5AAF4FE}.AppStore|ARM.Deploy.0 = Release|ARM
		{331C7A0F-0330-4AD5-BC32-C1B4C5AAF4FE}.AppStore|ARM64.ActiveCfg = Release|ARM64
		{331C7A0F-0330-4AD5-BC32-C1B4C5AAF4FE}.AppStore|ARM64.Build.0 = Release|ARM64
		{331C7A0F-0330-4AD5-BC32-C1B4C5AAF4FE}.AppStore|ARM64.Deploy.0 = Release|ARM64
		{331C7A0F-0330-4AD5-BC32-C1B4C5AAF4FE}.AppStore|iPhone.ActiveCfg = Release|x64
		{331C7A0F-0330-4AD5-BC32-C1B4C5AAF4FE}.AppStore|iPhone.Build.0 = Release|x64
		{331C7A0F-0330-4AD5-BC32-C1B4C5AAF4FE}.AppStore|iPhone.Deploy.0 = Release|x64
		{331C7A0F-0330-4AD5-BC32-C1B4C5AAF4FE}.AppStore|iPhoneSimulator.ActiveCfg = Release|x64
		{331C7A0F-0330-4AD5-BC32-C1B4C5AAF4FE}.AppStore|iPhoneSimulator.Build.0 = Release|x64
		{331C7A0F-0330-4AD5-BC32-C1B4C5AAF4FE}.AppStore|iPhoneSimulator.Deploy.0 = Release|x64
		{331C7A0F-0330-4AD5-BC32-C1B4C5AAF4FE}.AppStore|x64.ActiveCfg = Release|x64
		{331C7A0F-0330-4AD5-BC32-C1B4C5AAF4FE}.AppStore|x64.Build.0 = Release|x64
		{331C7A0F-0330-4AD5-BC32-C1B4C5AAF4FE}.AppStore|x64.Deploy.0 = Release|x64
		{331C7A0F-0330-4AD5-BC32-C1B4C5AAF4FE}.AppStore|x86.ActiveCfg = Release|x86
		{331C7A0F-0330-4AD5-BC32-C1B4C5AAF4FE}.AppStore|x86.Build.0 = Release|x86
		{331C7A0F-0330-4AD5-BC32-C1B4C5AAF4FE}.AppStore|x86.Deploy.0 = Release|x86
		{331C7A0F-0330-4AD5-BC32-C1B4C5AAF4FE}.Debug|Any CPU.ActiveCfg = Debug|x86
		{331C7A0F-0330-4AD5-BC32-C1B4C5AAF4FE}.Debug|ARM.ActiveCfg = Debug|ARM
		{331C7A0F-0330-4AD5-BC32-C1B4C5AAF4FE}.Debug|ARM.Build.0 = Debug|ARM
		{331C7A0F-0330-4AD5-BC32-C1B4C5AAF4FE}.Debug|ARM.Deploy.0 = Debug|ARM
		{331C7A0F-0330-4AD5-BC32-C1B4C5AAF4FE}.Debug|ARM64.ActiveCfg = Debug|ARM64
		{331C7A0F-0330-4AD5-BC32-C1B4C5AAF4FE}.Debug|ARM64.Build.0 = Debug|ARM64
		{331C7A0F-0330-4AD5-BC32-C1B4C5AAF4FE}.Debug|ARM64.Deploy.0 = Debug|ARM64
		{331C7A0F-0330-4AD5-BC32-C1B4C5AAF4FE}.Debug|iPhone.ActiveCfg = Debug|x86
		{331C7A0F-0330-4AD5-BC32-C1B4C5AAF4FE}.Debug|iPhoneSimulator.ActiveCfg = Debug|x86
		{331C7A0F-0330-4AD5-BC32-C1B4C5AAF4FE}.Debug|x64.ActiveCfg = Debug|x64
		{331C7A0F-0330-4AD5-BC32-C1B4C5AAF4FE}.Debug|x64.Build.0 = Debug|x64
		{331C7A0F-0330-4AD5-BC32-C1B4C5AAF4FE}.Debug|x64.Deploy.0 = Debug|x64
		{331C7A0F-0330-4AD5-BC32-C1B4C5AAF4FE}.Debug|x86.ActiveCfg = Debug|x86
		{331C7A0F-0330-4AD5-BC32-C1B4C5AAF4FE}.Debug|x86.Build.0 = Debug|x86
		{331C7A0F-0330-4AD5-BC32-C1B4C5AAF4FE}.Debug|x86.Deploy.0 = Debug|x86
		{331C7A0F-0330-4AD5-BC32-C1B4C5AAF4FE}.Release|Any CPU.ActiveCfg = Release|x86
		{331C7A0F-0330-4AD5-BC32-C1B4C5AAF4FE}.Release|ARM.ActiveCfg = Release|ARM
		{331C7A0F-0330-4AD5-BC32-C1B4C5AAF4FE}.Release|ARM.Build.0 = Release|ARM
		{331C7A0F-0330-4AD5-BC32-C1B4C5AAF4FE}.Release|ARM.Deploy.0 = Release|ARM
		{331C7A0F-0330-4AD5-BC32-C1B4C5AAF4FE}.Release|ARM64.ActiveCfg = Release|ARM64
		{331C7A0F-0330-4AD5-BC32-C1B4C5AAF4FE}.Release|ARM64.Build.0 = Release|ARM64
		{331C7A0F-0330-4AD5-BC32-C1B4C5AAF4FE}.Release|ARM64.Deploy.0 = Release|ARM64
		{331C7A0F-0330-4AD5-BC32-C1B4C5AAF4FE}.Release|iPhone.ActiveCfg = Release|x86
		{331C7A0F-0330-4AD5-BC32-C1B4C5AAF4FE}.Release|iPhoneSimulator.ActiveCfg = Release|x86
		{331C7A0F-0330-4AD5-BC32-C1B4C5AAF4FE}.Release|x64.ActiveCfg = Release|x64
		{331C7A0F-0330-4AD5-BC32-C1B4C5AAF4FE}.Release|x64.Build.0 = Release|x64
		{331C7A0F-0330-4AD5-BC32-C1B4C5AAF4FE}.Release|x64.Deploy.0 = Release|x64
		{331C7A0F-0330-4AD5-BC32-C1B4C5AAF4FE}.Release|x86.ActiveCfg = Release|x86
		{331C7A0F-0330-4AD5-BC32-C1B4C5AAF4FE}.Release|x86.Build.0 = Release|x86
		{331C7A0F-0330-4AD5-BC32-C1B4C5AAF4FE}.Release|x86.Deploy.0 = Release|x86
		{2E84F5E4-1451-4D10-8176-406A8C734CCD}.Ad-Hoc|Any CPU.ActiveCfg = Debug|Any CPU
		{2E84F5E4-1451-4D10-8176-406A8C734CCD}.Ad-Hoc|Any CPU.Build.0 = Debug|Any CPU
		{2E84F5E4-1451-4D10-8176-406A8C734CCD}.Ad-Hoc|ARM.ActiveCfg = Debug|Any CPU
		{2E84F5E4-1451-4D10-8176-406A8C734CCD}.Ad-Hoc|ARM.Build.0 = Debug|Any CPU
		{2E84F5E4-1451-4D10-8176-406A8C734CCD}.Ad-Hoc|ARM64.ActiveCfg = Debug|Any CPU
		{2E84F5E4-1451-4D10-8176-406A8C734CCD}.Ad-Hoc|ARM64.Build.0 = Debug|Any CPU
		{2E84F5E4-1451-4D10-8176-406A8C734CCD}.Ad-Hoc|iPhone.ActiveCfg = Debug|Any CPU
		{2E84F5E4-1451-4D10-8176-406A8C734CCD}.Ad-Hoc|iPhone.Build.0 = Debug|Any CPU
		{2E84F5E4-1451-4D10-8176-406A8C734CCD}.Ad-Hoc|iPhoneSimulator.ActiveCfg = Debug|Any CPU
		{2E84F5E4-1451-4D10-8176-406A8C734CCD}.Ad-Hoc|iPhoneSimulator.Build.0 = Debug|Any CPU
		{2E84F5E4-1451-4D10-8176-406A8C734CCD}.Ad-Hoc|x64.ActiveCfg = Debug|Any CPU
		{2E84F5E4-1451-4D10-8176-406A8C734CCD}.Ad-Hoc|x64.Build.0 = Debug|Any CPU
		{2E84F5E4-1451-4D10-8176-406A8C734CCD}.Ad-Hoc|x86.ActiveCfg = Debug|Any CPU
		{2E84F5E4-1451-4D10-8176-406A8C734CCD}.Ad-Hoc|x86.Build.0 = Debug|Any CPU
		{2E84F5E4-1451-4D10-8176-406A8C734CCD}.AppStore|Any CPU.ActiveCfg = Debug|Any CPU
		{2E84F5E4-1451-4D10-8176-406A8C734CCD}.AppStore|Any CPU.Build.0 = Debug|Any CPU
		{2E84F5E4-1451-4D10-8176-406A8C734CCD}.AppStore|ARM.ActiveCfg = Debug|Any CPU
		{2E84F5E4-1451-4D10-8176-406A8C734CCD}.AppStore|ARM.Build.0 = Debug|Any CPU
		{2E84F5E4-1451-4D10-8176-406A8C734CCD}.AppStore|ARM64.ActiveCfg = Debug|Any CPU
		{2E84F5E4-1451-4D10-8176-406A8C734CCD}.AppStore|ARM64.Build.0 = Debug|Any CPU
		{2E84F5E4-1451-4D10-8176-406A8C734CCD}.AppStore|iPhone.ActiveCfg = Debug|Any CPU
		{2E84F5E4-1451-4D10-8176-406A8C734CCD}.AppStore|iPhone.Build.0 = Debug|Any CPU
		{2E84F5E4-1451-4D10-8176-406A8C734CCD}.AppStore|iPhoneSimulator.ActiveCfg = Debug|Any CPU
		{2E84F5E4-1451-4D10-8176-406A8C734CCD}.AppStore|iPhoneSimulator.Build.0 = Debug|Any CPU
		{2E84F5E4-1451-4D10-8176-406A8C734CCD}.AppStore|x64.ActiveCfg = Debug|Any CPU
		{2E84F5E4-1451-4D10-8176-406A8C734CCD}.AppStore|x64.Build.0 = Debug|Any CPU
		{2E84F5E4-1451-4D10-8176-406A8C734CCD}.AppStore|x86.ActiveCfg = Debug|Any CPU
		{2E84F5E4-1451-4D10-8176-406A8C734CCD}.AppStore|x86.Build.0 = Debug|Any CPU
		{2E84F5E4-1451-4D10-8176-406A8C734CCD}.Debug|Any CPU.ActiveCfg = Debug|Any CPU
		{2E84F5E4-1451-4D10-8176-406A8C734CCD}.Debug|Any CPU.Build.0 = Debug|Any CPU
		{2E84F5E4-1451-4D10-8176-406A8C734CCD}.Debug|ARM.ActiveCfg = Debug|Any CPU
		{2E84F5E4-1451-4D10-8176-406A8C734CCD}.Debug|ARM.Build.0 = Debug|Any CPU
		{2E84F5E4-1451-4D10-8176-406A8C734CCD}.Debug|ARM64.ActiveCfg = Debug|Any CPU
		{2E84F5E4-1451-4D10-8176-406A8C734CCD}.Debug|ARM64.Build.0 = Debug|Any CPU
		{2E84F5E4-1451-4D10-8176-406A8C734CCD}.Debug|iPhone.ActiveCfg = Debug|Any CPU
		{2E84F5E4-1451-4D10-8176-406A8C734CCD}.Debug|iPhone.Build.0 = Debug|Any CPU
		{2E84F5E4-1451-4D10-8176-406A8C734CCD}.Debug|iPhoneSimulator.ActiveCfg = Debug|Any CPU
		{2E84F5E4-1451-4D10-8176-406A8C734CCD}.Debug|iPhoneSimulator.Build.0 = Debug|Any CPU
		{2E84F5E4-1451-4D10-8176-406A8C734CCD}.Debug|x64.ActiveCfg = Debug|Any CPU
		{2E84F5E4-1451-4D10-8176-406A8C734CCD}.Debug|x64.Build.0 = Debug|Any CPU
		{2E84F5E4-1451-4D10-8176-406A8C734CCD}.Debug|x86.ActiveCfg = Debug|Any CPU
		{2E84F5E4-1451-4D10-8176-406A8C734CCD}.Debug|x86.Build.0 = Debug|Any CPU
		{2E84F5E4-1451-4D10-8176-406A8C734CCD}.Release|Any CPU.ActiveCfg = Release|Any CPU
		{2E84F5E4-1451-4D10-8176-406A8C734CCD}.Release|Any CPU.Build.0 = Release|Any CPU
		{2E84F5E4-1451-4D10-8176-406A8C734CCD}.Release|ARM.ActiveCfg = Release|Any CPU
		{2E84F5E4-1451-4D10-8176-406A8C734CCD}.Release|ARM.Build.0 = Release|Any CPU
		{2E84F5E4-1451-4D10-8176-406A8C734CCD}.Release|ARM64.ActiveCfg = Release|Any CPU
		{2E84F5E4-1451-4D10-8176-406A8C734CCD}.Release|ARM64.Build.0 = Release|Any CPU
		{2E84F5E4-1451-4D10-8176-406A8C734CCD}.Release|iPhone.ActiveCfg = Release|Any CPU
		{2E84F5E4-1451-4D10-8176-406A8C734CCD}.Release|iPhone.Build.0 = Release|Any CPU
		{2E84F5E4-1451-4D10-8176-406A8C734CCD}.Release|iPhoneSimulator.ActiveCfg = Release|Any CPU
		{2E84F5E4-1451-4D10-8176-406A8C734CCD}.Release|iPhoneSimulator.Build.0 = Release|Any CPU
		{2E84F5E4-1451-4D10-8176-406A8C734CCD}.Release|x64.ActiveCfg = Release|Any CPU
		{2E84F5E4-1451-4D10-8176-406A8C734CCD}.Release|x64.Build.0 = Release|Any CPU
		{2E84F5E4-1451-4D10-8176-406A8C734CCD}.Release|x86.ActiveCfg = Release|Any CPU
		{2E84F5E4-1451-4D10-8176-406A8C734CCD}.Release|x86.Build.0 = Release|Any CPU
		{B9AEEB4A-216A-4B56-A94E-99C9F4DF180A}.Ad-Hoc|Any CPU.ActiveCfg = Release|iPhoneSimulator
		{B9AEEB4A-216A-4B56-A94E-99C9F4DF180A}.Ad-Hoc|Any CPU.Build.0 = Release|iPhoneSimulator
		{B9AEEB4A-216A-4B56-A94E-99C9F4DF180A}.Ad-Hoc|ARM.ActiveCfg = Release|iPhoneSimulator
		{B9AEEB4A-216A-4B56-A94E-99C9F4DF180A}.Ad-Hoc|ARM.Build.0 = Release|iPhoneSimulator
		{B9AEEB4A-216A-4B56-A94E-99C9F4DF180A}.Ad-Hoc|ARM64.ActiveCfg = Release|iPhoneSimulator
		{B9AEEB4A-216A-4B56-A94E-99C9F4DF180A}.Ad-Hoc|ARM64.Build.0 = Release|iPhoneSimulator
		{B9AEEB4A-216A-4B56-A94E-99C9F4DF180A}.Ad-Hoc|iPhone.ActiveCfg = Release|iPhoneSimulator
		{B9AEEB4A-216A-4B56-A94E-99C9F4DF180A}.Ad-Hoc|iPhone.Build.0 = Release|iPhoneSimulator
		{B9AEEB4A-216A-4B56-A94E-99C9F4DF180A}.Ad-Hoc|iPhoneSimulator.ActiveCfg = Release|iPhoneSimulator
		{B9AEEB4A-216A-4B56-A94E-99C9F4DF180A}.Ad-Hoc|iPhoneSimulator.Build.0 = Release|iPhoneSimulator
		{B9AEEB4A-216A-4B56-A94E-99C9F4DF180A}.Ad-Hoc|x64.ActiveCfg = Release|iPhoneSimulator
		{B9AEEB4A-216A-4B56-A94E-99C9F4DF180A}.Ad-Hoc|x64.Build.0 = Release|iPhoneSimulator
		{B9AEEB4A-216A-4B56-A94E-99C9F4DF180A}.Ad-Hoc|x86.ActiveCfg = Release|iPhoneSimulator
		{B9AEEB4A-216A-4B56-A94E-99C9F4DF180A}.Ad-Hoc|x86.Build.0 = Release|iPhoneSimulator
		{B9AEEB4A-216A-4B56-A94E-99C9F4DF180A}.AppStore|Any CPU.ActiveCfg = Release|iPhoneSimulator
		{B9AEEB4A-216A-4B56-A94E-99C9F4DF180A}.AppStore|Any CPU.Build.0 = Release|iPhoneSimulator
		{B9AEEB4A-216A-4B56-A94E-99C9F4DF180A}.AppStore|ARM.ActiveCfg = Release|iPhoneSimulator
		{B9AEEB4A-216A-4B56-A94E-99C9F4DF180A}.AppStore|ARM.Build.0 = Release|iPhoneSimulator
		{B9AEEB4A-216A-4B56-A94E-99C9F4DF180A}.AppStore|ARM64.ActiveCfg = Release|iPhoneSimulator
		{B9AEEB4A-216A-4B56-A94E-99C9F4DF180A}.AppStore|ARM64.Build.0 = Release|iPhoneSimulator
		{B9AEEB4A-216A-4B56-A94E-99C9F4DF180A}.AppStore|iPhone.ActiveCfg = Release|iPhoneSimulator
		{B9AEEB4A-216A-4B56-A94E-99C9F4DF180A}.AppStore|iPhone.Build.0 = Release|iPhoneSimulator
		{B9AEEB4A-216A-4B56-A94E-99C9F4DF180A}.AppStore|iPhoneSimulator.ActiveCfg = Release|iPhoneSimulator
		{B9AEEB4A-216A-4B56-A94E-99C9F4DF180A}.AppStore|iPhoneSimulator.Build.0 = Release|iPhoneSimulator
		{B9AEEB4A-216A-4B56-A94E-99C9F4DF180A}.AppStore|x64.ActiveCfg = Release|iPhoneSimulator
		{B9AEEB4A-216A-4B56-A94E-99C9F4DF180A}.AppStore|x64.Build.0 = Release|iPhoneSimulator
		{B9AEEB4A-216A-4B56-A94E-99C9F4DF180A}.AppStore|x86.ActiveCfg = Release|iPhoneSimulator
		{B9AEEB4A-216A-4B56-A94E-99C9F4DF180A}.AppStore|x86.Build.0 = Release|iPhoneSimulator
		{B9AEEB4A-216A-4B56-A94E-99C9F4DF180A}.Debug|Any CPU.ActiveCfg = Debug|iPhoneSimulator
		{B9AEEB4A-216A-4B56-A94E-99C9F4DF180A}.Debug|ARM.ActiveCfg = Debug|iPhoneSimulator
		{B9AEEB4A-216A-4B56-A94E-99C9F4DF180A}.Debug|ARM64.ActiveCfg = Debug|iPhoneSimulator
		{B9AEEB4A-216A-4B56-A94E-99C9F4DF180A}.Debug|iPhone.ActiveCfg = Debug|iPhoneSimulator
		{B9AEEB4A-216A-4B56-A94E-99C9F4DF180A}.Debug|iPhoneSimulator.ActiveCfg = Debug|iPhoneSimulator
		{B9AEEB4A-216A-4B56-A94E-99C9F4DF180A}.Debug|iPhoneSimulator.Build.0 = Debug|iPhoneSimulator
		{B9AEEB4A-216A-4B56-A94E-99C9F4DF180A}.Debug|x64.ActiveCfg = Debug|iPhoneSimulator
		{B9AEEB4A-216A-4B56-A94E-99C9F4DF180A}.Debug|x86.ActiveCfg = Debug|iPhoneSimulator
		{B9AEEB4A-216A-4B56-A94E-99C9F4DF180A}.Release|Any CPU.ActiveCfg = Release|iPhoneSimulator
		{B9AEEB4A-216A-4B56-A94E-99C9F4DF180A}.Release|ARM.ActiveCfg = Release|iPhoneSimulator
		{B9AEEB4A-216A-4B56-A94E-99C9F4DF180A}.Release|ARM64.ActiveCfg = Release|iPhoneSimulator
		{B9AEEB4A-216A-4B56-A94E-99C9F4DF180A}.Release|iPhone.ActiveCfg = Release|iPhoneSimulator
		{B9AEEB4A-216A-4B56-A94E-99C9F4DF180A}.Release|iPhoneSimulator.ActiveCfg = Release|iPhoneSimulator
		{B9AEEB4A-216A-4B56-A94E-99C9F4DF180A}.Release|iPhoneSimulator.Build.0 = Release|iPhoneSimulator
		{B9AEEB4A-216A-4B56-A94E-99C9F4DF180A}.Release|x64.ActiveCfg = Release|iPhoneSimulator
		{B9AEEB4A-216A-4B56-A94E-99C9F4DF180A}.Release|x86.ActiveCfg = Release|iPhoneSimulator
	EndGlobalSection
	GlobalSection(SolutionProperties) = preSolution
		HideSolutionNode = FALSE
	EndGlobalSection
	GlobalSection(ExtensibilityGlobals) = postSolution
		SolutionGuid = {FF6CBFD8-03AD-4676-B959-FFA6692E727C}
	EndGlobalSection
EndGlobal
