
Microsoft Visual Studio Solution File, Format Version 12.00
# Visual Studio Version 16
VisualStudioVersion = 16.0.30128.74
MinimumVisualStudioVersion = 10.0.40219.1
Project("{D954291E-2A0B-460D-934E-DC6B0785DB48}") = "InputDialog.Shared", "InputDialog\InputDialog.Shared\InputDialog.Shared.shproj", "{6279C845-92F8-4333-AB99-3D213163593C}"
EndProject
Project("{FAE04EC0-301F-11D3-BF4B-00C04F79EFBC}") = "InputDialog.Droid", "InputDialog\InputDialog.Droid\InputDialog.Droid.csproj", "{2DFDD882-CAC2-4ABE-AF79-CA0B41DA710A}"
EndProject
Project("{FAE04EC0-301F-11D3-BF4B-00C04F79EFBC}") = "InputDialog.iOS", "InputDialog\InputDialog.iOS\InputDialog.iOS.csproj", "{687CB0BB-326D-4AA7-898B-227E8CEB8AD1}"
EndProject
Project("{FAE04EC0-301F-11D3-BF4B-00C04F79EFBC}") = "InputDialog.UWP", "InputDialog\InputDialog.UWP\InputDialog.UWP.csproj", "{A8BA0D7A-2E14-4E50-8F82-BA907CD2035E}"
EndProject
Project("{FAE04EC0-301F-11D3-BF4B-00C04F79EFBC}") = "InputDialog.Wasm", "InputDialog\InputDialog.Wasm\InputDialog.Wasm.csproj", "{6CC54D2B-4063-4643-B007-7E18104D384E}"
EndProject
Project("{FAE04EC0-301F-11D3-BF4B-00C04F79EFBC}") = "InputDialog.macOS", "InputDialog\InputDialog.macOS\InputDialog.macOS.csproj", "{01987202-0053-493D-8A42-4FE81B1B270E}"
EndProject
Global
	GlobalSection(SharedMSBuildProjectFiles) = preSolution
		InputDialog\InputDialog.Shared\InputDialog.Shared.projitems*{01987202-0053-493d-8a42-4fe81b1b270e}*SharedItemsImports = 4
		InputDialog\InputDialog.Shared\InputDialog.Shared.projitems*{2dfdd882-cac2-4abe-af79-ca0b41da710a}*SharedItemsImports = 4
		InputDialog\InputDialog.Shared\InputDialog.Shared.projitems*{6279c845-92f8-4333-ab99-3d213163593c}*SharedItemsImports = 13
		InputDialog\InputDialog.Shared\InputDialog.Shared.projitems*{687cb0bb-326d-4aa7-898b-227e8ceb8ad1}*SharedItemsImports = 4
		InputDialog\InputDialog.Shared\InputDialog.Shared.projitems*{6cc54d2b-4063-4643-b007-7e18104d384e}*SharedItemsImports = 5
		InputDialog\InputDialog.Shared\InputDialog.Shared.projitems*{a8ba0d7a-2e14-4e50-8f82-ba907cd2035e}*SharedItemsImports = 4
	EndGlobalSection
	GlobalSection(SolutionConfigurationPlatforms) = preSolution
		Ad-Hoc|Any CPU = Ad-Hoc|Any CPU
		Ad-Hoc|ARM = Ad-Hoc|ARM
		Ad-Hoc|ARM64 = Ad-Hoc|ARM64
		Ad-Hoc|iPhone = Ad-Hoc|iPhone
		Ad-Hoc|iPhoneSimulator = Ad-Hoc|iPhoneSimulator
		Ad-Hoc|x64 = Ad-Hoc|x64
		Ad-Hoc|x86 = Ad-Hoc|x86
		AppStore|Any CPU = AppStore|Any CPU
		AppStore|ARM = AppStore|ARM
		AppStore|ARM64 = AppStore|ARM64
		AppStore|iPhone = AppStore|iPhone
		AppStore|iPhoneSimulator = AppStore|iPhoneSimulator
		AppStore|x64 = AppStore|x64
		AppStore|x86 = AppStore|x86
		Debug|Any CPU = Debug|Any CPU
		Debug|ARM = Debug|ARM
		Debug|ARM64 = Debug|ARM64
		Debug|iPhone = Debug|iPhone
		Debug|iPhoneSimulator = Debug|iPhoneSimulator
		Debug|x64 = Debug|x64
		Debug|x86 = Debug|x86
		Release|Any CPU = Release|Any CPU
		Release|ARM = Release|ARM
		Release|ARM64 = Release|ARM64
		Release|iPhone = Release|iPhone
		Release|iPhoneSimulator = Release|iPhoneSimulator
		Release|x64 = Release|x64
		Release|x86 = Release|x86
	EndGlobalSection
	GlobalSection(ProjectConfigurationPlatforms) = postSolution
		{2DFDD882-CAC2-4ABE-AF79-CA0B41DA710A}.Ad-Hoc|Any CPU.ActiveCfg = Release|Any CPU
		{2DFDD882-CAC2-4ABE-AF79-CA0B41DA710A}.Ad-Hoc|Any CPU.Build.0 = Release|Any CPU
		{2DFDD882-CAC2-4ABE-AF79-CA0B41DA710A}.Ad-Hoc|Any CPU.Deploy.0 = Release|Any CPU
		{2DFDD882-CAC2-4ABE-AF79-CA0B41DA710A}.Ad-Hoc|ARM.ActiveCfg = Release|Any CPU
		{2DFDD882-CAC2-4ABE-AF79-CA0B41DA710A}.Ad-Hoc|ARM.Build.0 = Release|Any CPU
		{2DFDD882-CAC2-4ABE-AF79-CA0B41DA710A}.Ad-Hoc|ARM.Deploy.0 = Release|Any CPU
		{2DFDD882-CAC2-4ABE-AF79-CA0B41DA710A}.Ad-Hoc|ARM64.ActiveCfg = Release|Any CPU
		{2DFDD882-CAC2-4ABE-AF79-CA0B41DA710A}.Ad-Hoc|ARM64.Build.0 = Release|Any CPU
		{2DFDD882-CAC2-4ABE-AF79-CA0B41DA710A}.Ad-Hoc|ARM64.Deploy.0 = Release|Any CPU
		{2DFDD882-CAC2-4ABE-AF79-CA0B41DA710A}.Ad-Hoc|iPhone.ActiveCfg = Release|Any CPU
		{2DFDD882-CAC2-4ABE-AF79-CA0B41DA710A}.Ad-Hoc|iPhone.Build.0 = Release|Any CPU
		{2DFDD882-CAC2-4ABE-AF79-CA0B41DA710A}.Ad-Hoc|iPhone.Deploy.0 = Release|Any CPU
		{2DFDD882-CAC2-4ABE-AF79-CA0B41DA710A}.Ad-Hoc|iPhoneSimulator.ActiveCfg = Release|Any CPU
		{2DFDD882-CAC2-4ABE-AF79-CA0B41DA710A}.Ad-Hoc|iPhoneSimulator.Build.0 = Release|Any CPU
		{2DFDD882-CAC2-4ABE-AF79-CA0B41DA710A}.Ad-Hoc|iPhoneSimulator.Deploy.0 = Release|Any CPU
		{2DFDD882-CAC2-4ABE-AF79-CA0B41DA710A}.Ad-Hoc|x64.ActiveCfg = Release|Any CPU
		{2DFDD882-CAC2-4ABE-AF79-CA0B41DA710A}.Ad-Hoc|x64.Build.0 = Release|Any CPU
		{2DFDD882-CAC2-4ABE-AF79-CA0B41DA710A}.Ad-Hoc|x64.Deploy.0 = Release|Any CPU
		{2DFDD882-CAC2-4ABE-AF79-CA0B41DA710A}.Ad-Hoc|x86.ActiveCfg = Release|Any CPU
		{2DFDD882-CAC2-4ABE-AF79-CA0B41DA710A}.Ad-Hoc|x86.Build.0 = Release|Any CPU
		{2DFDD882-CAC2-4ABE-AF79-CA0B41DA710A}.Ad-Hoc|x86.Deploy.0 = Release|Any CPU
		{2DFDD882-CAC2-4ABE-AF79-CA0B41DA710A}.AppStore|Any CPU.ActiveCfg = Release|Any CPU
		{2DFDD882-CAC2-4ABE-AF79-CA0B41DA710A}.AppStore|Any CPU.Build.0 = Release|Any CPU
		{2DFDD882-CAC2-4ABE-AF79-CA0B41DA710A}.AppStore|Any CPU.Deploy.0 = Release|Any CPU
		{2DFDD882-CAC2-4ABE-AF79-CA0B41DA710A}.AppStore|ARM.ActiveCfg = Release|Any CPU
		{2DFDD882-CAC2-4ABE-AF79-CA0B41DA710A}.AppStore|ARM.Build.0 = Release|Any CPU
		{2DFDD882-CAC2-4ABE-AF79-CA0B41DA710A}.AppStore|ARM.Deploy.0 = Release|Any CPU
		{2DFDD882-CAC2-4ABE-AF79-CA0B41DA710A}.AppStore|ARM64.ActiveCfg = Release|Any CPU
		{2DFDD882-CAC2-4ABE-AF79-CA0B41DA710A}.AppStore|ARM64.Build.0 = Release|Any CPU
		{2DFDD882-CAC2-4ABE-AF79-CA0B41DA710A}.AppStore|ARM64.Deploy.0 = Release|Any CPU
		{2DFDD882-CAC2-4ABE-AF79-CA0B41DA710A}.AppStore|iPhone.ActiveCfg = Release|Any CPU
		{2DFDD882-CAC2-4ABE-AF79-CA0B41DA710A}.AppStore|iPhone.Build.0 = Release|Any CPU
		{2DFDD882-CAC2-4ABE-AF79-CA0B41DA710A}.AppStore|iPhone.Deploy.0 = Release|Any CPU
		{2DFDD882-CAC2-4ABE-AF79-CA0B41DA710A}.AppStore|iPhoneSimulator.ActiveCfg = Release|Any CPU
		{2DFDD882-CAC2-4ABE-AF79-CA0B41DA710A}.AppStore|iPhoneSimulator.Build.0 = Release|Any CPU
		{2DFDD882-CAC2-4ABE-AF79-CA0B41DA710A}.AppStore|iPhoneSimulator.Deploy.0 = Release|Any CPU
		{2DFDD882-CAC2-4ABE-AF79-CA0B41DA710A}.AppStore|x64.ActiveCfg = Release|Any CPU
		{2DFDD882-CAC2-4ABE-AF79-CA0B41DA710A}.AppStore|x64.Build.0 = Release|Any CPU
		{2DFDD882-CAC2-4ABE-AF79-CA0B41DA710A}.AppStore|x64.Deploy.0 = Release|Any CPU
		{2DFDD882-CAC2-4ABE-AF79-CA0B41DA710A}.AppStore|x86.ActiveCfg = Release|Any CPU
		{2DFDD882-CAC2-4ABE-AF79-CA0B41DA710A}.AppStore|x86.Build.0 = Release|Any CPU
		{2DFDD882-CAC2-4ABE-AF79-CA0B41DA710A}.AppStore|x86.Deploy.0 = Release|Any CPU
		{2DFDD882-CAC2-4ABE-AF79-CA0B41DA710A}.Debug|Any CPU.ActiveCfg = Debug|Any CPU
		{2DFDD882-CAC2-4ABE-AF79-CA0B41DA710A}.Debug|Any CPU.Build.0 = Debug|Any CPU
		{2DFDD882-CAC2-4ABE-AF79-CA0B41DA710A}.Debug|Any CPU.Deploy.0 = Debug|Any CPU
		{2DFDD882-CAC2-4ABE-AF79-CA0B41DA710A}.Debug|ARM.ActiveCfg = Debug|Any CPU
		{2DFDD882-CAC2-4ABE-AF79-CA0B41DA710A}.Debug|ARM.Build.0 = Debug|Any CPU
		{2DFDD882-CAC2-4ABE-AF79-CA0B41DA710A}.Debug|ARM.Deploy.0 = Debug|Any CPU
		{2DFDD882-CAC2-4ABE-AF79-CA0B41DA710A}.Debug|ARM64.ActiveCfg = Debug|Any CPU
		{2DFDD882-CAC2-4ABE-AF79-CA0B41DA710A}.Debug|ARM64.Build.0 = Debug|Any CPU
		{2DFDD882-CAC2-4ABE-AF79-CA0B41DA710A}.Debug|ARM64.Deploy.0 = Debug|Any CPU
		{2DFDD882-CAC2-4ABE-AF79-CA0B41DA710A}.Debug|iPhone.ActiveCfg = Debug|Any CPU
		{2DFDD882-CAC2-4ABE-AF79-CA0B41DA710A}.Debug|iPhone.Build.0 = Debug|Any CPU
		{2DFDD882-CAC2-4ABE-AF79-CA0B41DA710A}.Debug|iPhone.Deploy.0 = Debug|Any CPU
		{2DFDD882-CAC2-4ABE-AF79-CA0B41DA710A}.Debug|iPhoneSimulator.ActiveCfg = Debug|Any CPU
		{2DFDD882-CAC2-4ABE-AF79-CA0B41DA710A}.Debug|iPhoneSimulator.Build.0 = Debug|Any CPU
		{2DFDD882-CAC2-4ABE-AF79-CA0B41DA710A}.Debug|iPhoneSimulator.Deploy.0 = Debug|Any CPU
		{2DFDD882-CAC2-4ABE-AF79-CA0B41DA710A}.Debug|x64.ActiveCfg = Debug|Any CPU
		{2DFDD882-CAC2-4ABE-AF79-CA0B41DA710A}.Debug|x64.Build.0 = Debug|Any CPU
		{2DFDD882-CAC2-4ABE-AF79-CA0B41DA710A}.Debug|x64.Deploy.0 = Debug|Any CPU
		{2DFDD882-CAC2-4ABE-AF79-CA0B41DA710A}.Debug|x86.ActiveCfg = Debug|Any CPU
		{2DFDD882-CAC2-4ABE-AF79-CA0B41DA710A}.Debug|x86.Build.0 = Debug|Any CPU
		{2DFDD882-CAC2-4ABE-AF79-CA0B41DA710A}.Debug|x86.Deploy.0 = Debug|Any CPU
		{2DFDD882-CAC2-4ABE-AF79-CA0B41DA710A}.Release|Any CPU.ActiveCfg = Release|Any CPU
		{2DFDD882-CAC2-4ABE-AF79-CA0B41DA710A}.Release|Any CPU.Build.0 = Release|Any CPU
		{2DFDD882-CAC2-4ABE-AF79-CA0B41DA710A}.Release|Any CPU.Deploy.0 = Release|Any CPU
		{2DFDD882-CAC2-4ABE-AF79-CA0B41DA710A}.Release|ARM.ActiveCfg = Release|Any CPU
		{2DFDD882-CAC2-4ABE-AF79-CA0B41DA710A}.Release|ARM.Build.0 = Release|Any CPU
		{2DFDD882-CAC2-4ABE-AF79-CA0B41DA710A}.Release|ARM.Deploy.0 = Release|Any CPU
		{2DFDD882-CAC2-4ABE-AF79-CA0B41DA710A}.Release|ARM64.ActiveCfg = Release|Any CPU
		{2DFDD882-CAC2-4ABE-AF79-CA0B41DA710A}.Release|ARM64.Build.0 = Release|Any CPU
		{2DFDD882-CAC2-4ABE-AF79-CA0B41DA710A}.Release|ARM64.Deploy.0 = Release|Any CPU
		{2DFDD882-CAC2-4ABE-AF79-CA0B41DA710A}.Release|iPhone.ActiveCfg = Release|Any CPU
		{2DFDD882-CAC2-4ABE-AF79-CA0B41DA710A}.Release|iPhone.Build.0 = Release|Any CPU
		{2DFDD882-CAC2-4ABE-AF79-CA0B41DA710A}.Release|iPhone.Deploy.0 = Release|Any CPU
		{2DFDD882-CAC2-4ABE-AF79-CA0B41DA710A}.Release|iPhoneSimulator.ActiveCfg = Release|Any CPU
		{2DFDD882-CAC2-4ABE-AF79-CA0B41DA710A}.Release|iPhoneSimulator.Build.0 = Release|Any CPU
		{2DFDD882-CAC2-4ABE-AF79-CA0B41DA710A}.Release|iPhoneSimulator.Deploy.0 = Release|Any CPU
		{2DFDD882-CAC2-4ABE-AF79-CA0B41DA710A}.Release|x64.ActiveCfg = Release|Any CPU
		{2DFDD882-CAC2-4ABE-AF79-CA0B41DA710A}.Release|x64.Build.0 = Release|Any CPU
		{2DFDD882-CAC2-4ABE-AF79-CA0B41DA710A}.Release|x64.Deploy.0 = Release|Any CPU
		{2DFDD882-CAC2-4ABE-AF79-CA0B41DA710A}.Release|x86.ActiveCfg = Release|Any CPU
		{2DFDD882-CAC2-4ABE-AF79-CA0B41DA710A}.Release|x86.Build.0 = Release|Any CPU
		{2DFDD882-CAC2-4ABE-AF79-CA0B41DA710A}.Release|x86.Deploy.0 = Release|Any CPU
		{687CB0BB-326D-4AA7-898B-227E8CEB8AD1}.Ad-Hoc|Any CPU.ActiveCfg = Ad-Hoc|iPhone
		{687CB0BB-326D-4AA7-898B-227E8CEB8AD1}.Ad-Hoc|ARM.ActiveCfg = Ad-Hoc|iPhone
		{687CB0BB-326D-4AA7-898B-227E8CEB8AD1}.Ad-Hoc|ARM64.ActiveCfg = Ad-Hoc|iPhone
		{687CB0BB-326D-4AA7-898B-227E8CEB8AD1}.Ad-Hoc|iPhone.ActiveCfg = Ad-Hoc|iPhone
		{687CB0BB-326D-4AA7-898B-227E8CEB8AD1}.Ad-Hoc|iPhone.Build.0 = Ad-Hoc|iPhone
		{687CB0BB-326D-4AA7-898B-227E8CEB8AD1}.Ad-Hoc|iPhoneSimulator.ActiveCfg = Ad-Hoc|iPhoneSimulator
		{687CB0BB-326D-4AA7-898B-227E8CEB8AD1}.Ad-Hoc|iPhoneSimulator.Build.0 = Ad-Hoc|iPhoneSimulator
		{687CB0BB-326D-4AA7-898B-227E8CEB8AD1}.Ad-Hoc|x64.ActiveCfg = Ad-Hoc|iPhone
		{687CB0BB-326D-4AA7-898B-227E8CEB8AD1}.Ad-Hoc|x86.ActiveCfg = Ad-Hoc|iPhone
		{687CB0BB-326D-4AA7-898B-227E8CEB8AD1}.AppStore|Any CPU.ActiveCfg = AppStore|iPhone
		{687CB0BB-326D-4AA7-898B-227E8CEB8AD1}.AppStore|ARM.ActiveCfg = AppStore|iPhone
		{687CB0BB-326D-4AA7-898B-227E8CEB8AD1}.AppStore|ARM64.ActiveCfg = AppStore|iPhone
		{687CB0BB-326D-4AA7-898B-227E8CEB8AD1}.AppStore|iPhone.ActiveCfg = AppStore|iPhone
		{687CB0BB-326D-4AA7-898B-227E8CEB8AD1}.AppStore|iPhone.Build.0 = AppStore|iPhone
		{687CB0BB-326D-4AA7-898B-227E8CEB8AD1}.AppStore|iPhoneSimulator.ActiveCfg = AppStore|iPhoneSimulator
		{687CB0BB-326D-4AA7-898B-227E8CEB8AD1}.AppStore|iPhoneSimulator.Build.0 = AppStore|iPhoneSimulator
		{687CB0BB-326D-4AA7-898B-227E8CEB8AD1}.AppStore|x64.ActiveCfg = AppStore|iPhone
		{687CB0BB-326D-4AA7-898B-227E8CEB8AD1}.AppStore|x86.ActiveCfg = AppStore|iPhone
		{687CB0BB-326D-4AA7-898B-227E8CEB8AD1}.Debug|Any CPU.ActiveCfg = Debug|iPhone
		{687CB0BB-326D-4AA7-898B-227E8CEB8AD1}.Debug|ARM.ActiveCfg = Debug|iPhone
		{687CB0BB-326D-4AA7-898B-227E8CEB8AD1}.Debug|ARM64.ActiveCfg = Debug|iPhone
		{687CB0BB-326D-4AA7-898B-227E8CEB8AD1}.Debug|iPhone.ActiveCfg = Debug|iPhone
		{687CB0BB-326D-4AA7-898B-227E8CEB8AD1}.Debug|iPhone.Build.0 = Debug|iPhone
		{687CB0BB-326D-4AA7-898B-227E8CEB8AD1}.Debug|iPhoneSimulator.ActiveCfg = Debug|iPhoneSimulator
		{687CB0BB-326D-4AA7-898B-227E8CEB8AD1}.Debug|iPhoneSimulator.Build.0 = Debug|iPhoneSimulator
		{687CB0BB-326D-4AA7-898B-227E8CEB8AD1}.Debug|x64.ActiveCfg = Debug|iPhone
		{687CB0BB-326D-4AA7-898B-227E8CEB8AD1}.Debug|x86.ActiveCfg = Debug|iPhone
		{687CB0BB-326D-4AA7-898B-227E8CEB8AD1}.Release|Any CPU.ActiveCfg = Release|iPhone
		{687CB0BB-326D-4AA7-898B-227E8CEB8AD1}.Release|ARM.ActiveCfg = Release|iPhone
		{687CB0BB-326D-4AA7-898B-227E8CEB8AD1}.Release|ARM64.ActiveCfg = Release|iPhone
		{687CB0BB-326D-4AA7-898B-227E8CEB8AD1}.Release|iPhone.ActiveCfg = Release|iPhone
		{687CB0BB-326D-4AA7-898B-227E8CEB8AD1}.Release|iPhone.Build.0 = Release|iPhone
		{687CB0BB-326D-4AA7-898B-227E8CEB8AD1}.Release|iPhoneSimulator.ActiveCfg = Release|iPhoneSimulator
		{687CB0BB-326D-4AA7-898B-227E8CEB8AD1}.Release|iPhoneSimulator.Build.0 = Release|iPhoneSimulator
		{687CB0BB-326D-4AA7-898B-227E8CEB8AD1}.Release|x64.ActiveCfg = Release|iPhone
		{687CB0BB-326D-4AA7-898B-227E8CEB8AD1}.Release|x86.ActiveCfg = Release|iPhone
		{A8BA0D7A-2E14-4E50-8F82-BA907CD2035E}.Ad-Hoc|Any CPU.ActiveCfg = Release|x64
		{A8BA0D7A-2E14-4E50-8F82-BA907CD2035E}.Ad-Hoc|Any CPU.Build.0 = Release|x64
		{A8BA0D7A-2E14-4E50-8F82-BA907CD2035E}.Ad-Hoc|Any CPU.Deploy.0 = Release|x64
		{A8BA0D7A-2E14-4E50-8F82-BA907CD2035E}.Ad-Hoc|ARM.ActiveCfg = Release|ARM
		{A8BA0D7A-2E14-4E50-8F82-BA907CD2035E}.Ad-Hoc|ARM.Build.0 = Release|ARM
		{A8BA0D7A-2E14-4E50-8F82-BA907CD2035E}.Ad-Hoc|ARM.Deploy.0 = Release|ARM
		{A8BA0D7A-2E14-4E50-8F82-BA907CD2035E}.Ad-Hoc|ARM64.ActiveCfg = Release|ARM64
		{A8BA0D7A-2E14-4E50-8F82-BA907CD2035E}.Ad-Hoc|ARM64.Build.0 = Release|ARM64
		{A8BA0D7A-2E14-4E50-8F82-BA907CD2035E}.Ad-Hoc|ARM64.Deploy.0 = Release|ARM64
		{A8BA0D7A-2E14-4E50-8F82-BA907CD2035E}.Ad-Hoc|iPhone.ActiveCfg = Release|x64
		{A8BA0D7A-2E14-4E50-8F82-BA907CD2035E}.Ad-Hoc|iPhone.Build.0 = Release|x64
		{A8BA0D7A-2E14-4E50-8F82-BA907CD2035E}.Ad-Hoc|iPhone.Deploy.0 = Release|x64
		{A8BA0D7A-2E14-4E50-8F82-BA907CD2035E}.Ad-Hoc|iPhoneSimulator.ActiveCfg = Release|x64
		{A8BA0D7A-2E14-4E50-8F82-BA907CD2035E}.Ad-Hoc|iPhoneSimulator.Build.0 = Release|x64
		{A8BA0D7A-2E14-4E50-8F82-BA907CD2035E}.Ad-Hoc|iPhoneSimulator.Deploy.0 = Release|x64
		{A8BA0D7A-2E14-4E50-8F82-BA907CD2035E}.Ad-Hoc|x64.ActiveCfg = Release|x64
		{A8BA0D7A-2E14-4E50-8F82-BA907CD2035E}.Ad-Hoc|x64.Build.0 = Release|x64
		{A8BA0D7A-2E14-4E50-8F82-BA907CD2035E}.Ad-Hoc|x64.Deploy.0 = Release|x64
		{A8BA0D7A-2E14-4E50-8F82-BA907CD2035E}.Ad-Hoc|x86.ActiveCfg = Release|x86
		{A8BA0D7A-2E14-4E50-8F82-BA907CD2035E}.Ad-Hoc|x86.Build.0 = Release|x86
		{A8BA0D7A-2E14-4E50-8F82-BA907CD2035E}.Ad-Hoc|x86.Deploy.0 = Release|x86
		{A8BA0D7A-2E14-4E50-8F82-BA907CD2035E}.AppStore|Any CPU.ActiveCfg = Release|x64
		{A8BA0D7A-2E14-4E50-8F82-BA907CD2035E}.AppStore|Any CPU.Build.0 = Release|x64
		{A8BA0D7A-2E14-4E50-8F82-BA907CD2035E}.AppStore|Any CPU.Deploy.0 = Release|x64
		{A8BA0D7A-2E14-4E50-8F82-BA907CD2035E}.AppStore|ARM.ActiveCfg = Release|ARM
		{A8BA0D7A-2E14-4E50-8F82-BA907CD2035E}.AppStore|ARM.Build.0 = Release|ARM
		{A8BA0D7A-2E14-4E50-8F82-BA907CD2035E}.AppStore|ARM.Deploy.0 = Release|ARM
		{A8BA0D7A-2E14-4E50-8F82-BA907CD2035E}.AppStore|ARM64.ActiveCfg = Release|ARM64
		{A8BA0D7A-2E14-4E50-8F82-BA907CD2035E}.AppStore|ARM64.Build.0 = Release|ARM64
		{A8BA0D7A-2E14-4E50-8F82-BA907CD2035E}.AppStore|ARM64.Deploy.0 = Release|ARM64
		{A8BA0D7A-2E14-4E50-8F82-BA907CD2035E}.AppStore|iPhone.ActiveCfg = Release|x64
		{A8BA0D7A-2E14-4E50-8F82-BA907CD2035E}.AppStore|iPhone.Build.0 = Release|x64
		{A8BA0D7A-2E14-4E50-8F82-BA907CD2035E}.AppStore|iPhone.Deploy.0 = Release|x64
		{A8BA0D7A-2E14-4E50-8F82-BA907CD2035E}.AppStore|iPhoneSimulator.ActiveCfg = Release|x64
		{A8BA0D7A-2E14-4E50-8F82-BA907CD2035E}.AppStore|iPhoneSimulator.Build.0 = Release|x64
		{A8BA0D7A-2E14-4E50-8F82-BA907CD2035E}.AppStore|iPhoneSimulator.Deploy.0 = Release|x64
		{A8BA0D7A-2E14-4E50-8F82-BA907CD2035E}.AppStore|x64.ActiveCfg = Release|x64
		{A8BA0D7A-2E14-4E50-8F82-BA907CD2035E}.AppStore|x64.Build.0 = Release|x64
		{A8BA0D7A-2E14-4E50-8F82-BA907CD2035E}.AppStore|x64.Deploy.0 = Release|x64
		{A8BA0D7A-2E14-4E50-8F82-BA907CD2035E}.AppStore|x86.ActiveCfg = Release|x86
		{A8BA0D7A-2E14-4E50-8F82-BA907CD2035E}.AppStore|x86.Build.0 = Release|x86
		{A8BA0D7A-2E14-4E50-8F82-BA907CD2035E}.AppStore|x86.Deploy.0 = Release|x86
		{A8BA0D7A-2E14-4E50-8F82-BA907CD2035E}.Debug|Any CPU.ActiveCfg = Debug|x86
		{A8BA0D7A-2E14-4E50-8F82-BA907CD2035E}.Debug|ARM.ActiveCfg = Debug|ARM
		{A8BA0D7A-2E14-4E50-8F82-BA907CD2035E}.Debug|ARM.Build.0 = Debug|ARM
		{A8BA0D7A-2E14-4E50-8F82-BA907CD2035E}.Debug|ARM.Deploy.0 = Debug|ARM
		{A8BA0D7A-2E14-4E50-8F82-BA907CD2035E}.Debug|ARM64.ActiveCfg = Debug|ARM64
		{A8BA0D7A-2E14-4E50-8F82-BA907CD2035E}.Debug|ARM64.Build.0 = Debug|ARM64
		{A8BA0D7A-2E14-4E50-8F82-BA907CD2035E}.Debug|ARM64.Deploy.0 = Debug|ARM64
		{A8BA0D7A-2E14-4E50-8F82-BA907CD2035E}.Debug|iPhone.ActiveCfg = Debug|x86
		{A8BA0D7A-2E14-4E50-8F82-BA907CD2035E}.Debug|iPhoneSimulator.ActiveCfg = Debug|x86
		{A8BA0D7A-2E14-4E50-8F82-BA907CD2035E}.Debug|x64.ActiveCfg = Debug|x64
		{A8BA0D7A-2E14-4E50-8F82-BA907CD2035E}.Debug|x64.Build.0 = Debug|x64
		{A8BA0D7A-2E14-4E50-8F82-BA907CD2035E}.Debug|x64.Deploy.0 = Debug|x64
		{A8BA0D7A-2E14-4E50-8F82-BA907CD2035E}.Debug|x86.ActiveCfg = Debug|x86
		{A8BA0D7A-2E14-4E50-8F82-BA907CD2035E}.Debug|x86.Build.0 = Debug|x86
		{A8BA0D7A-2E14-4E50-8F82-BA907CD2035E}.Debug|x86.Deploy.0 = Debug|x86
		{A8BA0D7A-2E14-4E50-8F82-BA907CD2035E}.Release|Any CPU.ActiveCfg = Release|x86
		{A8BA0D7A-2E14-4E50-8F82-BA907CD2035E}.Release|ARM.ActiveCfg = Release|ARM
		{A8BA0D7A-2E14-4E50-8F82-BA907CD2035E}.Release|ARM.Build.0 = Release|ARM
		{A8BA0D7A-2E14-4E50-8F82-BA907CD2035E}.Release|ARM.Deploy.0 = Release|ARM
		{A8BA0D7A-2E14-4E50-8F82-BA907CD2035E}.Release|ARM64.ActiveCfg = Release|ARM64
		{A8BA0D7A-2E14-4E50-8F82-BA907CD2035E}.Release|ARM64.Build.0 = Release|ARM64
		{A8BA0D7A-2E14-4E50-8F82-BA907CD2035E}.Release|ARM64.Deploy.0 = Release|ARM64
		{A8BA0D7A-2E14-4E50-8F82-BA907CD2035E}.Release|iPhone.ActiveCfg = Release|x86
		{A8BA0D7A-2E14-4E50-8F82-BA907CD2035E}.Release|iPhoneSimulator.ActiveCfg = Release|x86
		{A8BA0D7A-2E14-4E50-8F82-BA907CD2035E}.Release|x64.ActiveCfg = Release|x64
		{A8BA0D7A-2E14-4E50-8F82-BA907CD2035E}.Release|x64.Build.0 = Release|x64
		{A8BA0D7A-2E14-4E50-8F82-BA907CD2035E}.Release|x64.Deploy.0 = Release|x64
		{A8BA0D7A-2E14-4E50-8F82-BA907CD2035E}.Release|x86.ActiveCfg = Release|x86
		{A8BA0D7A-2E14-4E50-8F82-BA907CD2035E}.Release|x86.Build.0 = Release|x86
		{A8BA0D7A-2E14-4E50-8F82-BA907CD2035E}.Release|x86.Deploy.0 = Release|x86
		{6CC54D2B-4063-4643-B007-7E18104D384E}.Ad-Hoc|Any CPU.ActiveCfg = Debug|Any CPU
		{6CC54D2B-4063-4643-B007-7E18104D384E}.Ad-Hoc|Any CPU.Build.0 = Debug|Any CPU
		{6CC54D2B-4063-4643-B007-7E18104D384E}.Ad-Hoc|ARM.ActiveCfg = Debug|Any CPU
		{6CC54D2B-4063-4643-B007-7E18104D384E}.Ad-Hoc|ARM.Build.0 = Debug|Any CPU
		{6CC54D2B-4063-4643-B007-7E18104D384E}.Ad-Hoc|ARM64.ActiveCfg = Debug|Any CPU
		{6CC54D2B-4063-4643-B007-7E18104D384E}.Ad-Hoc|ARM64.Build.0 = Debug|Any CPU
		{6CC54D2B-4063-4643-B007-7E18104D384E}.Ad-Hoc|iPhone.ActiveCfg = Debug|Any CPU
		{6CC54D2B-4063-4643-B007-7E18104D384E}.Ad-Hoc|iPhone.Build.0 = Debug|Any CPU
		{6CC54D2B-4063-4643-B007-7E18104D384E}.Ad-Hoc|iPhoneSimulator.ActiveCfg = Debug|Any CPU
		{6CC54D2B-4063-4643-B007-7E18104D384E}.Ad-Hoc|iPhoneSimulator.Build.0 = Debug|Any CPU
		{6CC54D2B-4063-4643-B007-7E18104D384E}.Ad-Hoc|x64.ActiveCfg = Debug|Any CPU
		{6CC54D2B-4063-4643-B007-7E18104D384E}.Ad-Hoc|x64.Build.0 = Debug|Any CPU
		{6CC54D2B-4063-4643-B007-7E18104D384E}.Ad-Hoc|x86.ActiveCfg = Debug|Any CPU
		{6CC54D2B-4063-4643-B007-7E18104D384E}.Ad-Hoc|x86.Build.0 = Debug|Any CPU
		{6CC54D2B-4063-4643-B007-7E18104D384E}.AppStore|Any CPU.ActiveCfg = Debug|Any CPU
		{6CC54D2B-4063-4643-B007-7E18104D384E}.AppStore|Any CPU.Build.0 = Debug|Any CPU
		{6CC54D2B-4063-4643-B007-7E18104D384E}.AppStore|ARM.ActiveCfg = Debug|Any CPU
		{6CC54D2B-4063-4643-B007-7E18104D384E}.AppStore|ARM.Build.0 = Debug|Any CPU
		{6CC54D2B-4063-4643-B007-7E18104D384E}.AppStore|ARM64.ActiveCfg = Debug|Any CPU
		{6CC54D2B-4063-4643-B007-7E18104D384E}.AppStore|ARM64.Build.0 = Debug|Any CPU
		{6CC54D2B-4063-4643-B007-7E18104D384E}.AppStore|iPhone.ActiveCfg = Debug|Any CPU
		{6CC54D2B-4063-4643-B007-7E18104D384E}.AppStore|iPhone.Build.0 = Debug|Any CPU
		{6CC54D2B-4063-4643-B007-7E18104D384E}.AppStore|iPhoneSimulator.ActiveCfg = Debug|Any CPU
		{6CC54D2B-4063-4643-B007-7E18104D384E}.AppStore|iPhoneSimulator.Build.0 = Debug|Any CPU
		{6CC54D2B-4063-4643-B007-7E18104D384E}.AppStore|x64.ActiveCfg = Debug|Any CPU
		{6CC54D2B-4063-4643-B007-7E18104D384E}.AppStore|x64.Build.0 = Debug|Any CPU
		{6CC54D2B-4063-4643-B007-7E18104D384E}.AppStore|x86.ActiveCfg = Debug|Any CPU
		{6CC54D2B-4063-4643-B007-7E18104D384E}.AppStore|x86.Build.0 = Debug|Any CPU
		{6CC54D2B-4063-4643-B007-7E18104D384E}.Debug|Any CPU.ActiveCfg = Debug|Any CPU
		{6CC54D2B-4063-4643-B007-7E18104D384E}.Debug|Any CPU.Build.0 = Debug|Any CPU
		{6CC54D2B-4063-4643-B007-7E18104D384E}.Debug|ARM.ActiveCfg = Debug|Any CPU
		{6CC54D2B-4063-4643-B007-7E18104D384E}.Debug|ARM.Build.0 = Debug|Any CPU
		{6CC54D2B-4063-4643-B007-7E18104D384E}.Debug|ARM64.ActiveCfg = Debug|Any CPU
		{6CC54D2B-4063-4643-B007-7E18104D384E}.Debug|ARM64.Build.0 = Debug|Any CPU
		{6CC54D2B-4063-4643-B007-7E18104D384E}.Debug|iPhone.ActiveCfg = Debug|Any CPU
		{6CC54D2B-4063-4643-B007-7E18104D384E}.Debug|iPhone.Build.0 = Debug|Any CPU
		{6CC54D2B-4063-4643-B007-7E18104D384E}.Debug|iPhoneSimulator.ActiveCfg = Debug|Any CPU
		{6CC54D2B-4063-4643-B007-7E18104D384E}.Debug|iPhoneSimulator.Build.0 = Debug|Any CPU
		{6CC54D2B-4063-4643-B007-7E18104D384E}.Debug|x64.ActiveCfg = Debug|Any CPU
		{6CC54D2B-4063-4643-B007-7E18104D384E}.Debug|x64.Build.0 = Debug|Any CPU
		{6CC54D2B-4063-4643-B007-7E18104D384E}.Debug|x86.ActiveCfg = Debug|Any CPU
		{6CC54D2B-4063-4643-B007-7E18104D384E}.Debug|x86.Build.0 = Debug|Any CPU
		{6CC54D2B-4063-4643-B007-7E18104D384E}.Release|Any CPU.ActiveCfg = Release|Any CPU
		{6CC54D2B-4063-4643-B007-7E18104D384E}.Release|Any CPU.Build.0 = Release|Any CPU
		{6CC54D2B-4063-4643-B007-7E18104D384E}.Release|ARM.ActiveCfg = Release|Any CPU
		{6CC54D2B-4063-4643-B007-7E18104D384E}.Release|ARM.Build.0 = Release|Any CPU
		{6CC54D2B-4063-4643-B007-7E18104D384E}.Release|ARM64.ActiveCfg = Release|Any CPU
		{6CC54D2B-4063-4643-B007-7E18104D384E}.Release|ARM64.Build.0 = Release|Any CPU
		{6CC54D2B-4063-4643-B007-7E18104D384E}.Release|iPhone.ActiveCfg = Release|Any CPU
		{6CC54D2B-4063-4643-B007-7E18104D384E}.Release|iPhone.Build.0 = Release|Any CPU
		{6CC54D2B-4063-4643-B007-7E18104D384E}.Release|iPhoneSimulator.ActiveCfg = Release|Any CPU
		{6CC54D2B-4063-4643-B007-7E18104D384E}.Release|iPhoneSimulator.Build.0 = Release|Any CPU
		{6CC54D2B-4063-4643-B007-7E18104D384E}.Release|x64.ActiveCfg = Release|Any CPU
		{6CC54D2B-4063-4643-B007-7E18104D384E}.Release|x64.Build.0 = Release|Any CPU
		{6CC54D2B-4063-4643-B007-7E18104D384E}.Release|x86.ActiveCfg = Release|Any CPU
		{6CC54D2B-4063-4643-B007-7E18104D384E}.Release|x86.Build.0 = Release|Any CPU
		{01987202-0053-493D-8A42-4FE81B1B270E}.Ad-Hoc|Any CPU.ActiveCfg = Release|iPhoneSimulator
		{01987202-0053-493D-8A42-4FE81B1B270E}.Ad-Hoc|Any CPU.Build.0 = Release|iPhoneSimulator
		{01987202-0053-493D-8A42-4FE81B1B270E}.Ad-Hoc|ARM.ActiveCfg = Release|iPhoneSimulator
		{01987202-0053-493D-8A42-4FE81B1B270E}.Ad-Hoc|ARM.Build.0 = Release|iPhoneSimulator
		{01987202-0053-493D-8A42-4FE81B1B270E}.Ad-Hoc|ARM64.ActiveCfg = Release|iPhoneSimulator
		{01987202-0053-493D-8A42-4FE81B1B270E}.Ad-Hoc|ARM64.Build.0 = Release|iPhoneSimulator
		{01987202-0053-493D-8A42-4FE81B1B270E}.Ad-Hoc|iPhone.ActiveCfg = Release|iPhoneSimulator
		{01987202-0053-493D-8A42-4FE81B1B270E}.Ad-Hoc|iPhone.Build.0 = Release|iPhoneSimulator
		{01987202-0053-493D-8A42-4FE81B1B270E}.Ad-Hoc|iPhoneSimulator.ActiveCfg = Release|iPhoneSimulator
		{01987202-0053-493D-8A42-4FE81B1B270E}.Ad-Hoc|iPhoneSimulator.Build.0 = Release|iPhoneSimulator
		{01987202-0053-493D-8A42-4FE81B1B270E}.Ad-Hoc|x64.ActiveCfg = Release|iPhoneSimulator
		{01987202-0053-493D-8A42-4FE81B1B270E}.Ad-Hoc|x64.Build.0 = Release|iPhoneSimulator
		{01987202-0053-493D-8A42-4FE81B1B270E}.Ad-Hoc|x86.ActiveCfg = Release|iPhoneSimulator
		{01987202-0053-493D-8A42-4FE81B1B270E}.Ad-Hoc|x86.Build.0 = Release|iPhoneSimulator
		{01987202-0053-493D-8A42-4FE81B1B270E}.AppStore|Any CPU.ActiveCfg = Release|iPhoneSimulator
		{01987202-0053-493D-8A42-4FE81B1B270E}.AppStore|Any CPU.Build.0 = Release|iPhoneSimulator
		{01987202-0053-493D-8A42-4FE81B1B270E}.AppStore|ARM.ActiveCfg = Release|iPhoneSimulator
		{01987202-0053-493D-8A42-4FE81B1B270E}.AppStore|ARM.Build.0 = Release|iPhoneSimulator
		{01987202-0053-493D-8A42-4FE81B1B270E}.AppStore|ARM64.ActiveCfg = Release|iPhoneSimulator
		{01987202-0053-493D-8A42-4FE81B1B270E}.AppStore|ARM64.Build.0 = Release|iPhoneSimulator
		{01987202-0053-493D-8A42-4FE81B1B270E}.AppStore|iPhone.ActiveCfg = Release|iPhoneSimulator
		{01987202-0053-493D-8A42-4FE81B1B270E}.AppStore|iPhone.Build.0 = Release|iPhoneSimulator
		{01987202-0053-493D-8A42-4FE81B1B270E}.AppStore|iPhoneSimulator.ActiveCfg = Release|iPhoneSimulator
		{01987202-0053-493D-8A42-4FE81B1B270E}.AppStore|iPhoneSimulator.Build.0 = Release|iPhoneSimulator
		{01987202-0053-493D-8A42-4FE81B1B270E}.AppStore|x64.ActiveCfg = Release|iPhoneSimulator
		{01987202-0053-493D-8A42-4FE81B1B270E}.AppStore|x64.Build.0 = Release|iPhoneSimulator
		{01987202-0053-493D-8A42-4FE81B1B270E}.AppStore|x86.ActiveCfg = Release|iPhoneSimulator
		{01987202-0053-493D-8A42-4FE81B1B270E}.AppStore|x86.Build.0 = Release|iPhoneSimulator
		{01987202-0053-493D-8A42-4FE81B1B270E}.Debug|Any CPU.ActiveCfg = Debug|iPhoneSimulator
		{01987202-0053-493D-8A42-4FE81B1B270E}.Debug|ARM.ActiveCfg = Debug|iPhoneSimulator
		{01987202-0053-493D-8A42-4FE81B1B270E}.Debug|ARM64.ActiveCfg = Debug|iPhoneSimulator
		{01987202-0053-493D-8A42-4FE81B1B270E}.Debug|iPhone.ActiveCfg = Debug|iPhoneSimulator
		{01987202-0053-493D-8A42-4FE81B1B270E}.Debug|iPhoneSimulator.ActiveCfg = Debug|iPhoneSimulator
		{01987202-0053-493D-8A42-4FE81B1B270E}.Debug|iPhoneSimulator.Build.0 = Debug|iPhoneSimulator
		{01987202-0053-493D-8A42-4FE81B1B270E}.Debug|x64.ActiveCfg = Debug|iPhoneSimulator
		{01987202-0053-493D-8A42-4FE81B1B270E}.Debug|x86.ActiveCfg = Debug|iPhoneSimulator
		{01987202-0053-493D-8A42-4FE81B1B270E}.Release|Any CPU.ActiveCfg = Release|iPhoneSimulator
		{01987202-0053-493D-8A42-4FE81B1B270E}.Release|ARM.ActiveCfg = Release|iPhoneSimulator
		{01987202-0053-493D-8A42-4FE81B1B270E}.Release|ARM64.ActiveCfg = Release|iPhoneSimulator
		{01987202-0053-493D-8A42-4FE81B1B270E}.Release|iPhone.ActiveCfg = Release|iPhoneSimulator
		{01987202-0053-493D-8A42-4FE81B1B270E}.Release|iPhoneSimulator.ActiveCfg = Release|iPhoneSimulator
		{01987202-0053-493D-8A42-4FE81B1B270E}.Release|iPhoneSimulator.Build.0 = Release|iPhoneSimulator
		{01987202-0053-493D-8A42-4FE81B1B270E}.Release|x64.ActiveCfg = Release|iPhoneSimulator
		{01987202-0053-493D-8A42-4FE81B1B270E}.Release|x86.ActiveCfg = Release|iPhoneSimulator
	EndGlobalSection
	GlobalSection(SolutionProperties) = preSolution
		HideSolutionNode = FALSE
	EndGlobalSection
	GlobalSection(ExtensibilityGlobals) = postSolution
		SolutionGuid = {D132198E-1FEA-42AC-B3F3-5026F79E2049}
	EndGlobalSection
EndGlobal
