
Microsoft Visual Studio Solution File, Format Version 12.00
# Visual Studio Version 16
VisualStudioVersion = 16.0.30204.135
MinimumVisualStudioVersion = 10.0.40219.1
Project("{D954291E-2A0B-460D-934E-DC6B0785DB48}") = "UnoBingo.Shared", "UnoBingo\UnoBingo.Shared\UnoBingo.Shared.shproj", "{6279C845-92F8-4333-AB99-3D213163593C}"
EndProject
Project("{FAE04EC0-301F-11D3-BF4B-00C04F79EFBC}") = "UnoBingo.Droid", "UnoBingo\UnoBingo.Droid\UnoBingo.Droid.csproj", "{08423A18-55B8-4730-8203-51646567258B}"
EndProject
Project("{FAE04EC0-301F-11D3-BF4B-00C04F79EFBC}") = "UnoBingo.iOS", "UnoBingo\UnoBingo.iOS\UnoBingo.iOS.csproj", "{00A21D50-BF6B-4D46-9BB6-C2F20EDC923E}"
EndProject
Project("{FAE04EC0-301F-11D3-BF4B-00C04F79EFBC}") = "UnoBingo.UWP", "UnoBingo\UnoBingo.UWP\UnoBingo.UWP.csproj", "{837277AA-2D86-49E9-900A-71F0342B6378}"
EndProject
Project("{FAE04EC0-301F-11D3-BF4B-00C04F79EFBC}") = "UnoBingo.Wasm", "UnoBingo\UnoBingo.Wasm\UnoBingo.Wasm.csproj", "{4B50858B-A522-460C-A9D5-B74C608DAB68}"
EndProject
Project("{FAE04EC0-301F-11D3-BF4B-00C04F79EFBC}") = "UnoBingo.macOS", "UnoBingo\UnoBingo.macOS\UnoBingo.macOS.csproj", "{92075718-FFCA-43DE-ACDB-C64712ED4F5B}"
EndProject
Global
	GlobalSection(SharedMSBuildProjectFiles) = preSolution
		UnoBingo\UnoBingo.Shared\UnoBingo.Shared.projitems*{00a21d50-bf6b-4d46-9bb6-c2f20edc923e}*SharedItemsImports = 4
		UnoBingo\UnoBingo.Shared\UnoBingo.Shared.projitems*{08423a18-55b8-4730-8203-51646567258b}*SharedItemsImports = 4
		UnoBingo\UnoBingo.Shared\UnoBingo.Shared.projitems*{4b50858b-a522-460c-a9d5-b74c608dab68}*SharedItemsImports = 5
		UnoBingo\UnoBingo.Shared\UnoBingo.Shared.projitems*{6279c845-92f8-4333-ab99-3d213163593c}*SharedItemsImports = 13
		UnoBingo\UnoBingo.Shared\UnoBingo.Shared.projitems*{837277aa-2d86-49e9-900a-71f0342b6378}*SharedItemsImports = 4
		UnoBingo\UnoBingo.Shared\UnoBingo.Shared.projitems*{92075718-ffca-43de-acdb-c64712ed4f5b}*SharedItemsImports = 4
	EndGlobalSection
	GlobalSection(SolutionConfigurationPlatforms) = preSolution
		Ad-Hoc|Any CPU = Ad-Hoc|Any CPU
		Ad-Hoc|ARM = Ad-Hoc|ARM
		Ad-Hoc|ARM64 = Ad-Hoc|ARM64
		Ad-Hoc|iPhone = Ad-Hoc|iPhone
		Ad-Hoc|iPhoneSimulator = Ad-Hoc|iPhoneSimulator
		Ad-Hoc|x64 = Ad-Hoc|x64
		Ad-Hoc|x86 = Ad-Hoc|x86
		AppStore|Any CPU = AppStore|Any CPU
		AppStore|ARM = AppStore|ARM
		AppStore|ARM64 = AppStore|ARM64
		AppStore|iPhone = AppStore|iPhone
		AppStore|iPhoneSimulator = AppStore|iPhoneSimulator
		AppStore|x64 = AppStore|x64
		AppStore|x86 = AppStore|x86
		Debug|Any CPU = Debug|Any CPU
		Debug|ARM = Debug|ARM
		Debug|ARM64 = Debug|ARM64
		Debug|iPhone = Debug|iPhone
		Debug|iPhoneSimulator = Debug|iPhoneSimulator
		Debug|x64 = Debug|x64
		Debug|x86 = Debug|x86
		Release|Any CPU = Release|Any CPU
		Release|ARM = Release|ARM
		Release|ARM64 = Release|ARM64
		Release|iPhone = Release|iPhone
		Release|iPhoneSimulator = Release|iPhoneSimulator
		Release|x64 = Release|x64
		Release|x86 = Release|x86
	EndGlobalSection
	GlobalSection(ProjectConfigurationPlatforms) = postSolution
		{08423A18-55B8-4730-8203-51646567258B}.Ad-Hoc|Any CPU.ActiveCfg = Release|Any CPU
		{08423A18-55B8-4730-8203-51646567258B}.Ad-Hoc|Any CPU.Build.0 = Release|Any CPU
		{08423A18-55B8-4730-8203-51646567258B}.Ad-Hoc|Any CPU.Deploy.0 = Release|Any CPU
		{08423A18-55B8-4730-8203-51646567258B}.Ad-Hoc|ARM.ActiveCfg = Release|Any CPU
		{08423A18-55B8-4730-8203-51646567258B}.Ad-Hoc|ARM.Build.0 = Release|Any CPU
		{08423A18-55B8-4730-8203-51646567258B}.Ad-Hoc|ARM.Deploy.0 = Release|Any CPU
		{08423A18-55B8-4730-8203-51646567258B}.Ad-Hoc|ARM64.ActiveCfg = Release|Any CPU
		{08423A18-55B8-4730-8203-51646567258B}.Ad-Hoc|ARM64.Build.0 = Release|Any CPU
		{08423A18-55B8-4730-8203-51646567258B}.Ad-Hoc|ARM64.Deploy.0 = Release|Any CPU
		{08423A18-55B8-4730-8203-51646567258B}.Ad-Hoc|iPhone.ActiveCfg = Release|Any CPU
		{08423A18-55B8-4730-8203-51646567258B}.Ad-Hoc|iPhone.Build.0 = Release|Any CPU
		{08423A18-55B8-4730-8203-51646567258B}.Ad-Hoc|iPhone.Deploy.0 = Release|Any CPU
		{08423A18-55B8-4730-8203-51646567258B}.Ad-Hoc|iPhoneSimulator.ActiveCfg = Release|Any CPU
		{08423A18-55B8-4730-8203-51646567258B}.Ad-Hoc|iPhoneSimulator.Build.0 = Release|Any CPU
		{08423A18-55B8-4730-8203-51646567258B}.Ad-Hoc|iPhoneSimulator.Deploy.0 = Release|Any CPU
		{08423A18-55B8-4730-8203-51646567258B}.Ad-Hoc|x64.ActiveCfg = Release|Any CPU
		{08423A18-55B8-4730-8203-51646567258B}.Ad-Hoc|x64.Build.0 = Release|Any CPU
		{08423A18-55B8-4730-8203-51646567258B}.Ad-Hoc|x64.Deploy.0 = Release|Any CPU
		{08423A18-55B8-4730-8203-51646567258B}.Ad-Hoc|x86.ActiveCfg = Release|Any CPU
		{08423A18-55B8-4730-8203-51646567258B}.Ad-Hoc|x86.Build.0 = Release|Any CPU
		{08423A18-55B8-4730-8203-51646567258B}.Ad-Hoc|x86.Deploy.0 = Release|Any CPU
		{08423A18-55B8-4730-8203-51646567258B}.AppStore|Any CPU.ActiveCfg = Release|Any CPU
		{08423A18-55B8-4730-8203-51646567258B}.AppStore|Any CPU.Build.0 = Release|Any CPU
		{08423A18-55B8-4730-8203-51646567258B}.AppStore|Any CPU.Deploy.0 = Release|Any CPU
		{08423A18-55B8-4730-8203-51646567258B}.AppStore|ARM.ActiveCfg = Release|Any CPU
		{08423A18-55B8-4730-8203-51646567258B}.AppStore|ARM.Build.0 = Release|Any CPU
		{08423A18-55B8-4730-8203-51646567258B}.AppStore|ARM.Deploy.0 = Release|Any CPU
		{08423A18-55B8-4730-8203-51646567258B}.AppStore|ARM64.ActiveCfg = Release|Any CPU
		{08423A18-55B8-4730-8203-51646567258B}.AppStore|ARM64.Build.0 = Release|Any CPU
		{08423A18-55B8-4730-8203-51646567258B}.AppStore|ARM64.Deploy.0 = Release|Any CPU
		{08423A18-55B8-4730-8203-51646567258B}.AppStore|iPhone.ActiveCfg = Release|Any CPU
		{08423A18-55B8-4730-8203-51646567258B}.AppStore|iPhone.Build.0 = Release|Any CPU
		{08423A18-55B8-4730-8203-51646567258B}.AppStore|iPhone.Deploy.0 = Release|Any CPU
		{08423A18-55B8-4730-8203-51646567258B}.AppStore|iPhoneSimulator.ActiveCfg = Release|Any CPU
		{08423A18-55B8-4730-8203-51646567258B}.AppStore|iPhoneSimulator.Build.0 = Release|Any CPU
		{08423A18-55B8-4730-8203-51646567258B}.AppStore|iPhoneSimulator.Deploy.0 = Release|Any CPU
		{08423A18-55B8-4730-8203-51646567258B}.AppStore|x64.ActiveCfg = Release|Any CPU
		{08423A18-55B8-4730-8203-51646567258B}.AppStore|x64.Build.0 = Release|Any CPU
		{08423A18-55B8-4730-8203-51646567258B}.AppStore|x64.Deploy.0 = Release|Any CPU
		{08423A18-55B8-4730-8203-51646567258B}.AppStore|x86.ActiveCfg = Release|Any CPU
		{08423A18-55B8-4730-8203-51646567258B}.AppStore|x86.Build.0 = Release|Any CPU
		{08423A18-55B8-4730-8203-51646567258B}.AppStore|x86.Deploy.0 = Release|Any CPU
		{08423A18-55B8-4730-8203-51646567258B}.Debug|Any CPU.ActiveCfg = Debug|Any CPU
		{08423A18-55B8-4730-8203-51646567258B}.Debug|Any CPU.Build.0 = Debug|Any CPU
		{08423A18-55B8-4730-8203-51646567258B}.Debug|Any CPU.Deploy.0 = Debug|Any CPU
		{08423A18-55B8-4730-8203-51646567258B}.Debug|ARM.ActiveCfg = Debug|Any CPU
		{08423A18-55B8-4730-8203-51646567258B}.Debug|ARM.Build.0 = Debug|Any CPU
		{08423A18-55B8-4730-8203-51646567258B}.Debug|ARM.Deploy.0 = Debug|Any CPU
		{08423A18-55B8-4730-8203-51646567258B}.Debug|ARM64.ActiveCfg = Debug|Any CPU
		{08423A18-55B8-4730-8203-51646567258B}.Debug|ARM64.Build.0 = Debug|Any CPU
		{08423A18-55B8-4730-8203-51646567258B}.Debug|ARM64.Deploy.0 = Debug|Any CPU
		{08423A18-55B8-4730-8203-51646567258B}.Debug|iPhone.ActiveCfg = Debug|Any CPU
		{08423A18-55B8-4730-8203-51646567258B}.Debug|iPhone.Build.0 = Debug|Any CPU
		{08423A18-55B8-4730-8203-51646567258B}.Debug|iPhone.Deploy.0 = Debug|Any CPU
		{08423A18-55B8-4730-8203-51646567258B}.Debug|iPhoneSimulator.ActiveCfg = Debug|Any CPU
		{08423A18-55B8-4730-8203-51646567258B}.Debug|iPhoneSimulator.Build.0 = Debug|Any CPU
		{08423A18-55B8-4730-8203-51646567258B}.Debug|iPhoneSimulator.Deploy.0 = Debug|Any CPU
		{08423A18-55B8-4730-8203-51646567258B}.Debug|x64.ActiveCfg = Debug|Any CPU
		{08423A18-55B8-4730-8203-51646567258B}.Debug|x64.Build.0 = Debug|Any CPU
		{08423A18-55B8-4730-8203-51646567258B}.Debug|x64.Deploy.0 = Debug|Any CPU
		{08423A18-55B8-4730-8203-51646567258B}.Debug|x86.ActiveCfg = Debug|Any CPU
		{08423A18-55B8-4730-8203-51646567258B}.Debug|x86.Build.0 = Debug|Any CPU
		{08423A18-55B8-4730-8203-51646567258B}.Debug|x86.Deploy.0 = Debug|Any CPU
		{08423A18-55B8-4730-8203-51646567258B}.Release|Any CPU.ActiveCfg = Release|Any CPU
		{08423A18-55B8-4730-8203-51646567258B}.Release|Any CPU.Build.0 = Release|Any CPU
		{08423A18-55B8-4730-8203-51646567258B}.Release|Any CPU.Deploy.0 = Release|Any CPU
		{08423A18-55B8-4730-8203-51646567258B}.Release|ARM.ActiveCfg = Release|Any CPU
		{08423A18-55B8-4730-8203-51646567258B}.Release|ARM.Build.0 = Release|Any CPU
		{08423A18-55B8-4730-8203-51646567258B}.Release|ARM.Deploy.0 = Release|Any CPU
		{08423A18-55B8-4730-8203-51646567258B}.Release|ARM64.ActiveCfg = Release|Any CPU
		{08423A18-55B8-4730-8203-51646567258B}.Release|ARM64.Build.0 = Release|Any CPU
		{08423A18-55B8-4730-8203-51646567258B}.Release|ARM64.Deploy.0 = Release|Any CPU
		{08423A18-55B8-4730-8203-51646567258B}.Release|iPhone.ActiveCfg = Release|Any CPU
		{08423A18-55B8-4730-8203-51646567258B}.Release|iPhone.Build.0 = Release|Any CPU
		{08423A18-55B8-4730-8203-51646567258B}.Release|iPhone.Deploy.0 = Release|Any CPU
		{08423A18-55B8-4730-8203-51646567258B}.Release|iPhoneSimulator.ActiveCfg = Release|Any CPU
		{08423A18-55B8-4730-8203-51646567258B}.Release|iPhoneSimulator.Build.0 = Release|Any CPU
		{08423A18-55B8-4730-8203-51646567258B}.Release|iPhoneSimulator.Deploy.0 = Release|Any CPU
		{08423A18-55B8-4730-8203-51646567258B}.Release|x64.ActiveCfg = Release|Any CPU
		{08423A18-55B8-4730-8203-51646567258B}.Release|x64.Build.0 = Release|Any CPU
		{08423A18-55B8-4730-8203-51646567258B}.Release|x64.Deploy.0 = Release|Any CPU
		{08423A18-55B8-4730-8203-51646567258B}.Release|x86.ActiveCfg = Release|Any CPU
		{08423A18-55B8-4730-8203-51646567258B}.Release|x86.Build.0 = Release|Any CPU
		{08423A18-55B8-4730-8203-51646567258B}.Release|x86.Deploy.0 = Release|Any CPU
		{00A21D50-BF6B-4D46-9BB6-C2F20EDC923E}.Ad-Hoc|Any CPU.ActiveCfg = Ad-Hoc|iPhone
		{00A21D50-BF6B-4D46-9BB6-C2F20EDC923E}.Ad-Hoc|ARM.ActiveCfg = Ad-Hoc|iPhone
		{00A21D50-BF6B-4D46-9BB6-C2F20EDC923E}.Ad-Hoc|ARM64.ActiveCfg = Ad-Hoc|iPhone
		{00A21D50-BF6B-4D46-9BB6-C2F20EDC923E}.Ad-Hoc|iPhone.ActiveCfg = Ad-Hoc|iPhone
		{00A21D50-BF6B-4D46-9BB6-C2F20EDC923E}.Ad-Hoc|iPhone.Build.0 = Ad-Hoc|iPhone
		{00A21D50-BF6B-4D46-9BB6-C2F20EDC923E}.Ad-Hoc|iPhoneSimulator.ActiveCfg = Ad-Hoc|iPhoneSimulator
		{00A21D50-BF6B-4D46-9BB6-C2F20EDC923E}.Ad-Hoc|iPhoneSimulator.Build.0 = Ad-Hoc|iPhoneSimulator
		{00A21D50-BF6B-4D46-9BB6-C2F20EDC923E}.Ad-Hoc|x64.ActiveCfg = Ad-Hoc|iPhone
		{00A21D50-BF6B-4D46-9BB6-C2F20EDC923E}.Ad-Hoc|x86.ActiveCfg = Ad-Hoc|iPhone
		{00A21D50-BF6B-4D46-9BB6-C2F20EDC923E}.AppStore|Any CPU.ActiveCfg = AppStore|iPhone
		{00A21D50-BF6B-4D46-9BB6-C2F20EDC923E}.AppStore|ARM.ActiveCfg = AppStore|iPhone
		{00A21D50-BF6B-4D46-9BB6-C2F20EDC923E}.AppStore|ARM64.ActiveCfg = AppStore|iPhone
		{00A21D50-BF6B-4D46-9BB6-C2F20EDC923E}.AppStore|iPhone.ActiveCfg = AppStore|iPhone
		{00A21D50-BF6B-4D46-9BB6-C2F20EDC923E}.AppStore|iPhone.Build.0 = AppStore|iPhone
		{00A21D50-BF6B-4D46-9BB6-C2F20EDC923E}.AppStore|iPhoneSimulator.ActiveCfg = AppStore|iPhoneSimulator
		{00A21D50-BF6B-4D46-9BB6-C2F20EDC923E}.AppStore|iPhoneSimulator.Build.0 = AppStore|iPhoneSimulator
		{00A21D50-BF6B-4D46-9BB6-C2F20EDC923E}.AppStore|x64.ActiveCfg = AppStore|iPhone
		{00A21D50-BF6B-4D46-9BB6-C2F20EDC923E}.AppStore|x86.ActiveCfg = AppStore|iPhone
		{00A21D50-BF6B-4D46-9BB6-C2F20EDC923E}.Debug|Any CPU.ActiveCfg = Debug|iPhone
		{00A21D50-BF6B-4D46-9BB6-C2F20EDC923E}.Debug|ARM.ActiveCfg = Debug|iPhone
		{00A21D50-BF6B-4D46-9BB6-C2F20EDC923E}.Debug|ARM64.ActiveCfg = Debug|iPhone
		{00A21D50-BF6B-4D46-9BB6-C2F20EDC923E}.Debug|iPhone.ActiveCfg = Debug|iPhone
		{00A21D50-BF6B-4D46-9BB6-C2F20EDC923E}.Debug|iPhone.Build.0 = Debug|iPhone
		{00A21D50-BF6B-4D46-9BB6-C2F20EDC923E}.Debug|iPhoneSimulator.ActiveCfg = Debug|iPhoneSimulator
		{00A21D50-BF6B-4D46-9BB6-C2F20EDC923E}.Debug|iPhoneSimulator.Build.0 = Debug|iPhoneSimulator
		{00A21D50-BF6B-4D46-9BB6-C2F20EDC923E}.Debug|x64.ActiveCfg = Debug|iPhone
		{00A21D50-BF6B-4D46-9BB6-C2F20EDC923E}.Debug|x86.ActiveCfg = Debug|iPhone
		{00A21D50-BF6B-4D46-9BB6-C2F20EDC923E}.Release|Any CPU.ActiveCfg = Release|iPhone
		{00A21D50-BF6B-4D46-9BB6-C2F20EDC923E}.Release|ARM.ActiveCfg = Release|iPhone
		{00A21D50-BF6B-4D46-9BB6-C2F20EDC923E}.Release|ARM64.ActiveCfg = Release|iPhone
		{00A21D50-BF6B-4D46-9BB6-C2F20EDC923E}.Release|iPhone.ActiveCfg = Release|iPhone
		{00A21D50-BF6B-4D46-9BB6-C2F20EDC923E}.Release|iPhone.Build.0 = Release|iPhone
		{00A21D50-BF6B-4D46-9BB6-C2F20EDC923E}.Release|iPhoneSimulator.ActiveCfg = Release|iPhoneSimulator
		{00A21D50-BF6B-4D46-9BB6-C2F20EDC923E}.Release|iPhoneSimulator.Build.0 = Release|iPhoneSimulator
		{00A21D50-BF6B-4D46-9BB6-C2F20EDC923E}.Release|x64.ActiveCfg = Release|iPhone
		{00A21D50-BF6B-4D46-9BB6-C2F20EDC923E}.Release|x86.ActiveCfg = Release|iPhone
		{837277AA-2D86-49E9-900A-71F0342B6378}.Ad-Hoc|Any CPU.ActiveCfg = Release|x64
		{837277AA-2D86-49E9-900A-71F0342B6378}.Ad-Hoc|Any CPU.Build.0 = Release|x64
		{837277AA-2D86-49E9-900A-71F0342B6378}.Ad-Hoc|Any CPU.Deploy.0 = Release|x64
		{837277AA-2D86-49E9-900A-71F0342B6378}.Ad-Hoc|ARM.ActiveCfg = Release|ARM
		{837277AA-2D86-49E9-900A-71F0342B6378}.Ad-Hoc|ARM.Build.0 = Release|ARM
		{837277AA-2D86-49E9-900A-71F0342B6378}.Ad-Hoc|ARM.Deploy.0 = Release|ARM
		{837277AA-2D86-49E9-900A-71F0342B6378}.Ad-Hoc|ARM64.ActiveCfg = Release|ARM64
		{837277AA-2D86-49E9-900A-71F0342B6378}.Ad-Hoc|ARM64.Build.0 = Release|ARM64
		{837277AA-2D86-49E9-900A-71F0342B6378}.Ad-Hoc|ARM64.Deploy.0 = Release|ARM64
		{837277AA-2D86-49E9-900A-71F0342B6378}.Ad-Hoc|iPhone.ActiveCfg = Release|x64
		{837277AA-2D86-49E9-900A-71F0342B6378}.Ad-Hoc|iPhone.Build.0 = Release|x64
		{837277AA-2D86-49E9-900A-71F0342B6378}.Ad-Hoc|iPhone.Deploy.0 = Release|x64
		{837277AA-2D86-49E9-900A-71F0342B6378}.Ad-Hoc|iPhoneSimulator.ActiveCfg = Release|x64
		{837277AA-2D86-49E9-900A-71F0342B6378}.Ad-Hoc|iPhoneSimulator.Build.0 = Release|x64
		{837277AA-2D86-49E9-900A-71F0342B6378}.Ad-Hoc|iPhoneSimulator.Deploy.0 = Release|x64
		{837277AA-2D86-49E9-900A-71F0342B6378}.Ad-Hoc|x64.ActiveCfg = Release|x64
		{837277AA-2D86-49E9-900A-71F0342B6378}.Ad-Hoc|x64.Build.0 = Release|x64
		{837277AA-2D86-49E9-900A-71F0342B6378}.Ad-Hoc|x64.Deploy.0 = Release|x64
		{837277AA-2D86-49E9-900A-71F0342B6378}.Ad-Hoc|x86.ActiveCfg = Release|x86
		{837277AA-2D86-49E9-900A-71F0342B6378}.Ad-Hoc|x86.Build.0 = Release|x86
		{837277AA-2D86-49E9-900A-71F0342B6378}.Ad-Hoc|x86.Deploy.0 = Release|x86
		{837277AA-2D86-49E9-900A-71F0342B6378}.AppStore|Any CPU.ActiveCfg = Release|x64
		{837277AA-2D86-49E9-900A-71F0342B6378}.AppStore|Any CPU.Build.0 = Release|x64
		{837277AA-2D86-49E9-900A-71F0342B6378}.AppStore|Any CPU.Deploy.0 = Release|x64
		{837277AA-2D86-49E9-900A-71F0342B6378}.AppStore|ARM.ActiveCfg = Release|ARM
		{837277AA-2D86-49E9-900A-71F0342B6378}.AppStore|ARM.Build.0 = Release|ARM
		{837277AA-2D86-49E9-900A-71F0342B6378}.AppStore|ARM.Deploy.0 = Release|ARM
		{837277AA-2D86-49E9-900A-71F0342B6378}.AppStore|ARM64.ActiveCfg = Release|ARM64
		{837277AA-2D86-49E9-900A-71F0342B6378}.AppStore|ARM64.Build.0 = Release|ARM64
		{837277AA-2D86-49E9-900A-71F0342B6378}.AppStore|ARM64.Deploy.0 = Release|ARM64
		{837277AA-2D86-49E9-900A-71F0342B6378}.AppStore|iPhone.ActiveCfg = Release|x64
		{837277AA-2D86-49E9-900A-71F0342B6378}.AppStore|iPhone.Build.0 = Release|x64
		{837277AA-2D86-49E9-900A-71F0342B6378}.AppStore|iPhone.Deploy.0 = Release|x64
		{837277AA-2D86-49E9-900A-71F0342B6378}.AppStore|iPhoneSimulator.ActiveCfg = Release|x64
		{837277AA-2D86-49E9-900A-71F0342B6378}.AppStore|iPhoneSimulator.Build.0 = Release|x64
		{837277AA-2D86-49E9-900A-71F0342B6378}.AppStore|iPhoneSimulator.Deploy.0 = Release|x64
		{837277AA-2D86-49E9-900A-71F0342B6378}.AppStore|x64.ActiveCfg = Release|x64
		{837277AA-2D86-49E9-900A-71F0342B6378}.AppStore|x64.Build.0 = Release|x64
		{837277AA-2D86-49E9-900A-71F0342B6378}.AppStore|x64.Deploy.0 = Release|x64
		{837277AA-2D86-49E9-900A-71F0342B6378}.AppStore|x86.ActiveCfg = Release|x86
		{837277AA-2D86-49E9-900A-71F0342B6378}.AppStore|x86.Build.0 = Release|x86
		{837277AA-2D86-49E9-900A-71F0342B6378}.AppStore|x86.Deploy.0 = Release|x86
		{837277AA-2D86-49E9-900A-71F0342B6378}.Debug|Any CPU.ActiveCfg = Debug|x86
		{837277AA-2D86-49E9-900A-71F0342B6378}.Debug|ARM.ActiveCfg = Debug|ARM
		{837277AA-2D86-49E9-900A-71F0342B6378}.Debug|ARM.Build.0 = Debug|ARM
		{837277AA-2D86-49E9-900A-71F0342B6378}.Debug|ARM.Deploy.0 = Debug|ARM
		{837277AA-2D86-49E9-900A-71F0342B6378}.Debug|ARM64.ActiveCfg = Debug|ARM64
		{837277AA-2D86-49E9-900A-71F0342B6378}.Debug|ARM64.Build.0 = Debug|ARM64
		{837277AA-2D86-49E9-900A-71F0342B6378}.Debug|ARM64.Deploy.0 = Debug|ARM64
		{837277AA-2D86-49E9-900A-71F0342B6378}.Debug|iPhone.ActiveCfg = Debug|x86
		{837277AA-2D86-49E9-900A-71F0342B6378}.Debug|iPhoneSimulator.ActiveCfg = Debug|x86
		{837277AA-2D86-49E9-900A-71F0342B6378}.Debug|x64.ActiveCfg = Debug|x64
		{837277AA-2D86-49E9-900A-71F0342B6378}.Debug|x64.Build.0 = Debug|x64
		{837277AA-2D86-49E9-900A-71F0342B6378}.Debug|x64.Deploy.0 = Debug|x64
		{837277AA-2D86-49E9-900A-71F0342B6378}.Debug|x86.ActiveCfg = Debug|x86
		{837277AA-2D86-49E9-900A-71F0342B6378}.Debug|x86.Build.0 = Debug|x86
		{837277AA-2D86-49E9-900A-71F0342B6378}.Debug|x86.Deploy.0 = Debug|x86
		{837277AA-2D86-49E9-900A-71F0342B6378}.Release|Any CPU.ActiveCfg = Release|x86
		{837277AA-2D86-49E9-900A-71F0342B6378}.Release|ARM.ActiveCfg = Release|ARM
		{837277AA-2D86-49E9-900A-71F0342B6378}.Release|ARM.Build.0 = Release|ARM
		{837277AA-2D86-49E9-900A-71F0342B6378}.Release|ARM.Deploy.0 = Release|ARM
		{837277AA-2D86-49E9-900A-71F0342B6378}.Release|ARM64.ActiveCfg = Release|ARM64
		{837277AA-2D86-49E9-900A-71F0342B6378}.Release|ARM64.Build.0 = Release|ARM64
		{837277AA-2D86-49E9-900A-71F0342B6378}.Release|ARM64.Deploy.0 = Release|ARM64
		{837277AA-2D86-49E9-900A-71F0342B6378}.Release|iPhone.ActiveCfg = Release|x86
		{837277AA-2D86-49E9-900A-71F0342B6378}.Release|iPhoneSimulator.ActiveCfg = Release|x86
		{837277AA-2D86-49E9-900A-71F0342B6378}.Release|x64.ActiveCfg = Release|x64
		{837277AA-2D86-49E9-900A-71F0342B6378}.Release|x64.Build.0 = Release|x64
		{837277AA-2D86-49E9-900A-71F0342B6378}.Release|x64.Deploy.0 = Release|x64
		{837277AA-2D86-49E9-900A-71F0342B6378}.Release|x86.ActiveCfg = Release|x86
		{837277AA-2D86-49E9-900A-71F0342B6378}.Release|x86.Build.0 = Release|x86
		{837277AA-2D86-49E9-900A-71F0342B6378}.Release|x86.Deploy.0 = Release|x86
		{4B50858B-A522-460C-A9D5-B74C608DAB68}.Ad-Hoc|Any CPU.ActiveCfg = Debug|Any CPU
		{4B50858B-A522-460C-A9D5-B74C608DAB68}.Ad-Hoc|Any CPU.Build.0 = Debug|Any CPU
		{4B50858B-A522-460C-A9D5-B74C608DAB68}.Ad-Hoc|ARM.ActiveCfg = Debug|Any CPU
		{4B50858B-A522-460C-A9D5-B74C608DAB68}.Ad-Hoc|ARM.Build.0 = Debug|Any CPU
		{4B50858B-A522-460C-A9D5-B74C608DAB68}.Ad-Hoc|ARM64.ActiveCfg = Debug|Any CPU
		{4B50858B-A522-460C-A9D5-B74C608DAB68}.Ad-Hoc|ARM64.Build.0 = Debug|Any CPU
		{4B50858B-A522-460C-A9D5-B74C608DAB68}.Ad-Hoc|iPhone.ActiveCfg = Debug|Any CPU
		{4B50858B-A522-460C-A9D5-B74C608DAB68}.Ad-Hoc|iPhone.Build.0 = Debug|Any CPU
		{4B50858B-A522-460C-A9D5-B74C608DAB68}.Ad-Hoc|iPhoneSimulator.ActiveCfg = Debug|Any CPU
		{4B50858B-A522-460C-A9D5-B74C608DAB68}.Ad-Hoc|iPhoneSimulator.Build.0 = Debug|Any CPU
		{4B50858B-A522-460C-A9D5-B74C608DAB68}.Ad-Hoc|x64.ActiveCfg = Debug|Any CPU
		{4B50858B-A522-460C-A9D5-B74C608DAB68}.Ad-Hoc|x64.Build.0 = Debug|Any CPU
		{4B50858B-A522-460C-A9D5-B74C608DAB68}.Ad-Hoc|x86.ActiveCfg = Debug|Any CPU
		{4B50858B-A522-460C-A9D5-B74C608DAB68}.Ad-Hoc|x86.Build.0 = Debug|Any CPU
		{4B50858B-A522-460C-A9D5-B74C608DAB68}.AppStore|Any CPU.ActiveCfg = Debug|Any CPU
		{4B50858B-A522-460C-A9D5-B74C608DAB68}.AppStore|Any CPU.Build.0 = Debug|Any CPU
		{4B50858B-A522-460C-A9D5-B74C608DAB68}.AppStore|ARM.ActiveCfg = Debug|Any CPU
		{4B50858B-A522-460C-A9D5-B74C608DAB68}.AppStore|ARM.Build.0 = Debug|Any CPU
		{4B50858B-A522-460C-A9D5-B74C608DAB68}.AppStore|ARM64.ActiveCfg = Debug|Any CPU
		{4B50858B-A522-460C-A9D5-B74C608DAB68}.AppStore|ARM64.Build.0 = Debug|Any CPU
		{4B50858B-A522-460C-A9D5-B74C608DAB68}.AppStore|iPhone.ActiveCfg = Debug|Any CPU
		{4B50858B-A522-460C-A9D5-B74C608DAB68}.AppStore|iPhone.Build.0 = Debug|Any CPU
		{4B50858B-A522-460C-A9D5-B74C608DAB68}.AppStore|iPhoneSimulator.ActiveCfg = Debug|Any CPU
		{4B50858B-A522-460C-A9D5-B74C608DAB68}.AppStore|iPhoneSimulator.Build.0 = Debug|Any CPU
		{4B50858B-A522-460C-A9D5-B74C608DAB68}.AppStore|x64.ActiveCfg = Debug|Any CPU
		{4B50858B-A522-460C-A9D5-B74C608DAB68}.AppStore|x64.Build.0 = Debug|Any CPU
		{4B50858B-A522-460C-A9D5-B74C608DAB68}.AppStore|x86.ActiveCfg = Debug|Any CPU
		{4B50858B-A522-460C-A9D5-B74C608DAB68}.AppStore|x86.Build.0 = Debug|Any CPU
		{4B50858B-A522-460C-A9D5-B74C608DAB68}.Debug|Any CPU.ActiveCfg = Debug|Any CPU
		{4B50858B-A522-460C-A9D5-B74C608DAB68}.Debug|Any CPU.Build.0 = Debug|Any CPU
		{4B50858B-A522-460C-A9D5-B74C608DAB68}.Debug|ARM.ActiveCfg = Debug|Any CPU
		{4B50858B-A522-460C-A9D5-B74C608DAB68}.Debug|ARM.Build.0 = Debug|Any CPU
		{4B50858B-A522-460C-A9D5-B74C608DAB68}.Debug|ARM64.ActiveCfg = Debug|Any CPU
		{4B50858B-A522-460C-A9D5-B74C608DAB68}.Debug|ARM64.Build.0 = Debug|Any CPU
		{4B50858B-A522-460C-A9D5-B74C608DAB68}.Debug|iPhone.ActiveCfg = Debug|Any CPU
		{4B50858B-A522-460C-A9D5-B74C608DAB68}.Debug|iPhone.Build.0 = Debug|Any CPU
		{4B50858B-A522-460C-A9D5-B74C608DAB68}.Debug|iPhoneSimulator.ActiveCfg = Debug|Any CPU
		{4B50858B-A522-460C-A9D5-B74C608DAB68}.Debug|iPhoneSimulator.Build.0 = Debug|Any CPU
		{4B50858B-A522-460C-A9D5-B74C608DAB68}.Debug|x64.ActiveCfg = Debug|Any CPU
		{4B50858B-A522-460C-A9D5-B74C608DAB68}.Debug|x64.Build.0 = Debug|Any CPU
		{4B50858B-A522-460C-A9D5-B74C608DAB68}.Debug|x86.ActiveCfg = Debug|Any CPU
		{4B50858B-A522-460C-A9D5-B74C608DAB68}.Debug|x86.Build.0 = Debug|Any CPU
		{4B50858B-A522-460C-A9D5-B74C608DAB68}.Release|Any CPU.ActiveCfg = Release|Any CPU
		{4B50858B-A522-460C-A9D5-B74C608DAB68}.Release|Any CPU.Build.0 = Release|Any CPU
		{4B50858B-A522-460C-A9D5-B74C608DAB68}.Release|ARM.ActiveCfg = Release|Any CPU
		{4B50858B-A522-460C-A9D5-B74C608DAB68}.Release|ARM.Build.0 = Release|Any CPU
		{4B50858B-A522-460C-A9D5-B74C608DAB68}.Release|ARM64.ActiveCfg = Release|Any CPU
		{4B50858B-A522-460C-A9D5-B74C608DAB68}.Release|ARM64.Build.0 = Release|Any CPU
		{4B50858B-A522-460C-A9D5-B74C608DAB68}.Release|iPhone.ActiveCfg = Release|Any CPU
		{4B50858B-A522-460C-A9D5-B74C608DAB68}.Release|iPhone.Build.0 = Release|Any CPU
		{4B50858B-A522-460C-A9D5-B74C608DAB68}.Release|iPhoneSimulator.ActiveCfg = Release|Any CPU
		{4B50858B-A522-460C-A9D5-B74C608DAB68}.Release|iPhoneSimulator.Build.0 = Release|Any CPU
		{4B50858B-A522-460C-A9D5-B74C608DAB68}.Release|x64.ActiveCfg = Release|Any CPU
		{4B50858B-A522-460C-A9D5-B74C608DAB68}.Release|x64.Build.0 = Release|Any CPU
		{4B50858B-A522-460C-A9D5-B74C608DAB68}.Release|x86.ActiveCfg = Release|Any CPU
		{4B50858B-A522-460C-A9D5-B74C608DAB68}.Release|x86.Build.0 = Release|Any CPU
		{92075718-FFCA-43DE-ACDB-C64712ED4F5B}.Ad-Hoc|Any CPU.ActiveCfg = Release|iPhoneSimulator
		{92075718-FFCA-43DE-ACDB-C64712ED4F5B}.Ad-Hoc|Any CPU.Build.0 = Release|iPhoneSimulator
		{92075718-FFCA-43DE-ACDB-C64712ED4F5B}.Ad-Hoc|ARM.ActiveCfg = Release|iPhoneSimulator
		{92075718-FFCA-43DE-ACDB-C64712ED4F5B}.Ad-Hoc|ARM.Build.0 = Release|iPhoneSimulator
		{92075718-FFCA-43DE-ACDB-C64712ED4F5B}.Ad-Hoc|ARM64.ActiveCfg = Release|iPhoneSimulator
		{92075718-FFCA-43DE-ACDB-C64712ED4F5B}.Ad-Hoc|ARM64.Build.0 = Release|iPhoneSimulator
		{92075718-FFCA-43DE-ACDB-C64712ED4F5B}.Ad-Hoc|iPhone.ActiveCfg = Release|iPhoneSimulator
		{92075718-FFCA-43DE-ACDB-C64712ED4F5B}.Ad-Hoc|iPhone.Build.0 = Release|iPhoneSimulator
		{92075718-FFCA-43DE-ACDB-C64712ED4F5B}.Ad-Hoc|iPhoneSimulator.ActiveCfg = Release|iPhoneSimulator
		{92075718-FFCA-43DE-ACDB-C64712ED4F5B}.Ad-Hoc|iPhoneSimulator.Build.0 = Release|iPhoneSimulator
		{92075718-FFCA-43DE-ACDB-C64712ED4F5B}.Ad-Hoc|x64.ActiveCfg = Release|iPhoneSimulator
		{92075718-FFCA-43DE-ACDB-C64712ED4F5B}.Ad-Hoc|x64.Build.0 = Release|iPhoneSimulator
		{92075718-FFCA-43DE-ACDB-C64712ED4F5B}.Ad-Hoc|x86.ActiveCfg = Release|iPhoneSimulator
		{92075718-FFCA-43DE-ACDB-C64712ED4F5B}.Ad-Hoc|x86.Build.0 = Release|iPhoneSimulator
		{92075718-FFCA-43DE-ACDB-C64712ED4F5B}.AppStore|Any CPU.ActiveCfg = Release|iPhoneSimulator
		{92075718-FFCA-43DE-ACDB-C64712ED4F5B}.AppStore|Any CPU.Build.0 = Release|iPhoneSimulator
		{92075718-FFCA-43DE-ACDB-C64712ED4F5B}.AppStore|ARM.ActiveCfg = Release|iPhoneSimulator
		{92075718-FFCA-43DE-ACDB-C64712ED4F5B}.AppStore|ARM.Build.0 = Release|iPhoneSimulator
		{92075718-FFCA-43DE-ACDB-C64712ED4F5B}.AppStore|ARM64.ActiveCfg = Release|iPhoneSimulator
		{92075718-FFCA-43DE-ACDB-C64712ED4F5B}.AppStore|ARM64.Build.0 = Release|iPhoneSimulator
		{92075718-FFCA-43DE-ACDB-C64712ED4F5B}.AppStore|iPhone.ActiveCfg = Release|iPhoneSimulator
		{92075718-FFCA-43DE-ACDB-C64712ED4F5B}.AppStore|iPhone.Build.0 = Release|iPhoneSimulator
		{92075718-FFCA-43DE-ACDB-C64712ED4F5B}.AppStore|iPhoneSimulator.ActiveCfg = Release|iPhoneSimulator
		{92075718-FFCA-43DE-ACDB-C64712ED4F5B}.AppStore|iPhoneSimulator.Build.0 = Release|iPhoneSimulator
		{92075718-FFCA-43DE-ACDB-C64712ED4F5B}.AppStore|x64.ActiveCfg = Release|iPhoneSimulator
		{92075718-FFCA-43DE-ACDB-C64712ED4F5B}.AppStore|x64.Build.0 = Release|iPhoneSimulator
		{92075718-FFCA-43DE-ACDB-C64712ED4F5B}.AppStore|x86.ActiveCfg = Release|iPhoneSimulator
		{92075718-FFCA-43DE-ACDB-C64712ED4F5B}.AppStore|x86.Build.0 = Release|iPhoneSimulator
		{92075718-FFCA-43DE-ACDB-C64712ED4F5B}.Debug|Any CPU.ActiveCfg = Debug|iPhoneSimulator
		{92075718-FFCA-43DE-ACDB-C64712ED4F5B}.Debug|ARM.ActiveCfg = Debug|iPhoneSimulator
		{92075718-FFCA-43DE-ACDB-C64712ED4F5B}.Debug|ARM64.ActiveCfg = Debug|iPhoneSimulator
		{92075718-FFCA-43DE-ACDB-C64712ED4F5B}.Debug|iPhone.ActiveCfg = Debug|iPhoneSimulator
		{92075718-FFCA-43DE-ACDB-C64712ED4F5B}.Debug|iPhoneSimulator.ActiveCfg = Debug|iPhoneSimulator
		{92075718-FFCA-43DE-ACDB-C64712ED4F5B}.Debug|iPhoneSimulator.Build.0 = Debug|iPhoneSimulator
		{92075718-FFCA-43DE-ACDB-C64712ED4F5B}.Debug|x64.ActiveCfg = Debug|iPhoneSimulator
		{92075718-FFCA-43DE-ACDB-C64712ED4F5B}.Debug|x86.ActiveCfg = Debug|iPhoneSimulator
		{92075718-FFCA-43DE-ACDB-C64712ED4F5B}.Release|Any CPU.ActiveCfg = Release|iPhoneSimulator
		{92075718-FFCA-43DE-ACDB-C64712ED4F5B}.Release|ARM.ActiveCfg = Release|iPhoneSimulator
		{92075718-FFCA-43DE-ACDB-C64712ED4F5B}.Release|ARM64.ActiveCfg = Release|iPhoneSimulator
		{92075718-FFCA-43DE-ACDB-C64712ED4F5B}.Release|iPhone.ActiveCfg = Release|iPhoneSimulator
		{92075718-FFCA-43DE-ACDB-C64712ED4F5B}.Release|iPhoneSimulator.ActiveCfg = Release|iPhoneSimulator
		{92075718-FFCA-43DE-ACDB-C64712ED4F5B}.Release|iPhoneSimulator.Build.0 = Release|iPhoneSimulator
		{92075718-FFCA-43DE-ACDB-C64712ED4F5B}.Release|x64.ActiveCfg = Release|iPhoneSimulator
		{92075718-FFCA-43DE-ACDB-C64712ED4F5B}.Release|x86.ActiveCfg = Release|iPhoneSimulator
	EndGlobalSection
	GlobalSection(SolutionProperties) = preSolution
		HideSolutionNode = FALSE
	EndGlobalSection
	GlobalSection(ExtensibilityGlobals) = postSolution
		SolutionGuid = {C2CC0738-391E-4A8E-91AA-292E82F5A3FB}
	EndGlobalSection
EndGlobal
