
Microsoft Visual Studio Solution File, Format Version 12.00
# Visual Studio Version 16
VisualStudioVersion = 16.0.30128.74
MinimumVisualStudioVersion = 10.0.40219.1
Project("{D954291E-2A0B-460D-934E-DC6B0785DB48}") = "DualOrNoDual.Shared", "DualOrNoDual\DualOrNoDual.Shared\DualOrNoDual.Shared.shproj", "{6279C845-92F8-4333-AB99-3D213163593C}"
EndProject
Project("{FAE04EC0-301F-11D3-BF4B-00C04F79EFBC}") = "DualOrNoDual.Droid", "DualOrNoDual\DualOrNoDual.Droid\DualOrNoDual.Droid.csproj", "{13BB5BD6-0223-45C7-A42C-962912F2C66C}"
EndProject
Project("{FAE04EC0-301F-11D3-BF4B-00C04F79EFBC}") = "DualOrNoDual.iOS", "DualOrNoDual\DualOrNoDual.iOS\DualOrNoDual.iOS.csproj", "{3DDA930A-F8D8-4B64-94E3-FDCC4C4DE266}"
EndProject
Project("{FAE04EC0-301F-11D3-BF4B-00C04F79EFBC}") = "DualOrNoDual.UWP", "DualOrNoDual\DualOrNoDual.UWP\DualOrNoDual.UWP.csproj", "{00CCCC7A-5CC7-404B-985A-E026695D78B3}"
EndProject
Project("{FAE04EC0-301F-11D3-BF4B-00C04F79EFBC}") = "DualOrNoDual.Wasm", "DualOrNoDual\DualOrNoDual.Wasm\DualOrNoDual.Wasm.csproj", "{2C27D8C7-2E7F-4F4D-98F2-F9362460D6C7}"
EndProject
Project("{FAE04EC0-301F-11D3-BF4B-00C04F79EFBC}") = "DualOrNoDual.macOS", "DualOrNoDual\DualOrNoDual.macOS\DualOrNoDual.macOS.csproj", "{3B7D2C8A-E0C9-49FC-ADC4-4773BF5C1B5E}"
EndProject
Global
	GlobalSection(SharedMSBuildProjectFiles) = preSolution
		DualOrNoDual\DualOrNoDual.Shared\DualOrNoDual.Shared.projitems*{00cccc7a-5cc7-404b-985a-e026695d78b3}*SharedItemsImports = 4
		DualOrNoDual\DualOrNoDual.Shared\DualOrNoDual.Shared.projitems*{13bb5bd6-0223-45c7-a42c-962912f2c66c}*SharedItemsImports = 4
		DualOrNoDual\DualOrNoDual.Shared\DualOrNoDual.Shared.projitems*{2c27d8c7-2e7f-4f4d-98f2-f9362460d6c7}*SharedItemsImports = 5
		DualOrNoDual\DualOrNoDual.Shared\DualOrNoDual.Shared.projitems*{3b7d2c8a-e0c9-49fc-adc4-4773bf5c1b5e}*SharedItemsImports = 4
		DualOrNoDual\DualOrNoDual.Shared\DualOrNoDual.Shared.projitems*{3dda930a-f8d8-4b64-94e3-fdcc4c4de266}*SharedItemsImports = 4
		DualOrNoDual\DualOrNoDual.Shared\DualOrNoDual.Shared.projitems*{6279c845-92f8-4333-ab99-3d213163593c}*SharedItemsImports = 13
	EndGlobalSection
	GlobalSection(SolutionConfigurationPlatforms) = preSolution
		Ad-Hoc|Any CPU = Ad-Hoc|Any CPU
		Ad-Hoc|ARM = Ad-Hoc|ARM
		Ad-Hoc|ARM64 = Ad-Hoc|ARM64
		Ad-Hoc|iPhone = Ad-Hoc|iPhone
		Ad-Hoc|iPhoneSimulator = Ad-Hoc|iPhoneSimulator
		Ad-Hoc|x64 = Ad-Hoc|x64
		Ad-Hoc|x86 = Ad-Hoc|x86
		AppStore|Any CPU = AppStore|Any CPU
		AppStore|ARM = AppStore|ARM
		AppStore|ARM64 = AppStore|ARM64
		AppStore|iPhone = AppStore|iPhone
		AppStore|iPhoneSimulator = AppStore|iPhoneSimulator
		AppStore|x64 = AppStore|x64
		AppStore|x86 = AppStore|x86
		Debug|Any CPU = Debug|Any CPU
		Debug|ARM = Debug|ARM
		Debug|ARM64 = Debug|ARM64
		Debug|iPhone = Debug|iPhone
		Debug|iPhoneSimulator = Debug|iPhoneSimulator
		Debug|x64 = Debug|x64
		Debug|x86 = Debug|x86
		Release|Any CPU = Release|Any CPU
		Release|ARM = Release|ARM
		Release|ARM64 = Release|ARM64
		Release|iPhone = Release|iPhone
		Release|iPhoneSimulator = Release|iPhoneSimulator
		Release|x64 = Release|x64
		Release|x86 = Release|x86
	EndGlobalSection
	GlobalSection(ProjectConfigurationPlatforms) = postSolution
		{13BB5BD6-0223-45C7-A42C-962912F2C66C}.Ad-Hoc|Any CPU.ActiveCfg = Release|Any CPU
		{13BB5BD6-0223-45C7-A42C-962912F2C66C}.Ad-Hoc|Any CPU.Build.0 = Release|Any CPU
		{13BB5BD6-0223-45C7-A42C-962912F2C66C}.Ad-Hoc|Any CPU.Deploy.0 = Release|Any CPU
		{13BB5BD6-0223-45C7-A42C-962912F2C66C}.Ad-Hoc|ARM.ActiveCfg = Release|Any CPU
		{13BB5BD6-0223-45C7-A42C-962912F2C66C}.Ad-Hoc|ARM.Build.0 = Release|Any CPU
		{13BB5BD6-0223-45C7-A42C-962912F2C66C}.Ad-Hoc|ARM.Deploy.0 = Release|Any CPU
		{13BB5BD6-0223-45C7-A42C-962912F2C66C}.Ad-Hoc|ARM64.ActiveCfg = Release|Any CPU
		{13BB5BD6-0223-45C7-A42C-962912F2C66C}.Ad-Hoc|ARM64.Build.0 = Release|Any CPU
		{13BB5BD6-0223-45C7-A42C-962912F2C66C}.Ad-Hoc|ARM64.Deploy.0 = Release|Any CPU
		{13BB5BD6-0223-45C7-A42C-962912F2C66C}.Ad-Hoc|iPhone.ActiveCfg = Release|Any CPU
		{13BB5BD6-0223-45C7-A42C-962912F2C66C}.Ad-Hoc|iPhone.Build.0 = Release|Any CPU
		{13BB5BD6-0223-45C7-A42C-962912F2C66C}.Ad-Hoc|iPhone.Deploy.0 = Release|Any CPU
		{13BB5BD6-0223-45C7-A42C-962912F2C66C}.Ad-Hoc|iPhoneSimulator.ActiveCfg = Release|Any CPU
		{13BB5BD6-0223-45C7-A42C-962912F2C66C}.Ad-Hoc|iPhoneSimulator.Build.0 = Release|Any CPU
		{13BB5BD6-0223-45C7-A42C-962912F2C66C}.Ad-Hoc|iPhoneSimulator.Deploy.0 = Release|Any CPU
		{13BB5BD6-0223-45C7-A42C-962912F2C66C}.Ad-Hoc|x64.ActiveCfg = Release|Any CPU
		{13BB5BD6-0223-45C7-A42C-962912F2C66C}.Ad-Hoc|x64.Build.0 = Release|Any CPU
		{13BB5BD6-0223-45C7-A42C-962912F2C66C}.Ad-Hoc|x64.Deploy.0 = Release|Any CPU
		{13BB5BD6-0223-45C7-A42C-962912F2C66C}.Ad-Hoc|x86.ActiveCfg = Release|Any CPU
		{13BB5BD6-0223-45C7-A42C-962912F2C66C}.Ad-Hoc|x86.Build.0 = Release|Any CPU
		{13BB5BD6-0223-45C7-A42C-962912F2C66C}.Ad-Hoc|x86.Deploy.0 = Release|Any CPU
		{13BB5BD6-0223-45C7-A42C-962912F2C66C}.AppStore|Any CPU.ActiveCfg = Release|Any CPU
		{13BB5BD6-0223-45C7-A42C-962912F2C66C}.AppStore|Any CPU.Build.0 = Release|Any CPU
		{13BB5BD6-0223-45C7-A42C-962912F2C66C}.AppStore|Any CPU.Deploy.0 = Release|Any CPU
		{13BB5BD6-0223-45C7-A42C-962912F2C66C}.AppStore|ARM.ActiveCfg = Release|Any CPU
		{13BB5BD6-0223-45C7-A42C-962912F2C66C}.AppStore|ARM.Build.0 = Release|Any CPU
		{13BB5BD6-0223-45C7-A42C-962912F2C66C}.AppStore|ARM.Deploy.0 = Release|Any CPU
		{13BB5BD6-0223-45C7-A42C-962912F2C66C}.AppStore|ARM64.ActiveCfg = Release|Any CPU
		{13BB5BD6-0223-45C7-A42C-962912F2C66C}.AppStore|ARM64.Build.0 = Release|Any CPU
		{13BB5BD6-0223-45C7-A42C-962912F2C66C}.AppStore|ARM64.Deploy.0 = Release|Any CPU
		{13BB5BD6-0223-45C7-A42C-962912F2C66C}.AppStore|iPhone.ActiveCfg = Release|Any CPU
		{13BB5BD6-0223-45C7-A42C-962912F2C66C}.AppStore|iPhone.Build.0 = Release|Any CPU
		{13BB5BD6-0223-45C7-A42C-962912F2C66C}.AppStore|iPhone.Deploy.0 = Release|Any CPU
		{13BB5BD6-0223-45C7-A42C-962912F2C66C}.AppStore|iPhoneSimulator.ActiveCfg = Release|Any CPU
		{13BB5BD6-0223-45C7-A42C-962912F2C66C}.AppStore|iPhoneSimulator.Build.0 = Release|Any CPU
		{13BB5BD6-0223-45C7-A42C-962912F2C66C}.AppStore|iPhoneSimulator.Deploy.0 = Release|Any CPU
		{13BB5BD6-0223-45C7-A42C-962912F2C66C}.AppStore|x64.ActiveCfg = Release|Any CPU
		{13BB5BD6-0223-45C7-A42C-962912F2C66C}.AppStore|x64.Build.0 = Release|Any CPU
		{13BB5BD6-0223-45C7-A42C-962912F2C66C}.AppStore|x64.Deploy.0 = Release|Any CPU
		{13BB5BD6-0223-45C7-A42C-962912F2C66C}.AppStore|x86.ActiveCfg = Release|Any CPU
		{13BB5BD6-0223-45C7-A42C-962912F2C66C}.AppStore|x86.Build.0 = Release|Any CPU
		{13BB5BD6-0223-45C7-A42C-962912F2C66C}.AppStore|x86.Deploy.0 = Release|Any CPU
		{13BB5BD6-0223-45C7-A42C-962912F2C66C}.Debug|Any CPU.ActiveCfg = Debug|Any CPU
		{13BB5BD6-0223-45C7-A42C-962912F2C66C}.Debug|Any CPU.Build.0 = Debug|Any CPU
		{13BB5BD6-0223-45C7-A42C-962912F2C66C}.Debug|Any CPU.Deploy.0 = Debug|Any CPU
		{13BB5BD6-0223-45C7-A42C-962912F2C66C}.Debug|ARM.ActiveCfg = Debug|Any CPU
		{13BB5BD6-0223-45C7-A42C-962912F2C66C}.Debug|ARM.Build.0 = Debug|Any CPU
		{13BB5BD6-0223-45C7-A42C-962912F2C66C}.Debug|ARM.Deploy.0 = Debug|Any CPU
		{13BB5BD6-0223-45C7-A42C-962912F2C66C}.Debug|ARM64.ActiveCfg = Debug|Any CPU
		{13BB5BD6-0223-45C7-A42C-962912F2C66C}.Debug|ARM64.Build.0 = Debug|Any CPU
		{13BB5BD6-0223-45C7-A42C-962912F2C66C}.Debug|ARM64.Deploy.0 = Debug|Any CPU
		{13BB5BD6-0223-45C7-A42C-962912F2C66C}.Debug|iPhone.ActiveCfg = Debug|Any CPU
		{13BB5BD6-0223-45C7-A42C-962912F2C66C}.Debug|iPhone.Build.0 = Debug|Any CPU
		{13BB5BD6-0223-45C7-A42C-962912F2C66C}.Debug|iPhone.Deploy.0 = Debug|Any CPU
		{13BB5BD6-0223-45C7-A42C-962912F2C66C}.Debug|iPhoneSimulator.ActiveCfg = Debug|Any CPU
		{13BB5BD6-0223-45C7-A42C-962912F2C66C}.Debug|iPhoneSimulator.Build.0 = Debug|Any CPU
		{13BB5BD6-0223-45C7-A42C-962912F2C66C}.Debug|iPhoneSimulator.Deploy.0 = Debug|Any CPU
		{13BB5BD6-0223-45C7-A42C-962912F2C66C}.Debug|x64.ActiveCfg = Debug|Any CPU
		{13BB5BD6-0223-45C7-A42C-962912F2C66C}.Debug|x64.Build.0 = Debug|Any CPU
		{13BB5BD6-0223-45C7-A42C-962912F2C66C}.Debug|x64.Deploy.0 = Debug|Any CPU
		{13BB5BD6-0223-45C7-A42C-962912F2C66C}.Debug|x86.ActiveCfg = Debug|Any CPU
		{13BB5BD6-0223-45C7-A42C-962912F2C66C}.Debug|x86.Build.0 = Debug|Any CPU
		{13BB5BD6-0223-45C7-A42C-962912F2C66C}.Debug|x86.Deploy.0 = Debug|Any CPU
		{13BB5BD6-0223-45C7-A42C-962912F2C66C}.Release|Any CPU.ActiveCfg = Release|Any CPU
		{13BB5BD6-0223-45C7-A42C-962912F2C66C}.Release|Any CPU.Build.0 = Release|Any CPU
		{13BB5BD6-0223-45C7-A42C-962912F2C66C}.Release|Any CPU.Deploy.0 = Release|Any CPU
		{13BB5BD6-0223-45C7-A42C-962912F2C66C}.Release|ARM.ActiveCfg = Release|Any CPU
		{13BB5BD6-0223-45C7-A42C-962912F2C66C}.Release|ARM.Build.0 = Release|Any CPU
		{13BB5BD6-0223-45C7-A42C-962912F2C66C}.Release|ARM.Deploy.0 = Release|Any CPU
		{13BB5BD6-0223-45C7-A42C-962912F2C66C}.Release|ARM64.ActiveCfg = Release|Any CPU
		{13BB5BD6-0223-45C7-A42C-962912F2C66C}.Release|ARM64.Build.0 = Release|Any CPU
		{13BB5BD6-0223-45C7-A42C-962912F2C66C}.Release|ARM64.Deploy.0 = Release|Any CPU
		{13BB5BD6-0223-45C7-A42C-962912F2C66C}.Release|iPhone.ActiveCfg = Release|Any CPU
		{13BB5BD6-0223-45C7-A42C-962912F2C66C}.Release|iPhone.Build.0 = Release|Any CPU
		{13BB5BD6-0223-45C7-A42C-962912F2C66C}.Release|iPhone.Deploy.0 = Release|Any CPU
		{13BB5BD6-0223-45C7-A42C-962912F2C66C}.Release|iPhoneSimulator.ActiveCfg = Release|Any CPU
		{13BB5BD6-0223-45C7-A42C-962912F2C66C}.Release|iPhoneSimulator.Build.0 = Release|Any CPU
		{13BB5BD6-0223-45C7-A42C-962912F2C66C}.Release|iPhoneSimulator.Deploy.0 = Release|Any CPU
		{13BB5BD6-0223-45C7-A42C-962912F2C66C}.Release|x64.ActiveCfg = Release|Any CPU
		{13BB5BD6-0223-45C7-A42C-962912F2C66C}.Release|x64.Build.0 = Release|Any CPU
		{13BB5BD6-0223-45C7-A42C-962912F2C66C}.Release|x64.Deploy.0 = Release|Any CPU
		{13BB5BD6-0223-45C7-A42C-962912F2C66C}.Release|x86.ActiveCfg = Release|Any CPU
		{13BB5BD6-0223-45C7-A42C-962912F2C66C}.Release|x86.Build.0 = Release|Any CPU
		{13BB5BD6-0223-45C7-A42C-962912F2C66C}.Release|x86.Deploy.0 = Release|Any CPU
		{3DDA930A-F8D8-4B64-94E3-FDCC4C4DE266}.Ad-Hoc|Any CPU.ActiveCfg = Ad-Hoc|iPhone
		{3DDA930A-F8D8-4B64-94E3-FDCC4C4DE266}.Ad-Hoc|ARM.ActiveCfg = Ad-Hoc|iPhone
		{3DDA930A-F8D8-4B64-94E3-FDCC4C4DE266}.Ad-Hoc|ARM64.ActiveCfg = Ad-Hoc|iPhone
		{3DDA930A-F8D8-4B64-94E3-FDCC4C4DE266}.Ad-Hoc|iPhone.ActiveCfg = Ad-Hoc|iPhone
		{3DDA930A-F8D8-4B64-94E3-FDCC4C4DE266}.Ad-Hoc|iPhone.Build.0 = Ad-Hoc|iPhone
		{3DDA930A-F8D8-4B64-94E3-FDCC4C4DE266}.Ad-Hoc|iPhoneSimulator.ActiveCfg = Ad-Hoc|iPhoneSimulator
		{3DDA930A-F8D8-4B64-94E3-FDCC4C4DE266}.Ad-Hoc|iPhoneSimulator.Build.0 = Ad-Hoc|iPhoneSimulator
		{3DDA930A-F8D8-4B64-94E3-FDCC4C4DE266}.Ad-Hoc|x64.ActiveCfg = Ad-Hoc|iPhone
		{3DDA930A-F8D8-4B64-94E3-FDCC4C4DE266}.Ad-Hoc|x86.ActiveCfg = Ad-Hoc|iPhone
		{3DDA930A-F8D8-4B64-94E3-FDCC4C4DE266}.AppStore|Any CPU.ActiveCfg = AppStore|iPhone
		{3DDA930A-F8D8-4B64-94E3-FDCC4C4DE266}.AppStore|ARM.ActiveCfg = AppStore|iPhone
		{3DDA930A-F8D8-4B64-94E3-FDCC4C4DE266}.AppStore|ARM64.ActiveCfg = AppStore|iPhone
		{3DDA930A-F8D8-4B64-94E3-FDCC4C4DE266}.AppStore|iPhone.ActiveCfg = AppStore|iPhone
		{3DDA930A-F8D8-4B64-94E3-FDCC4C4DE266}.AppStore|iPhone.Build.0 = AppStore|iPhone
		{3DDA930A-F8D8-4B64-94E3-FDCC4C4DE266}.AppStore|iPhoneSimulator.ActiveCfg = AppStore|iPhoneSimulator
		{3DDA930A-F8D8-4B64-94E3-FDCC4C4DE266}.AppStore|iPhoneSimulator.Build.0 = AppStore|iPhoneSimulator
		{3DDA930A-F8D8-4B64-94E3-FDCC4C4DE266}.AppStore|x64.ActiveCfg = AppStore|iPhone
		{3DDA930A-F8D8-4B64-94E3-FDCC4C4DE266}.AppStore|x86.ActiveCfg = AppStore|iPhone
		{3DDA930A-F8D8-4B64-94E3-FDCC4C4DE266}.Debug|Any CPU.ActiveCfg = Debug|iPhone
		{3DDA930A-F8D8-4B64-94E3-FDCC4C4DE266}.Debug|ARM.ActiveCfg = Debug|iPhone
		{3DDA930A-F8D8-4B64-94E3-FDCC4C4DE266}.Debug|ARM64.ActiveCfg = Debug|iPhone
		{3DDA930A-F8D8-4B64-94E3-FDCC4C4DE266}.Debug|iPhone.ActiveCfg = Debug|iPhone
		{3DDA930A-F8D8-4B64-94E3-FDCC4C4DE266}.Debug|iPhone.Build.0 = Debug|iPhone
		{3DDA930A-F8D8-4B64-94E3-FDCC4C4DE266}.Debug|iPhoneSimulator.ActiveCfg = Debug|iPhoneSimulator
		{3DDA930A-F8D8-4B64-94E3-FDCC4C4DE266}.Debug|iPhoneSimulator.Build.0 = Debug|iPhoneSimulator
		{3DDA930A-F8D8-4B64-94E3-FDCC4C4DE266}.Debug|x64.ActiveCfg = Debug|iPhone
		{3DDA930A-F8D8-4B64-94E3-FDCC4C4DE266}.Debug|x86.ActiveCfg = Debug|iPhone
		{3DDA930A-F8D8-4B64-94E3-FDCC4C4DE266}.Release|Any CPU.ActiveCfg = Release|iPhone
		{3DDA930A-F8D8-4B64-94E3-FDCC4C4DE266}.Release|ARM.ActiveCfg = Release|iPhone
		{3DDA930A-F8D8-4B64-94E3-FDCC4C4DE266}.Release|ARM64.ActiveCfg = Release|iPhone
		{3DDA930A-F8D8-4B64-94E3-FDCC4C4DE266}.Release|iPhone.ActiveCfg = Release|iPhone
		{3DDA930A-F8D8-4B64-94E3-FDCC4C4DE266}.Release|iPhone.Build.0 = Release|iPhone
		{3DDA930A-F8D8-4B64-94E3-FDCC4C4DE266}.Release|iPhoneSimulator.ActiveCfg = Release|iPhoneSimulator
		{3DDA930A-F8D8-4B64-94E3-FDCC4C4DE266}.Release|iPhoneSimulator.Build.0 = Release|iPhoneSimulator
		{3DDA930A-F8D8-4B64-94E3-FDCC4C4DE266}.Release|x64.ActiveCfg = Release|iPhone
		{3DDA930A-F8D8-4B64-94E3-FDCC4C4DE266}.Release|x86.ActiveCfg = Release|iPhone
		{00CCCC7A-5CC7-404B-985A-E026695D78B3}.Ad-Hoc|Any CPU.ActiveCfg = Release|x64
		{00CCCC7A-5CC7-404B-985A-E026695D78B3}.Ad-Hoc|Any CPU.Build.0 = Release|x64
		{00CCCC7A-5CC7-404B-985A-E026695D78B3}.Ad-Hoc|Any CPU.Deploy.0 = Release|x64
		{00CCCC7A-5CC7-404B-985A-E026695D78B3}.Ad-Hoc|ARM.ActiveCfg = Release|ARM
		{00CCCC7A-5CC7-404B-985A-E026695D78B3}.Ad-Hoc|ARM.Build.0 = Release|ARM
		{00CCCC7A-5CC7-404B-985A-E026695D78B3}.Ad-Hoc|ARM.Deploy.0 = Release|ARM
		{00CCCC7A-5CC7-404B-985A-E026695D78B3}.Ad-Hoc|ARM64.ActiveCfg = Release|ARM64
		{00CCCC7A-5CC7-404B-985A-E026695D78B3}.Ad-Hoc|ARM64.Build.0 = Release|ARM64
		{00CCCC7A-5CC7-404B-985A-E026695D78B3}.Ad-Hoc|ARM64.Deploy.0 = Release|ARM64
		{00CCCC7A-5CC7-404B-985A-E026695D78B3}.Ad-Hoc|iPhone.ActiveCfg = Release|x64
		{00CCCC7A-5CC7-404B-985A-E026695D78B3}.Ad-Hoc|iPhone.Build.0 = Release|x64
		{00CCCC7A-5CC7-404B-985A-E026695D78B3}.Ad-Hoc|iPhone.Deploy.0 = Release|x64
		{00CCCC7A-5CC7-404B-985A-E026695D78B3}.Ad-Hoc|iPhoneSimulator.ActiveCfg = Release|x64
		{00CCCC7A-5CC7-404B-985A-E026695D78B3}.Ad-Hoc|iPhoneSimulator.Build.0 = Release|x64
		{00CCCC7A-5CC7-404B-985A-E026695D78B3}.Ad-Hoc|iPhoneSimulator.Deploy.0 = Release|x64
		{00CCCC7A-5CC7-404B-985A-E026695D78B3}.Ad-Hoc|x64.ActiveCfg = Release|x64
		{00CCCC7A-5CC7-404B-985A-E026695D78B3}.Ad-Hoc|x64.Build.0 = Release|x64
		{00CCCC7A-5CC7-404B-985A-E026695D78B3}.Ad-Hoc|x64.Deploy.0 = Release|x64
		{00CCCC7A-5CC7-404B-985A-E026695D78B3}.Ad-Hoc|x86.ActiveCfg = Release|x86
		{00CCCC7A-5CC7-404B-985A-E026695D78B3}.Ad-Hoc|x86.Build.0 = Release|x86
		{00CCCC7A-5CC7-404B-985A-E026695D78B3}.Ad-Hoc|x86.Deploy.0 = Release|x86
		{00CCCC7A-5CC7-404B-985A-E026695D78B3}.AppStore|Any CPU.ActiveCfg = Release|x64
		{00CCCC7A-5CC7-404B-985A-E026695D78B3}.AppStore|Any CPU.Build.0 = Release|x64
		{00CCCC7A-5CC7-404B-985A-E026695D78B3}.AppStore|Any CPU.Deploy.0 = Release|x64
		{00CCCC7A-5CC7-404B-985A-E026695D78B3}.AppStore|ARM.ActiveCfg = Release|ARM
		{00CCCC7A-5CC7-404B-985A-E026695D78B3}.AppStore|ARM.Build.0 = Release|ARM
		{00CCCC7A-5CC7-404B-985A-E026695D78B3}.AppStore|ARM.Deploy.0 = Release|ARM
		{00CCCC7A-5CC7-404B-985A-E026695D78B3}.AppStore|ARM64.ActiveCfg = Release|ARM64
		{00CCCC7A-5CC7-404B-985A-E026695D78B3}.AppStore|ARM64.Build.0 = Release|ARM64
		{00CCCC7A-5CC7-404B-985A-E026695D78B3}.AppStore|ARM64.Deploy.0 = Release|ARM64
		{00CCCC7A-5CC7-404B-985A-E026695D78B3}.AppStore|iPhone.ActiveCfg = Release|x64
		{00CCCC7A-5CC7-404B-985A-E026695D78B3}.AppStore|iPhone.Build.0 = Release|x64
		{00CCCC7A-5CC7-404B-985A-E026695D78B3}.AppStore|iPhone.Deploy.0 = Release|x64
		{00CCCC7A-5CC7-404B-985A-E026695D78B3}.AppStore|iPhoneSimulator.ActiveCfg = Release|x64
		{00CCCC7A-5CC7-404B-985A-E026695D78B3}.AppStore|iPhoneSimulator.Build.0 = Release|x64
		{00CCCC7A-5CC7-404B-985A-E026695D78B3}.AppStore|iPhoneSimulator.Deploy.0 = Release|x64
		{00CCCC7A-5CC7-404B-985A-E026695D78B3}.AppStore|x64.ActiveCfg = Release|x64
		{00CCCC7A-5CC7-404B-985A-E026695D78B3}.AppStore|x64.Build.0 = Release|x64
		{00CCCC7A-5CC7-404B-985A-E026695D78B3}.AppStore|x64.Deploy.0 = Release|x64
		{00CCCC7A-5CC7-404B-985A-E026695D78B3}.AppStore|x86.ActiveCfg = Release|x86
		{00CCCC7A-5CC7-404B-985A-E026695D78B3}.AppStore|x86.Build.0 = Release|x86
		{00CCCC7A-5CC7-404B-985A-E026695D78B3}.AppStore|x86.Deploy.0 = Release|x86
		{00CCCC7A-5CC7-404B-985A-E026695D78B3}.Debug|Any CPU.ActiveCfg = Debug|x86
		{00CCCC7A-5CC7-404B-985A-E026695D78B3}.Debug|ARM.ActiveCfg = Debug|ARM
		{00CCCC7A-5CC7-404B-985A-E026695D78B3}.Debug|ARM.Build.0 = Debug|ARM
		{00CCCC7A-5CC7-404B-985A-E026695D78B3}.Debug|ARM.Deploy.0 = Debug|ARM
		{00CCCC7A-5CC7-404B-985A-E026695D78B3}.Debug|ARM64.ActiveCfg = Debug|ARM64
		{00CCCC7A-5CC7-404B-985A-E026695D78B3}.Debug|ARM64.Build.0 = Debug|ARM64
		{00CCCC7A-5CC7-404B-985A-E026695D78B3}.Debug|ARM64.Deploy.0 = Debug|ARM64
		{00CCCC7A-5CC7-404B-985A-E026695D78B3}.Debug|iPhone.ActiveCfg = Debug|x86
		{00CCCC7A-5CC7-404B-985A-E026695D78B3}.Debug|iPhoneSimulator.ActiveCfg = Debug|x86
		{00CCCC7A-5CC7-404B-985A-E026695D78B3}.Debug|x64.ActiveCfg = Debug|x64
		{00CCCC7A-5CC7-404B-985A-E026695D78B3}.Debug|x64.Build.0 = Debug|x64
		{00CCCC7A-5CC7-404B-985A-E026695D78B3}.Debug|x64.Deploy.0 = Debug|x64
		{00CCCC7A-5CC7-404B-985A-E026695D78B3}.Debug|x86.ActiveCfg = Debug|x86
		{00CCCC7A-5CC7-404B-985A-E026695D78B3}.Debug|x86.Build.0 = Debug|x86
		{00CCCC7A-5CC7-404B-985A-E026695D78B3}.Debug|x86.Deploy.0 = Debug|x86
		{00CCCC7A-5CC7-404B-985A-E026695D78B3}.Release|Any CPU.ActiveCfg = Release|x86
		{00CCCC7A-5CC7-404B-985A-E026695D78B3}.Release|ARM.ActiveCfg = Release|ARM
		{00CCCC7A-5CC7-404B-985A-E026695D78B3}.Release|ARM.Build.0 = Release|ARM
		{00CCCC7A-5CC7-404B-985A-E026695D78B3}.Release|ARM.Deploy.0 = Release|ARM
		{00CCCC7A-5CC7-404B-985A-E026695D78B3}.Release|ARM64.ActiveCfg = Release|ARM64
		{00CCCC7A-5CC7-404B-985A-E026695D78B3}.Release|ARM64.Build.0 = Release|ARM64
		{00CCCC7A-5CC7-404B-985A-E026695D78B3}.Release|ARM64.Deploy.0 = Release|ARM64
		{00CCCC7A-5CC7-404B-985A-E026695D78B3}.Release|iPhone.ActiveCfg = Release|x86
		{00CCCC7A-5CC7-404B-985A-E026695D78B3}.Release|iPhoneSimulator.ActiveCfg = Release|x86
		{00CCCC7A-5CC7-404B-985A-E026695D78B3}.Release|x64.ActiveCfg = Release|x64
		{00CCCC7A-5CC7-404B-985A-E026695D78B3}.Release|x64.Build.0 = Release|x64
		{00CCCC7A-5CC7-404B-985A-E026695D78B3}.Release|x64.Deploy.0 = Release|x64
		{00CCCC7A-5CC7-404B-985A-E026695D78B3}.Release|x86.ActiveCfg = Release|x86
		{00CCCC7A-5CC7-404B-985A-E026695D78B3}.Release|x86.Build.0 = Release|x86
		{00CCCC7A-5CC7-404B-985A-E026695D78B3}.Release|x86.Deploy.0 = Release|x86
		{2C27D8C7-2E7F-4F4D-98F2-F9362460D6C7}.Ad-Hoc|Any CPU.ActiveCfg = Debug|Any CPU
		{2C27D8C7-2E7F-4F4D-98F2-F9362460D6C7}.Ad-Hoc|Any CPU.Build.0 = Debug|Any CPU
		{2C27D8C7-2E7F-4F4D-98F2-F9362460D6C7}.Ad-Hoc|ARM.ActiveCfg = Debug|Any CPU
		{2C27D8C7-2E7F-4F4D-98F2-F9362460D6C7}.Ad-Hoc|ARM.Build.0 = Debug|Any CPU
		{2C27D8C7-2E7F-4F4D-98F2-F9362460D6C7}.Ad-Hoc|ARM64.ActiveCfg = Debug|Any CPU
		{2C27D8C7-2E7F-4F4D-98F2-F9362460D6C7}.Ad-Hoc|ARM64.Build.0 = Debug|Any CPU
		{2C27D8C7-2E7F-4F4D-98F2-F9362460D6C7}.Ad-Hoc|iPhone.ActiveCfg = Debug|Any CPU
		{2C27D8C7-2E7F-4F4D-98F2-F9362460D6C7}.Ad-Hoc|iPhone.Build.0 = Debug|Any CPU
		{2C27D8C7-2E7F-4F4D-98F2-F9362460D6C7}.Ad-Hoc|iPhoneSimulator.ActiveCfg = Debug|Any CPU
		{2C27D8C7-2E7F-4F4D-98F2-F9362460D6C7}.Ad-Hoc|iPhoneSimulator.Build.0 = Debug|Any CPU
		{2C27D8C7-2E7F-4F4D-98F2-F9362460D6C7}.Ad-Hoc|x64.ActiveCfg = Debug|Any CPU
		{2C27D8C7-2E7F-4F4D-98F2-F9362460D6C7}.Ad-Hoc|x64.Build.0 = Debug|Any CPU
		{2C27D8C7-2E7F-4F4D-98F2-F9362460D6C7}.Ad-Hoc|x86.ActiveCfg = Debug|Any CPU
		{2C27D8C7-2E7F-4F4D-98F2-F9362460D6C7}.Ad-Hoc|x86.Build.0 = Debug|Any CPU
		{2C27D8C7-2E7F-4F4D-98F2-F9362460D6C7}.AppStore|Any CPU.ActiveCfg = Debug|Any CPU
		{2C27D8C7-2E7F-4F4D-98F2-F9362460D6C7}.AppStore|Any CPU.Build.0 = Debug|Any CPU
		{2C27D8C7-2E7F-4F4D-98F2-F9362460D6C7}.AppStore|ARM.ActiveCfg = Debug|Any CPU
		{2C27D8C7-2E7F-4F4D-98F2-F9362460D6C7}.AppStore|ARM.Build.0 = Debug|Any CPU
		{2C27D8C7-2E7F-4F4D-98F2-F9362460D6C7}.AppStore|ARM64.ActiveCfg = Debug|Any CPU
		{2C27D8C7-2E7F-4F4D-98F2-F9362460D6C7}.AppStore|ARM64.Build.0 = Debug|Any CPU
		{2C27D8C7-2E7F-4F4D-98F2-F9362460D6C7}.AppStore|iPhone.ActiveCfg = Debug|Any CPU
		{2C27D8C7-2E7F-4F4D-98F2-F9362460D6C7}.AppStore|iPhone.Build.0 = Debug|Any CPU
		{2C27D8C7-2E7F-4F4D-98F2-F9362460D6C7}.AppStore|iPhoneSimulator.ActiveCfg = Debug|Any CPU
		{2C27D8C7-2E7F-4F4D-98F2-F9362460D6C7}.AppStore|iPhoneSimulator.Build.0 = Debug|Any CPU
		{2C27D8C7-2E7F-4F4D-98F2-F9362460D6C7}.AppStore|x64.ActiveCfg = Debug|Any CPU
		{2C27D8C7-2E7F-4F4D-98F2-F9362460D6C7}.AppStore|x64.Build.0 = Debug|Any CPU
		{2C27D8C7-2E7F-4F4D-98F2-F9362460D6C7}.AppStore|x86.ActiveCfg = Debug|Any CPU
		{2C27D8C7-2E7F-4F4D-98F2-F9362460D6C7}.AppStore|x86.Build.0 = Debug|Any CPU
		{2C27D8C7-2E7F-4F4D-98F2-F9362460D6C7}.Debug|Any CPU.ActiveCfg = Debug|Any CPU
		{2C27D8C7-2E7F-4F4D-98F2-F9362460D6C7}.Debug|Any CPU.Build.0 = Debug|Any CPU
		{2C27D8C7-2E7F-4F4D-98F2-F9362460D6C7}.Debug|ARM.ActiveCfg = Debug|Any CPU
		{2C27D8C7-2E7F-4F4D-98F2-F9362460D6C7}.Debug|ARM.Build.0 = Debug|Any CPU
		{2C27D8C7-2E7F-4F4D-98F2-F9362460D6C7}.Debug|ARM64.ActiveCfg = Debug|Any CPU
		{2C27D8C7-2E7F-4F4D-98F2-F9362460D6C7}.Debug|ARM64.Build.0 = Debug|Any CPU
		{2C27D8C7-2E7F-4F4D-98F2-F9362460D6C7}.Debug|iPhone.ActiveCfg = Debug|Any CPU
		{2C27D8C7-2E7F-4F4D-98F2-F9362460D6C7}.Debug|iPhone.Build.0 = Debug|Any CPU
		{2C27D8C7-2E7F-4F4D-98F2-F9362460D6C7}.Debug|iPhoneSimulator.ActiveCfg = Debug|Any CPU
		{2C27D8C7-2E7F-4F4D-98F2-F9362460D6C7}.Debug|iPhoneSimulator.Build.0 = Debug|Any CPU
		{2C27D8C7-2E7F-4F4D-98F2-F9362460D6C7}.Debug|x64.ActiveCfg = Debug|Any CPU
		{2C27D8C7-2E7F-4F4D-98F2-F9362460D6C7}.Debug|x64.Build.0 = Debug|Any CPU
		{2C27D8C7-2E7F-4F4D-98F2-F9362460D6C7}.Debug|x86.ActiveCfg = Debug|Any CPU
		{2C27D8C7-2E7F-4F4D-98F2-F9362460D6C7}.Debug|x86.Build.0 = Debug|Any CPU
		{2C27D8C7-2E7F-4F4D-98F2-F9362460D6C7}.Release|Any CPU.ActiveCfg = Release|Any CPU
		{2C27D8C7-2E7F-4F4D-98F2-F9362460D6C7}.Release|Any CPU.Build.0 = Release|Any CPU
		{2C27D8C7-2E7F-4F4D-98F2-F9362460D6C7}.Release|ARM.ActiveCfg = Release|Any CPU
		{2C27D8C7-2E7F-4F4D-98F2-F9362460D6C7}.Release|ARM.Build.0 = Release|Any CPU
		{2C27D8C7-2E7F-4F4D-98F2-F9362460D6C7}.Release|ARM64.ActiveCfg = Release|Any CPU
		{2C27D8C7-2E7F-4F4D-98F2-F9362460D6C7}.Release|ARM64.Build.0 = Release|Any CPU
		{2C27D8C7-2E7F-4F4D-98F2-F9362460D6C7}.Release|iPhone.ActiveCfg = Release|Any CPU
		{2C27D8C7-2E7F-4F4D-98F2-F9362460D6C7}.Release|iPhone.Build.0 = Release|Any CPU
		{2C27D8C7-2E7F-4F4D-98F2-F9362460D6C7}.Release|iPhoneSimulator.ActiveCfg = Release|Any CPU
		{2C27D8C7-2E7F-4F4D-98F2-F9362460D6C7}.Release|iPhoneSimulator.Build.0 = Release|Any CPU
		{2C27D8C7-2E7F-4F4D-98F2-F9362460D6C7}.Release|x64.ActiveCfg = Release|Any CPU
		{2C27D8C7-2E7F-4F4D-98F2-F9362460D6C7}.Release|x64.Build.0 = Release|Any CPU
		{2C27D8C7-2E7F-4F4D-98F2-F9362460D6C7}.Release|x86.ActiveCfg = Release|Any CPU
		{2C27D8C7-2E7F-4F4D-98F2-F9362460D6C7}.Release|x86.Build.0 = Release|Any CPU
		{3B7D2C8A-E0C9-49FC-ADC4-4773BF5C1B5E}.Ad-Hoc|Any CPU.ActiveCfg = Release|iPhoneSimulator
		{3B7D2C8A-E0C9-49FC-ADC4-4773BF5C1B5E}.Ad-Hoc|Any CPU.Build.0 = Release|iPhoneSimulator
		{3B7D2C8A-E0C9-49FC-ADC4-4773BF5C1B5E}.Ad-Hoc|ARM.ActiveCfg = Release|iPhoneSimulator
		{3B7D2C8A-E0C9-49FC-ADC4-4773BF5C1B5E}.Ad-Hoc|ARM.Build.0 = Release|iPhoneSimulator
		{3B7D2C8A-E0C9-49FC-ADC4-4773BF5C1B5E}.Ad-Hoc|ARM64.ActiveCfg = Release|iPhoneSimulator
		{3B7D2C8A-E0C9-49FC-ADC4-4773BF5C1B5E}.Ad-Hoc|ARM64.Build.0 = Release|iPhoneSimulator
		{3B7D2C8A-E0C9-49FC-ADC4-4773BF5C1B5E}.Ad-Hoc|iPhone.ActiveCfg = Release|iPhoneSimulator
		{3B7D2C8A-E0C9-49FC-ADC4-4773BF5C1B5E}.Ad-Hoc|iPhone.Build.0 = Release|iPhoneSimulator
		{3B7D2C8A-E0C9-49FC-ADC4-4773BF5C1B5E}.Ad-Hoc|iPhoneSimulator.ActiveCfg = Release|iPhoneSimulator
		{3B7D2C8A-E0C9-49FC-ADC4-4773BF5C1B5E}.Ad-Hoc|iPhoneSimulator.Build.0 = Release|iPhoneSimulator
		{3B7D2C8A-E0C9-49FC-ADC4-4773BF5C1B5E}.Ad-Hoc|x64.ActiveCfg = Release|iPhoneSimulator
		{3B7D2C8A-E0C9-49FC-ADC4-4773BF5C1B5E}.Ad-Hoc|x64.Build.0 = Release|iPhoneSimulator
		{3B7D2C8A-E0C9-49FC-ADC4-4773BF5C1B5E}.Ad-Hoc|x86.ActiveCfg = Release|iPhoneSimulator
		{3B7D2C8A-E0C9-49FC-ADC4-4773BF5C1B5E}.Ad-Hoc|x86.Build.0 = Release|iPhoneSimulator
		{3B7D2C8A-E0C9-49FC-ADC4-4773BF5C1B5E}.AppStore|Any CPU.ActiveCfg = Release|iPhoneSimulator
		{3B7D2C8A-E0C9-49FC-ADC4-4773BF5C1B5E}.AppStore|Any CPU.Build.0 = Release|iPhoneSimulator
		{3B7D2C8A-E0C9-49FC-ADC4-4773BF5C1B5E}.AppStore|ARM.ActiveCfg = Release|iPhoneSimulator
		{3B7D2C8A-E0C9-49FC-ADC4-4773BF5C1B5E}.AppStore|ARM.Build.0 = Release|iPhoneSimulator
		{3B7D2C8A-E0C9-49FC-ADC4-4773BF5C1B5E}.AppStore|ARM64.ActiveCfg = Release|iPhoneSimulator
		{3B7D2C8A-E0C9-49FC-ADC4-4773BF5C1B5E}.AppStore|ARM64.Build.0 = Release|iPhoneSimulator
		{3B7D2C8A-E0C9-49FC-ADC4-4773BF5C1B5E}.AppStore|iPhone.ActiveCfg = Release|iPhoneSimulator
		{3B7D2C8A-E0C9-49FC-ADC4-4773BF5C1B5E}.AppStore|iPhone.Build.0 = Release|iPhoneSimulator
		{3B7D2C8A-E0C9-49FC-ADC4-4773BF5C1B5E}.AppStore|iPhoneSimulator.ActiveCfg = Release|iPhoneSimulator
		{3B7D2C8A-E0C9-49FC-ADC4-4773BF5C1B5E}.AppStore|iPhoneSimulator.Build.0 = Release|iPhoneSimulator
		{3B7D2C8A-E0C9-49FC-ADC4-4773BF5C1B5E}.AppStore|x64.ActiveCfg = Release|iPhoneSimulator
		{3B7D2C8A-E0C9-49FC-ADC4-4773BF5C1B5E}.AppStore|x64.Build.0 = Release|iPhoneSimulator
		{3B7D2C8A-E0C9-49FC-ADC4-4773BF5C1B5E}.AppStore|x86.ActiveCfg = Release|iPhoneSimulator
		{3B7D2C8A-E0C9-49FC-ADC4-4773BF5C1B5E}.AppStore|x86.Build.0 = Release|iPhoneSimulator
		{3B7D2C8A-E0C9-49FC-ADC4-4773BF5C1B5E}.Debug|Any CPU.ActiveCfg = Debug|iPhoneSimulator
		{3B7D2C8A-E0C9-49FC-ADC4-4773BF5C1B5E}.Debug|ARM.ActiveCfg = Debug|iPhoneSimulator
		{3B7D2C8A-E0C9-49FC-ADC4-4773BF5C1B5E}.Debug|ARM64.ActiveCfg = Debug|iPhoneSimulator
		{3B7D2C8A-E0C9-49FC-ADC4-4773BF5C1B5E}.Debug|iPhone.ActiveCfg = Debug|iPhoneSimulator
		{3B7D2C8A-E0C9-49FC-ADC4-4773BF5C1B5E}.Debug|iPhoneSimulator.ActiveCfg = Debug|iPhoneSimulator
		{3B7D2C8A-E0C9-49FC-ADC4-4773BF5C1B5E}.Debug|iPhoneSimulator.Build.0 = Debug|iPhoneSimulator
		{3B7D2C8A-E0C9-49FC-ADC4-4773BF5C1B5E}.Debug|x64.ActiveCfg = Debug|iPhoneSimulator
		{3B7D2C8A-E0C9-49FC-ADC4-4773BF5C1B5E}.Debug|x86.ActiveCfg = Debug|iPhoneSimulator
		{3B7D2C8A-E0C9-49FC-ADC4-4773BF5C1B5E}.Release|Any CPU.ActiveCfg = Release|iPhoneSimulator
		{3B7D2C8A-E0C9-49FC-ADC4-4773BF5C1B5E}.Release|ARM.ActiveCfg = Release|iPhoneSimulator
		{3B7D2C8A-E0C9-49FC-ADC4-4773BF5C1B5E}.Release|ARM64.ActiveCfg = Release|iPhoneSimulator
		{3B7D2C8A-E0C9-49FC-ADC4-4773BF5C1B5E}.Release|iPhone.ActiveCfg = Release|iPhoneSimulator
		{3B7D2C8A-E0C9-49FC-ADC4-4773BF5C1B5E}.Release|iPhoneSimulator.ActiveCfg = Release|iPhoneSimulator
		{3B7D2C8A-E0C9-49FC-ADC4-4773BF5C1B5E}.Release|iPhoneSimulator.Build.0 = Release|iPhoneSimulator
		{3B7D2C8A-E0C9-49FC-ADC4-4773BF5C1B5E}.Release|x64.ActiveCfg = Release|iPhoneSimulator
		{3B7D2C8A-E0C9-49FC-ADC4-4773BF5C1B5E}.Release|x86.ActiveCfg = Release|iPhoneSimulator
	EndGlobalSection
	GlobalSection(SolutionProperties) = preSolution
		HideSolutionNode = FALSE
	EndGlobalSection
	GlobalSection(ExtensibilityGlobals) = postSolution
		SolutionGuid = {2F878FC2-940D-4189-B43A-24704DA66EE8}
	EndGlobalSection
EndGlobal
