
Microsoft Visual Studio Solution File, Format Version 12.00
# Visual Studio Version 16
VisualStudioVersion = 16.0.30128.74
MinimumVisualStudioVersion = 10.0.40219.1
Project("{D954291E-2A0B-460D-934E-DC6B0785DB48}") = "Playground.Shared", "Playground\Playground.Shared\Playground.Shared.shproj", "{6279C845-92F8-4333-AB99-3D213163593C}"
EndProject
Project("{FAE04EC0-301F-11D3-BF4B-00C04F79EFBC}") = "Playground.Droid", "Playground\Playground.Droid\Playground.Droid.csproj", "{CACA94DD-9239-41B9-9510-4CEBF861141D}"
EndProject
Project("{FAE04EC0-301F-11D3-BF4B-00C04F79EFBC}") = "Playground.iOS", "Playground\Playground.iOS\Playground.iOS.csproj", "{866C2E77-C691-4F63-8030-76AE54325680}"
EndProject
Project("{FAE04EC0-301F-11D3-BF4B-00C04F79EFBC}") = "Playground.UWP", "Playground\Playground.UWP\Playground.UWP.csproj", "{BA77333D-4716-422E-B25D-A55CF1FA2E69}"
EndProject
Project("{FAE04EC0-301F-11D3-BF4B-00C04F79EFBC}") = "Playground.Wasm", "Playground\Playground.Wasm\Playground.Wasm.csproj", "{5006A6A5-0CC3-4AD0-8BFF-40D6BA6FC133}"
EndProject
Project("{FAE04EC0-301F-11D3-BF4B-00C04F79EFBC}") = "Playground.macOS", "Playground\Playground.macOS\Playground.macOS.csproj", "{4C48EDCC-D167-4EB4-9F84-D62A7C11A4AA}"
EndProject
Global
	GlobalSection(SharedMSBuildProjectFiles) = preSolution
		Playground\Playground.Shared\Playground.Shared.projitems*{4c48edcc-d167-4eb4-9f84-d62a7c11a4aa}*SharedItemsImports = 4
		Playground\Playground.Shared\Playground.Shared.projitems*{5006a6a5-0cc3-4ad0-8bff-40d6ba6fc133}*SharedItemsImports = 5
		Playground\Playground.Shared\Playground.Shared.projitems*{6279c845-92f8-4333-ab99-3d213163593c}*SharedItemsImports = 13
		Playground\Playground.Shared\Playground.Shared.projitems*{866c2e77-c691-4f63-8030-76ae54325680}*SharedItemsImports = 4
		Playground\Playground.Shared\Playground.Shared.projitems*{ba77333d-4716-422e-b25d-a55cf1fa2e69}*SharedItemsImports = 4
		Playground\Playground.Shared\Playground.Shared.projitems*{caca94dd-9239-41b9-9510-4cebf861141d}*SharedItemsImports = 4
	EndGlobalSection
	GlobalSection(SolutionConfigurationPlatforms) = preSolution
		Ad-Hoc|Any CPU = Ad-Hoc|Any CPU
		Ad-Hoc|ARM = Ad-Hoc|ARM
		Ad-Hoc|ARM64 = Ad-Hoc|ARM64
		Ad-Hoc|iPhone = Ad-Hoc|iPhone
		Ad-Hoc|iPhoneSimulator = Ad-Hoc|iPhoneSimulator
		Ad-Hoc|x64 = Ad-Hoc|x64
		Ad-Hoc|x86 = Ad-Hoc|x86
		AppStore|Any CPU = AppStore|Any CPU
		AppStore|ARM = AppStore|ARM
		AppStore|ARM64 = AppStore|ARM64
		AppStore|iPhone = AppStore|iPhone
		AppStore|iPhoneSimulator = AppStore|iPhoneSimulator
		AppStore|x64 = AppStore|x64
		AppStore|x86 = AppStore|x86
		Debug|Any CPU = Debug|Any CPU
		Debug|ARM = Debug|ARM
		Debug|ARM64 = Debug|ARM64
		Debug|iPhone = Debug|iPhone
		Debug|iPhoneSimulator = Debug|iPhoneSimulator
		Debug|x64 = Debug|x64
		Debug|x86 = Debug|x86
		Release|Any CPU = Release|Any CPU
		Release|ARM = Release|ARM
		Release|ARM64 = Release|ARM64
		Release|iPhone = Release|iPhone
		Release|iPhoneSimulator = Release|iPhoneSimulator
		Release|x64 = Release|x64
		Release|x86 = Release|x86
	EndGlobalSection
	GlobalSection(ProjectConfigurationPlatforms) = postSolution
		{CACA94DD-9239-41B9-9510-4CEBF861141D}.Ad-Hoc|Any CPU.ActiveCfg = Release|Any CPU
		{CACA94DD-9239-41B9-9510-4CEBF861141D}.Ad-Hoc|Any CPU.Build.0 = Release|Any CPU
		{CACA94DD-9239-41B9-9510-4CEBF861141D}.Ad-Hoc|Any CPU.Deploy.0 = Release|Any CPU
		{CACA94DD-9239-41B9-9510-4CEBF861141D}.Ad-Hoc|ARM.ActiveCfg = Release|Any CPU
		{CACA94DD-9239-41B9-9510-4CEBF861141D}.Ad-Hoc|ARM.Build.0 = Release|Any CPU
		{CACA94DD-9239-41B9-9510-4CEBF861141D}.Ad-Hoc|ARM.Deploy.0 = Release|Any CPU
		{CACA94DD-9239-41B9-9510-4CEBF861141D}.Ad-Hoc|ARM64.ActiveCfg = Release|Any CPU
		{CACA94DD-9239-41B9-9510-4CEBF861141D}.Ad-Hoc|ARM64.Build.0 = Release|Any CPU
		{CACA94DD-9239-41B9-9510-4CEBF861141D}.Ad-Hoc|ARM64.Deploy.0 = Release|Any CPU
		{CACA94DD-9239-41B9-9510-4CEBF861141D}.Ad-Hoc|iPhone.ActiveCfg = Release|Any CPU
		{CACA94DD-9239-41B9-9510-4CEBF861141D}.Ad-Hoc|iPhone.Build.0 = Release|Any CPU
		{CACA94DD-9239-41B9-9510-4CEBF861141D}.Ad-Hoc|iPhone.Deploy.0 = Release|Any CPU
		{CACA94DD-9239-41B9-9510-4CEBF861141D}.Ad-Hoc|iPhoneSimulator.ActiveCfg = Release|Any CPU
		{CACA94DD-9239-41B9-9510-4CEBF861141D}.Ad-Hoc|iPhoneSimulator.Build.0 = Release|Any CPU
		{CACA94DD-9239-41B9-9510-4CEBF861141D}.Ad-Hoc|iPhoneSimulator.Deploy.0 = Release|Any CPU
		{CACA94DD-9239-41B9-9510-4CEBF861141D}.Ad-Hoc|x64.ActiveCfg = Release|Any CPU
		{CACA94DD-9239-41B9-9510-4CEBF861141D}.Ad-Hoc|x64.Build.0 = Release|Any CPU
		{CACA94DD-9239-41B9-9510-4CEBF861141D}.Ad-Hoc|x64.Deploy.0 = Release|Any CPU
		{CACA94DD-9239-41B9-9510-4CEBF861141D}.Ad-Hoc|x86.ActiveCfg = Release|Any CPU
		{CACA94DD-9239-41B9-9510-4CEBF861141D}.Ad-Hoc|x86.Build.0 = Release|Any CPU
		{CACA94DD-9239-41B9-9510-4CEBF861141D}.Ad-Hoc|x86.Deploy.0 = Release|Any CPU
		{CACA94DD-9239-41B9-9510-4CEBF861141D}.AppStore|Any CPU.ActiveCfg = Release|Any CPU
		{CACA94DD-9239-41B9-9510-4CEBF861141D}.AppStore|Any CPU.Build.0 = Release|Any CPU
		{CACA94DD-9239-41B9-9510-4CEBF861141D}.AppStore|Any CPU.Deploy.0 = Release|Any CPU
		{CACA94DD-9239-41B9-9510-4CEBF861141D}.AppStore|ARM.ActiveCfg = Release|Any CPU
		{CACA94DD-9239-41B9-9510-4CEBF861141D}.AppStore|ARM.Build.0 = Release|Any CPU
		{CACA94DD-9239-41B9-9510-4CEBF861141D}.AppStore|ARM.Deploy.0 = Release|Any CPU
		{CACA94DD-9239-41B9-9510-4CEBF861141D}.AppStore|ARM64.ActiveCfg = Release|Any CPU
		{CACA94DD-9239-41B9-9510-4CEBF861141D}.AppStore|ARM64.Build.0 = Release|Any CPU
		{CACA94DD-9239-41B9-9510-4CEBF861141D}.AppStore|ARM64.Deploy.0 = Release|Any CPU
		{CACA94DD-9239-41B9-9510-4CEBF861141D}.AppStore|iPhone.ActiveCfg = Release|Any CPU
		{CACA94DD-9239-41B9-9510-4CEBF861141D}.AppStore|iPhone.Build.0 = Release|Any CPU
		{CACA94DD-9239-41B9-9510-4CEBF861141D}.AppStore|iPhone.Deploy.0 = Release|Any CPU
		{CACA94DD-9239-41B9-9510-4CEBF861141D}.AppStore|iPhoneSimulator.ActiveCfg = Release|Any CPU
		{CACA94DD-9239-41B9-9510-4CEBF861141D}.AppStore|iPhoneSimulator.Build.0 = Release|Any CPU
		{CACA94DD-9239-41B9-9510-4CEBF861141D}.AppStore|iPhoneSimulator.Deploy.0 = Release|Any CPU
		{CACA94DD-9239-41B9-9510-4CEBF861141D}.AppStore|x64.ActiveCfg = Release|Any CPU
		{CACA94DD-9239-41B9-9510-4CEBF861141D}.AppStore|x64.Build.0 = Release|Any CPU
		{CACA94DD-9239-41B9-9510-4CEBF861141D}.AppStore|x64.Deploy.0 = Release|Any CPU
		{CACA94DD-9239-41B9-9510-4CEBF861141D}.AppStore|x86.ActiveCfg = Release|Any CPU
		{CACA94DD-9239-41B9-9510-4CEBF861141D}.AppStore|x86.Build.0 = Release|Any CPU
		{CACA94DD-9239-41B9-9510-4CEBF861141D}.AppStore|x86.Deploy.0 = Release|Any CPU
		{CACA94DD-9239-41B9-9510-4CEBF861141D}.Debug|Any CPU.ActiveCfg = Debug|Any CPU
		{CACA94DD-9239-41B9-9510-4CEBF861141D}.Debug|Any CPU.Build.0 = Debug|Any CPU
		{CACA94DD-9239-41B9-9510-4CEBF861141D}.Debug|Any CPU.Deploy.0 = Debug|Any CPU
		{CACA94DD-9239-41B9-9510-4CEBF861141D}.Debug|ARM.ActiveCfg = Debug|Any CPU
		{CACA94DD-9239-41B9-9510-4CEBF861141D}.Debug|ARM.Build.0 = Debug|Any CPU
		{CACA94DD-9239-41B9-9510-4CEBF861141D}.Debug|ARM.Deploy.0 = Debug|Any CPU
		{CACA94DD-9239-41B9-9510-4CEBF861141D}.Debug|ARM64.ActiveCfg = Debug|Any CPU
		{CACA94DD-9239-41B9-9510-4CEBF861141D}.Debug|ARM64.Build.0 = Debug|Any CPU
		{CACA94DD-9239-41B9-9510-4CEBF861141D}.Debug|ARM64.Deploy.0 = Debug|Any CPU
		{CACA94DD-9239-41B9-9510-4CEBF861141D}.Debug|iPhone.ActiveCfg = Debug|Any CPU
		{CACA94DD-9239-41B9-9510-4CEBF861141D}.Debug|iPhone.Build.0 = Debug|Any CPU
		{CACA94DD-9239-41B9-9510-4CEBF861141D}.Debug|iPhone.Deploy.0 = Debug|Any CPU
		{CACA94DD-9239-41B9-9510-4CEBF861141D}.Debug|iPhoneSimulator.ActiveCfg = Debug|Any CPU
		{CACA94DD-9239-41B9-9510-4CEBF861141D}.Debug|iPhoneSimulator.Build.0 = Debug|Any CPU
		{CACA94DD-9239-41B9-9510-4CEBF861141D}.Debug|iPhoneSimulator.Deploy.0 = Debug|Any CPU
		{CACA94DD-9239-41B9-9510-4CEBF861141D}.Debug|x64.ActiveCfg = Debug|Any CPU
		{CACA94DD-9239-41B9-9510-4CEBF861141D}.Debug|x64.Build.0 = Debug|Any CPU
		{CACA94DD-9239-41B9-9510-4CEBF861141D}.Debug|x64.Deploy.0 = Debug|Any CPU
		{CACA94DD-9239-41B9-9510-4CEBF861141D}.Debug|x86.ActiveCfg = Debug|Any CPU
		{CACA94DD-9239-41B9-9510-4CEBF861141D}.Debug|x86.Build.0 = Debug|Any CPU
		{CACA94DD-9239-41B9-9510-4CEBF861141D}.Debug|x86.Deploy.0 = Debug|Any CPU
		{CACA94DD-9239-41B9-9510-4CEBF861141D}.Release|Any CPU.ActiveCfg = Release|Any CPU
		{CACA94DD-9239-41B9-9510-4CEBF861141D}.Release|Any CPU.Build.0 = Release|Any CPU
		{CACA94DD-9239-41B9-9510-4CEBF861141D}.Release|Any CPU.Deploy.0 = Release|Any CPU
		{CACA94DD-9239-41B9-9510-4CEBF861141D}.Release|ARM.ActiveCfg = Release|Any CPU
		{CACA94DD-9239-41B9-9510-4CEBF861141D}.Release|ARM.Build.0 = Release|Any CPU
		{CACA94DD-9239-41B9-9510-4CEBF861141D}.Release|ARM.Deploy.0 = Release|Any CPU
		{CACA94DD-9239-41B9-9510-4CEBF861141D}.Release|ARM64.ActiveCfg = Release|Any CPU
		{CACA94DD-9239-41B9-9510-4CEBF861141D}.Release|ARM64.Build.0 = Release|Any CPU
		{CACA94DD-9239-41B9-9510-4CEBF861141D}.Release|ARM64.Deploy.0 = Release|Any CPU
		{CACA94DD-9239-41B9-9510-4CEBF861141D}.Release|iPhone.ActiveCfg = Release|Any CPU
		{CACA94DD-9239-41B9-9510-4CEBF861141D}.Release|iPhone.Build.0 = Release|Any CPU
		{CACA94DD-9239-41B9-9510-4CEBF861141D}.Release|iPhone.Deploy.0 = Release|Any CPU
		{CACA94DD-9239-41B9-9510-4CEBF861141D}.Release|iPhoneSimulator.ActiveCfg = Release|Any CPU
		{CACA94DD-9239-41B9-9510-4CEBF861141D}.Release|iPhoneSimulator.Build.0 = Release|Any CPU
		{CACA94DD-9239-41B9-9510-4CEBF861141D}.Release|iPhoneSimulator.Deploy.0 = Release|Any CPU
		{CACA94DD-9239-41B9-9510-4CEBF861141D}.Release|x64.ActiveCfg = Release|Any CPU
		{CACA94DD-9239-41B9-9510-4CEBF861141D}.Release|x64.Build.0 = Release|Any CPU
		{CACA94DD-9239-41B9-9510-4CEBF861141D}.Release|x64.Deploy.0 = Release|Any CPU
		{CACA94DD-9239-41B9-9510-4CEBF861141D}.Release|x86.ActiveCfg = Release|Any CPU
		{CACA94DD-9239-41B9-9510-4CEBF861141D}.Release|x86.Build.0 = Release|Any CPU
		{CACA94DD-9239-41B9-9510-4CEBF861141D}.Release|x86.Deploy.0 = Release|Any CPU
		{866C2E77-C691-4F63-8030-76AE54325680}.Ad-Hoc|Any CPU.ActiveCfg = Ad-Hoc|iPhone
		{866C2E77-C691-4F63-8030-76AE54325680}.Ad-Hoc|ARM.ActiveCfg = Ad-Hoc|iPhone
		{866C2E77-C691-4F63-8030-76AE54325680}.Ad-Hoc|ARM64.ActiveCfg = Ad-Hoc|iPhone
		{866C2E77-C691-4F63-8030-76AE54325680}.Ad-Hoc|iPhone.ActiveCfg = Ad-Hoc|iPhone
		{866C2E77-C691-4F63-8030-76AE54325680}.Ad-Hoc|iPhone.Build.0 = Ad-Hoc|iPhone
		{866C2E77-C691-4F63-8030-76AE54325680}.Ad-Hoc|iPhoneSimulator.ActiveCfg = Ad-Hoc|iPhoneSimulator
		{866C2E77-C691-4F63-8030-76AE54325680}.Ad-Hoc|iPhoneSimulator.Build.0 = Ad-Hoc|iPhoneSimulator
		{866C2E77-C691-4F63-8030-76AE54325680}.Ad-Hoc|x64.ActiveCfg = Ad-Hoc|iPhone
		{866C2E77-C691-4F63-8030-76AE54325680}.Ad-Hoc|x86.ActiveCfg = Ad-Hoc|iPhone
		{866C2E77-C691-4F63-8030-76AE54325680}.AppStore|Any CPU.ActiveCfg = AppStore|iPhone
		{866C2E77-C691-4F63-8030-76AE54325680}.AppStore|ARM.ActiveCfg = AppStore|iPhone
		{866C2E77-C691-4F63-8030-76AE54325680}.AppStore|ARM64.ActiveCfg = AppStore|iPhone
		{866C2E77-C691-4F63-8030-76AE54325680}.AppStore|iPhone.ActiveCfg = AppStore|iPhone
		{866C2E77-C691-4F63-8030-76AE54325680}.AppStore|iPhone.Build.0 = AppStore|iPhone
		{866C2E77-C691-4F63-8030-76AE54325680}.AppStore|iPhoneSimulator.ActiveCfg = AppStore|iPhoneSimulator
		{866C2E77-C691-4F63-8030-76AE54325680}.AppStore|iPhoneSimulator.Build.0 = AppStore|iPhoneSimulator
		{866C2E77-C691-4F63-8030-76AE54325680}.AppStore|x64.ActiveCfg = AppStore|iPhone
		{866C2E77-C691-4F63-8030-76AE54325680}.AppStore|x86.ActiveCfg = AppStore|iPhone
		{866C2E77-C691-4F63-8030-76AE54325680}.Debug|Any CPU.ActiveCfg = Debug|iPhone
		{866C2E77-C691-4F63-8030-76AE54325680}.Debug|ARM.ActiveCfg = Debug|iPhone
		{866C2E77-C691-4F63-8030-76AE54325680}.Debug|ARM64.ActiveCfg = Debug|iPhone
		{866C2E77-C691-4F63-8030-76AE54325680}.Debug|iPhone.ActiveCfg = Debug|iPhone
		{866C2E77-C691-4F63-8030-76AE54325680}.Debug|iPhone.Build.0 = Debug|iPhone
		{866C2E77-C691-4F63-8030-76AE54325680}.Debug|iPhoneSimulator.ActiveCfg = Debug|iPhoneSimulator
		{866C2E77-C691-4F63-8030-76AE54325680}.Debug|iPhoneSimulator.Build.0 = Debug|iPhoneSimulator
		{866C2E77-C691-4F63-8030-76AE54325680}.Debug|x64.ActiveCfg = Debug|iPhone
		{866C2E77-C691-4F63-8030-76AE54325680}.Debug|x86.ActiveCfg = Debug|iPhone
		{866C2E77-C691-4F63-8030-76AE54325680}.Release|Any CPU.ActiveCfg = Release|iPhone
		{866C2E77-C691-4F63-8030-76AE54325680}.Release|ARM.ActiveCfg = Release|iPhone
		{866C2E77-C691-4F63-8030-76AE54325680}.Release|ARM64.ActiveCfg = Release|iPhone
		{866C2E77-C691-4F63-8030-76AE54325680}.Release|iPhone.ActiveCfg = Release|iPhone
		{866C2E77-C691-4F63-8030-76AE54325680}.Release|iPhone.Build.0 = Release|iPhone
		{866C2E77-C691-4F63-8030-76AE54325680}.Release|iPhoneSimulator.ActiveCfg = Release|iPhoneSimulator
		{866C2E77-C691-4F63-8030-76AE54325680}.Release|iPhoneSimulator.Build.0 = Release|iPhoneSimulator
		{866C2E77-C691-4F63-8030-76AE54325680}.Release|x64.ActiveCfg = Release|iPhone
		{866C2E77-C691-4F63-8030-76AE54325680}.Release|x86.ActiveCfg = Release|iPhone
		{BA77333D-4716-422E-B25D-A55CF1FA2E69}.Ad-Hoc|Any CPU.ActiveCfg = Release|x64
		{BA77333D-4716-422E-B25D-A55CF1FA2E69}.Ad-Hoc|Any CPU.Build.0 = Release|x64
		{BA77333D-4716-422E-B25D-A55CF1FA2E69}.Ad-Hoc|Any CPU.Deploy.0 = Release|x64
		{BA77333D-4716-422E-B25D-A55CF1FA2E69}.Ad-Hoc|ARM.ActiveCfg = Release|ARM
		{BA77333D-4716-422E-B25D-A55CF1FA2E69}.Ad-Hoc|ARM.Build.0 = Release|ARM
		{BA77333D-4716-422E-B25D-A55CF1FA2E69}.Ad-Hoc|ARM.Deploy.0 = Release|ARM
		{BA77333D-4716-422E-B25D-A55CF1FA2E69}.Ad-Hoc|ARM64.ActiveCfg = Release|ARM64
		{BA77333D-4716-422E-B25D-A55CF1FA2E69}.Ad-Hoc|ARM64.Build.0 = Release|ARM64
		{BA77333D-4716-422E-B25D-A55CF1FA2E69}.Ad-Hoc|ARM64.Deploy.0 = Release|ARM64
		{BA77333D-4716-422E-B25D-A55CF1FA2E69}.Ad-Hoc|iPhone.ActiveCfg = Release|x64
		{BA77333D-4716-422E-B25D-A55CF1FA2E69}.Ad-Hoc|iPhone.Build.0 = Release|x64
		{BA77333D-4716-422E-B25D-A55CF1FA2E69}.Ad-Hoc|iPhone.Deploy.0 = Release|x64
		{BA77333D-4716-422E-B25D-A55CF1FA2E69}.Ad-Hoc|iPhoneSimulator.ActiveCfg = Release|x64
		{BA77333D-4716-422E-B25D-A55CF1FA2E69}.Ad-Hoc|iPhoneSimulator.Build.0 = Release|x64
		{BA77333D-4716-422E-B25D-A55CF1FA2E69}.Ad-Hoc|iPhoneSimulator.Deploy.0 = Release|x64
		{BA77333D-4716-422E-B25D-A55CF1FA2E69}.Ad-Hoc|x64.ActiveCfg = Release|x64
		{BA77333D-4716-422E-B25D-A55CF1FA2E69}.Ad-Hoc|x64.Build.0 = Release|x64
		{BA77333D-4716-422E-B25D-A55CF1FA2E69}.Ad-Hoc|x64.Deploy.0 = Release|x64
		{BA77333D-4716-422E-B25D-A55CF1FA2E69}.Ad-Hoc|x86.ActiveCfg = Release|x86
		{BA77333D-4716-422E-B25D-A55CF1FA2E69}.Ad-Hoc|x86.Build.0 = Release|x86
		{BA77333D-4716-422E-B25D-A55CF1FA2E69}.Ad-Hoc|x86.Deploy.0 = Release|x86
		{BA77333D-4716-422E-B25D-A55CF1FA2E69}.AppStore|Any CPU.ActiveCfg = Release|x64
		{BA77333D-4716-422E-B25D-A55CF1FA2E69}.AppStore|Any CPU.Build.0 = Release|x64
		{BA77333D-4716-422E-B25D-A55CF1FA2E69}.AppStore|Any CPU.Deploy.0 = Release|x64
		{BA77333D-4716-422E-B25D-A55CF1FA2E69}.AppStore|ARM.ActiveCfg = Release|ARM
		{BA77333D-4716-422E-B25D-A55CF1FA2E69}.AppStore|ARM.Build.0 = Release|ARM
		{BA77333D-4716-422E-B25D-A55CF1FA2E69}.AppStore|ARM.Deploy.0 = Release|ARM
		{BA77333D-4716-422E-B25D-A55CF1FA2E69}.AppStore|ARM64.ActiveCfg = Release|ARM64
		{BA77333D-4716-422E-B25D-A55CF1FA2E69}.AppStore|ARM64.Build.0 = Release|ARM64
		{BA77333D-4716-422E-B25D-A55CF1FA2E69}.AppStore|ARM64.Deploy.0 = Release|ARM64
		{BA77333D-4716-422E-B25D-A55CF1FA2E69}.AppStore|iPhone.ActiveCfg = Release|x64
		{BA77333D-4716-422E-B25D-A55CF1FA2E69}.AppStore|iPhone.Build.0 = Release|x64
		{BA77333D-4716-422E-B25D-A55CF1FA2E69}.AppStore|iPhone.Deploy.0 = Release|x64
		{BA77333D-4716-422E-B25D-A55CF1FA2E69}.AppStore|iPhoneSimulator.ActiveCfg = Release|x64
		{BA77333D-4716-422E-B25D-A55CF1FA2E69}.AppStore|iPhoneSimulator.Build.0 = Release|x64
		{BA77333D-4716-422E-B25D-A55CF1FA2E69}.AppStore|iPhoneSimulator.Deploy.0 = Release|x64
		{BA77333D-4716-422E-B25D-A55CF1FA2E69}.AppStore|x64.ActiveCfg = Release|x64
		{BA77333D-4716-422E-B25D-A55CF1FA2E69}.AppStore|x64.Build.0 = Release|x64
		{BA77333D-4716-422E-B25D-A55CF1FA2E69}.AppStore|x64.Deploy.0 = Release|x64
		{BA77333D-4716-422E-B25D-A55CF1FA2E69}.AppStore|x86.ActiveCfg = Release|x86
		{BA77333D-4716-422E-B25D-A55CF1FA2E69}.AppStore|x86.Build.0 = Release|x86
		{BA77333D-4716-422E-B25D-A55CF1FA2E69}.AppStore|x86.Deploy.0 = Release|x86
		{BA77333D-4716-422E-B25D-A55CF1FA2E69}.Debug|Any CPU.ActiveCfg = Debug|x86
		{BA77333D-4716-422E-B25D-A55CF1FA2E69}.Debug|ARM.ActiveCfg = Debug|ARM
		{BA77333D-4716-422E-B25D-A55CF1FA2E69}.Debug|ARM.Build.0 = Debug|ARM
		{BA77333D-4716-422E-B25D-A55CF1FA2E69}.Debug|ARM.Deploy.0 = Debug|ARM
		{BA77333D-4716-422E-B25D-A55CF1FA2E69}.Debug|ARM64.ActiveCfg = Debug|ARM64
		{BA77333D-4716-422E-B25D-A55CF1FA2E69}.Debug|ARM64.Build.0 = Debug|ARM64
		{BA77333D-4716-422E-B25D-A55CF1FA2E69}.Debug|ARM64.Deploy.0 = Debug|ARM64
		{BA77333D-4716-422E-B25D-A55CF1FA2E69}.Debug|iPhone.ActiveCfg = Debug|x86
		{BA77333D-4716-422E-B25D-A55CF1FA2E69}.Debug|iPhoneSimulator.ActiveCfg = Debug|x86
		{BA77333D-4716-422E-B25D-A55CF1FA2E69}.Debug|x64.ActiveCfg = Debug|x64
		{BA77333D-4716-422E-B25D-A55CF1FA2E69}.Debug|x64.Build.0 = Debug|x64
		{BA77333D-4716-422E-B25D-A55CF1FA2E69}.Debug|x64.Deploy.0 = Debug|x64
		{BA77333D-4716-422E-B25D-A55CF1FA2E69}.Debug|x86.ActiveCfg = Debug|x86
		{BA77333D-4716-422E-B25D-A55CF1FA2E69}.Debug|x86.Build.0 = Debug|x86
		{BA77333D-4716-422E-B25D-A55CF1FA2E69}.Debug|x86.Deploy.0 = Debug|x86
		{BA77333D-4716-422E-B25D-A55CF1FA2E69}.Release|Any CPU.ActiveCfg = Release|x86
		{BA77333D-4716-422E-B25D-A55CF1FA2E69}.Release|ARM.ActiveCfg = Release|ARM
		{BA77333D-4716-422E-B25D-A55CF1FA2E69}.Release|ARM.Build.0 = Release|ARM
		{BA77333D-4716-422E-B25D-A55CF1FA2E69}.Release|ARM.Deploy.0 = Release|ARM
		{BA77333D-4716-422E-B25D-A55CF1FA2E69}.Release|ARM64.ActiveCfg = Release|ARM64
		{BA77333D-4716-422E-B25D-A55CF1FA2E69}.Release|ARM64.Build.0 = Release|ARM64
		{BA77333D-4716-422E-B25D-A55CF1FA2E69}.Release|ARM64.Deploy.0 = Release|ARM64
		{BA77333D-4716-422E-B25D-A55CF1FA2E69}.Release|iPhone.ActiveCfg = Release|x86
		{BA77333D-4716-422E-B25D-A55CF1FA2E69}.Release|iPhoneSimulator.ActiveCfg = Release|x86
		{BA77333D-4716-422E-B25D-A55CF1FA2E69}.Release|x64.ActiveCfg = Release|x64
		{BA77333D-4716-422E-B25D-A55CF1FA2E69}.Release|x64.Build.0 = Release|x64
		{BA77333D-4716-422E-B25D-A55CF1FA2E69}.Release|x64.Deploy.0 = Release|x64
		{BA77333D-4716-422E-B25D-A55CF1FA2E69}.Release|x86.ActiveCfg = Release|x86
		{BA77333D-4716-422E-B25D-A55CF1FA2E69}.Release|x86.Build.0 = Release|x86
		{BA77333D-4716-422E-B25D-A55CF1FA2E69}.Release|x86.Deploy.0 = Release|x86
		{5006A6A5-0CC3-4AD0-8BFF-40D6BA6FC133}.Ad-Hoc|Any CPU.ActiveCfg = Debug|Any CPU
		{5006A6A5-0CC3-4AD0-8BFF-40D6BA6FC133}.Ad-Hoc|Any CPU.Build.0 = Debug|Any CPU
		{5006A6A5-0CC3-4AD0-8BFF-40D6BA6FC133}.Ad-Hoc|ARM.ActiveCfg = Debug|Any CPU
		{5006A6A5-0CC3-4AD0-8BFF-40D6BA6FC133}.Ad-Hoc|ARM.Build.0 = Debug|Any CPU
		{5006A6A5-0CC3-4AD0-8BFF-40D6BA6FC133}.Ad-Hoc|ARM64.ActiveCfg = Debug|Any CPU
		{5006A6A5-0CC3-4AD0-8BFF-40D6BA6FC133}.Ad-Hoc|ARM64.Build.0 = Debug|Any CPU
		{5006A6A5-0CC3-4AD0-8BFF-40D6BA6FC133}.Ad-Hoc|iPhone.ActiveCfg = Debug|Any CPU
		{5006A6A5-0CC3-4AD0-8BFF-40D6BA6FC133}.Ad-Hoc|iPhone.Build.0 = Debug|Any CPU
		{5006A6A5-0CC3-4AD0-8BFF-40D6BA6FC133}.Ad-Hoc|iPhoneSimulator.ActiveCfg = Debug|Any CPU
		{5006A6A5-0CC3-4AD0-8BFF-40D6BA6FC133}.Ad-Hoc|iPhoneSimulator.Build.0 = Debug|Any CPU
		{5006A6A5-0CC3-4AD0-8BFF-40D6BA6FC133}.Ad-Hoc|x64.ActiveCfg = Debug|Any CPU
		{5006A6A5-0CC3-4AD0-8BFF-40D6BA6FC133}.Ad-Hoc|x64.Build.0 = Debug|Any CPU
		{5006A6A5-0CC3-4AD0-8BFF-40D6BA6FC133}.Ad-Hoc|x86.ActiveCfg = Debug|Any CPU
		{5006A6A5-0CC3-4AD0-8BFF-40D6BA6FC133}.Ad-Hoc|x86.Build.0 = Debug|Any CPU
		{5006A6A5-0CC3-4AD0-8BFF-40D6BA6FC133}.AppStore|Any CPU.ActiveCfg = Debug|Any CPU
		{5006A6A5-0CC3-4AD0-8BFF-40D6BA6FC133}.AppStore|Any CPU.Build.0 = Debug|Any CPU
		{5006A6A5-0CC3-4AD0-8BFF-40D6BA6FC133}.AppStore|ARM.ActiveCfg = Debug|Any CPU
		{5006A6A5-0CC3-4AD0-8BFF-40D6BA6FC133}.AppStore|ARM.Build.0 = Debug|Any CPU
		{5006A6A5-0CC3-4AD0-8BFF-40D6BA6FC133}.AppStore|ARM64.ActiveCfg = Debug|Any CPU
		{5006A6A5-0CC3-4AD0-8BFF-40D6BA6FC133}.AppStore|ARM64.Build.0 = Debug|Any CPU
		{5006A6A5-0CC3-4AD0-8BFF-40D6BA6FC133}.AppStore|iPhone.ActiveCfg = Debug|Any CPU
		{5006A6A5-0CC3-4AD0-8BFF-40D6BA6FC133}.AppStore|iPhone.Build.0 = Debug|Any CPU
		{5006A6A5-0CC3-4AD0-8BFF-40D6BA6FC133}.AppStore|iPhoneSimulator.ActiveCfg = Debug|Any CPU
		{5006A6A5-0CC3-4AD0-8BFF-40D6BA6FC133}.AppStore|iPhoneSimulator.Build.0 = Debug|Any CPU
		{5006A6A5-0CC3-4AD0-8BFF-40D6BA6FC133}.AppStore|x64.ActiveCfg = Debug|Any CPU
		{5006A6A5-0CC3-4AD0-8BFF-40D6BA6FC133}.AppStore|x64.Build.0 = Debug|Any CPU
		{5006A6A5-0CC3-4AD0-8BFF-40D6BA6FC133}.AppStore|x86.ActiveCfg = Debug|Any CPU
		{5006A6A5-0CC3-4AD0-8BFF-40D6BA6FC133}.AppStore|x86.Build.0 = Debug|Any CPU
		{5006A6A5-0CC3-4AD0-8BFF-40D6BA6FC133}.Debug|Any CPU.ActiveCfg = Debug|Any CPU
		{5006A6A5-0CC3-4AD0-8BFF-40D6BA6FC133}.Debug|Any CPU.Build.0 = Debug|Any CPU
		{5006A6A5-0CC3-4AD0-8BFF-40D6BA6FC133}.Debug|ARM.ActiveCfg = Debug|Any CPU
		{5006A6A5-0CC3-4AD0-8BFF-40D6BA6FC133}.Debug|ARM.Build.0 = Debug|Any CPU
		{5006A6A5-0CC3-4AD0-8BFF-40D6BA6FC133}.Debug|ARM64.ActiveCfg = Debug|Any CPU
		{5006A6A5-0CC3-4AD0-8BFF-40D6BA6FC133}.Debug|ARM64.Build.0 = Debug|Any CPU
		{5006A6A5-0CC3-4AD0-8BFF-40D6BA6FC133}.Debug|iPhone.ActiveCfg = Debug|Any CPU
		{5006A6A5-0CC3-4AD0-8BFF-40D6BA6FC133}.Debug|iPhone.Build.0 = Debug|Any CPU
		{5006A6A5-0CC3-4AD0-8BFF-40D6BA6FC133}.Debug|iPhoneSimulator.ActiveCfg = Debug|Any CPU
		{5006A6A5-0CC3-4AD0-8BFF-40D6BA6FC133}.Debug|iPhoneSimulator.Build.0 = Debug|Any CPU
		{5006A6A5-0CC3-4AD0-8BFF-40D6BA6FC133}.Debug|x64.ActiveCfg = Debug|Any CPU
		{5006A6A5-0CC3-4AD0-8BFF-40D6BA6FC133}.Debug|x64.Build.0 = Debug|Any CPU
		{5006A6A5-0CC3-4AD0-8BFF-40D6BA6FC133}.Debug|x86.ActiveCfg = Debug|Any CPU
		{5006A6A5-0CC3-4AD0-8BFF-40D6BA6FC133}.Debug|x86.Build.0 = Debug|Any CPU
		{5006A6A5-0CC3-4AD0-8BFF-40D6BA6FC133}.Release|Any CPU.ActiveCfg = Release|Any CPU
		{5006A6A5-0CC3-4AD0-8BFF-40D6BA6FC133}.Release|Any CPU.Build.0 = Release|Any CPU
		{5006A6A5-0CC3-4AD0-8BFF-40D6BA6FC133}.Release|ARM.ActiveCfg = Release|Any CPU
		{5006A6A5-0CC3-4AD0-8BFF-40D6BA6FC133}.Release|ARM.Build.0 = Release|Any CPU
		{5006A6A5-0CC3-4AD0-8BFF-40D6BA6FC133}.Release|ARM64.ActiveCfg = Release|Any CPU
		{5006A6A5-0CC3-4AD0-8BFF-40D6BA6FC133}.Release|ARM64.Build.0 = Release|Any CPU
		{5006A6A5-0CC3-4AD0-8BFF-40D6BA6FC133}.Release|iPhone.ActiveCfg = Release|Any CPU
		{5006A6A5-0CC3-4AD0-8BFF-40D6BA6FC133}.Release|iPhone.Build.0 = Release|Any CPU
		{5006A6A5-0CC3-4AD0-8BFF-40D6BA6FC133}.Release|iPhoneSimulator.ActiveCfg = Release|Any CPU
		{5006A6A5-0CC3-4AD0-8BFF-40D6BA6FC133}.Release|iPhoneSimulator.Build.0 = Release|Any CPU
		{5006A6A5-0CC3-4AD0-8BFF-40D6BA6FC133}.Release|x64.ActiveCfg = Release|Any CPU
		{5006A6A5-0CC3-4AD0-8BFF-40D6BA6FC133}.Release|x64.Build.0 = Release|Any CPU
		{5006A6A5-0CC3-4AD0-8BFF-40D6BA6FC133}.Release|x86.ActiveCfg = Release|Any CPU
		{5006A6A5-0CC3-4AD0-8BFF-40D6BA6FC133}.Release|x86.Build.0 = Release|Any CPU
		{4C48EDCC-D167-4EB4-9F84-D62A7C11A4AA}.Ad-Hoc|Any CPU.ActiveCfg = Release|iPhoneSimulator
		{4C48EDCC-D167-4EB4-9F84-D62A7C11A4AA}.Ad-Hoc|Any CPU.Build.0 = Release|iPhoneSimulator
		{4C48EDCC-D167-4EB4-9F84-D62A7C11A4AA}.Ad-Hoc|ARM.ActiveCfg = Release|iPhoneSimulator
		{4C48EDCC-D167-4EB4-9F84-D62A7C11A4AA}.Ad-Hoc|ARM.Build.0 = Release|iPhoneSimulator
		{4C48EDCC-D167-4EB4-9F84-D62A7C11A4AA}.Ad-Hoc|ARM64.ActiveCfg = Release|iPhoneSimulator
		{4C48EDCC-D167-4EB4-9F84-D62A7C11A4AA}.Ad-Hoc|ARM64.Build.0 = Release|iPhoneSimulator
		{4C48EDCC-D167-4EB4-9F84-D62A7C11A4AA}.Ad-Hoc|iPhone.ActiveCfg = Release|iPhoneSimulator
		{4C48EDCC-D167-4EB4-9F84-D62A7C11A4AA}.Ad-Hoc|iPhone.Build.0 = Release|iPhoneSimulator
		{4C48EDCC-D167-4EB4-9F84-D62A7C11A4AA}.Ad-Hoc|iPhoneSimulator.ActiveCfg = Release|iPhoneSimulator
		{4C48EDCC-D167-4EB4-9F84-D62A7C11A4AA}.Ad-Hoc|iPhoneSimulator.Build.0 = Release|iPhoneSimulator
		{4C48EDCC-D167-4EB4-9F84-D62A7C11A4AA}.Ad-Hoc|x64.ActiveCfg = Release|iPhoneSimulator
		{4C48EDCC-D167-4EB4-9F84-D62A7C11A4AA}.Ad-Hoc|x64.Build.0 = Release|iPhoneSimulator
		{4C48EDCC-D167-4EB4-9F84-D62A7C11A4AA}.Ad-Hoc|x86.ActiveCfg = Release|iPhoneSimulator
		{4C48EDCC-D167-4EB4-9F84-D62A7C11A4AA}.Ad-Hoc|x86.Build.0 = Release|iPhoneSimulator
		{4C48EDCC-D167-4EB4-9F84-D62A7C11A4AA}.AppStore|Any CPU.ActiveCfg = Release|iPhoneSimulator
		{4C48EDCC-D167-4EB4-9F84-D62A7C11A4AA}.AppStore|Any CPU.Build.0 = Release|iPhoneSimulator
		{4C48EDCC-D167-4EB4-9F84-D62A7C11A4AA}.AppStore|ARM.ActiveCfg = Release|iPhoneSimulator
		{4C48EDCC-D167-4EB4-9F84-D62A7C11A4AA}.AppStore|ARM.Build.0 = Release|iPhoneSimulator
		{4C48EDCC-D167-4EB4-9F84-D62A7C11A4AA}.AppStore|ARM64.ActiveCfg = Release|iPhoneSimulator
		{4C48EDCC-D167-4EB4-9F84-D62A7C11A4AA}.AppStore|ARM64.Build.0 = Release|iPhoneSimulator
		{4C48EDCC-D167-4EB4-9F84-D62A7C11A4AA}.AppStore|iPhone.ActiveCfg = Release|iPhoneSimulator
		{4C48EDCC-D167-4EB4-9F84-D62A7C11A4AA}.AppStore|iPhone.Build.0 = Release|iPhoneSimulator
		{4C48EDCC-D167-4EB4-9F84-D62A7C11A4AA}.AppStore|iPhoneSimulator.ActiveCfg = Release|iPhoneSimulator
		{4C48EDCC-D167-4EB4-9F84-D62A7C11A4AA}.AppStore|iPhoneSimulator.Build.0 = Release|iPhoneSimulator
		{4C48EDCC-D167-4EB4-9F84-D62A7C11A4AA}.AppStore|x64.ActiveCfg = Release|iPhoneSimulator
		{4C48EDCC-D167-4EB4-9F84-D62A7C11A4AA}.AppStore|x64.Build.0 = Release|iPhoneSimulator
		{4C48EDCC-D167-4EB4-9F84-D62A7C11A4AA}.AppStore|x86.ActiveCfg = Release|iPhoneSimulator
		{4C48EDCC-D167-4EB4-9F84-D62A7C11A4AA}.AppStore|x86.Build.0 = Release|iPhoneSimulator
		{4C48EDCC-D167-4EB4-9F84-D62A7C11A4AA}.Debug|Any CPU.ActiveCfg = Debug|iPhoneSimulator
		{4C48EDCC-D167-4EB4-9F84-D62A7C11A4AA}.Debug|ARM.ActiveCfg = Debug|iPhoneSimulator
		{4C48EDCC-D167-4EB4-9F84-D62A7C11A4AA}.Debug|ARM64.ActiveCfg = Debug|iPhoneSimulator
		{4C48EDCC-D167-4EB4-9F84-D62A7C11A4AA}.Debug|iPhone.ActiveCfg = Debug|iPhoneSimulator
		{4C48EDCC-D167-4EB4-9F84-D62A7C11A4AA}.Debug|iPhoneSimulator.ActiveCfg = Debug|iPhoneSimulator
		{4C48EDCC-D167-4EB4-9F84-D62A7C11A4AA}.Debug|iPhoneSimulator.Build.0 = Debug|iPhoneSimulator
		{4C48EDCC-D167-4EB4-9F84-D62A7C11A4AA}.Debug|x64.ActiveCfg = Debug|iPhoneSimulator
		{4C48EDCC-D167-4EB4-9F84-D62A7C11A4AA}.Debug|x86.ActiveCfg = Debug|iPhoneSimulator
		{4C48EDCC-D167-4EB4-9F84-D62A7C11A4AA}.Release|Any CPU.ActiveCfg = Release|iPhoneSimulator
		{4C48EDCC-D167-4EB4-9F84-D62A7C11A4AA}.Release|ARM.ActiveCfg = Release|iPhoneSimulator
		{4C48EDCC-D167-4EB4-9F84-D62A7C11A4AA}.Release|ARM64.ActiveCfg = Release|iPhoneSimulator
		{4C48EDCC-D167-4EB4-9F84-D62A7C11A4AA}.Release|iPhone.ActiveCfg = Release|iPhoneSimulator
		{4C48EDCC-D167-4EB4-9F84-D62A7C11A4AA}.Release|iPhoneSimulator.ActiveCfg = Release|iPhoneSimulator
		{4C48EDCC-D167-4EB4-9F84-D62A7C11A4AA}.Release|iPhoneSimulator.Build.0 = Release|iPhoneSimulator
		{4C48EDCC-D167-4EB4-9F84-D62A7C11A4AA}.Release|x64.ActiveCfg = Release|iPhoneSimulator
		{4C48EDCC-D167-4EB4-9F84-D62A7C11A4AA}.Release|x86.ActiveCfg = Release|iPhoneSimulator
	EndGlobalSection
	GlobalSection(SolutionProperties) = preSolution
		HideSolutionNode = FALSE
	EndGlobalSection
	GlobalSection(ExtensibilityGlobals) = postSolution
		SolutionGuid = {CD7A8DD7-7B4B-4E07-9F7C-6717E5AB386A}
	EndGlobalSection
EndGlobal
