
Microsoft Visual Studio Solution File, Format Version 12.00
# Visual Studio Version 16
VisualStudioVersion = 16.0.30204.135
MinimumVisualStudioVersion = 10.0.40219.1
Project("{D954291E-2A0B-460D-934E-DC6B0785DB48}") = "UnoLights.Shared", "UnoLights\UnoLights.Shared\UnoLights.Shared.shproj", "{6279C845-92F8-4333-AB99-3D213163593C}"
EndProject
Project("{FAE04EC0-301F-11D3-BF4B-00C04F79EFBC}") = "UnoLights.Droid", "UnoLights\UnoLights.Droid\UnoLights.Droid.csproj", "{1E74AA42-9F3B-4DAC-91E7-A5C56D982E0C}"
EndProject
Project("{FAE04EC0-301F-11D3-BF4B-00C04F79EFBC}") = "UnoLights.iOS", "UnoLights\UnoLights.iOS\UnoLights.iOS.csproj", "{26A5B0A0-FB27-41C8-B052-2FF03C50A733}"
EndProject
Project("{FAE04EC0-301F-11D3-BF4B-00C04F79EFBC}") = "UnoLights.UWP", "UnoLights\UnoLights.UWP\UnoLights.UWP.csproj", "{5B92E0B3-3B30-432C-B6C9-56B1237EBE76}"
EndProject
Project("{FAE04EC0-301F-11D3-BF4B-00C04F79EFBC}") = "UnoLights.Wasm", "UnoLights\UnoLights.Wasm\UnoLights.Wasm.csproj", "{15E92089-0DF4-4680-9117-1D5F1CA5BE82}"
EndProject
Project("{FAE04EC0-301F-11D3-BF4B-00C04F79EFBC}") = "UnoLights.macOS", "UnoLights\UnoLights.macOS\UnoLights.macOS.csproj", "{17D559EF-857B-4390-9D65-9E455EA1F014}"
EndProject
Global
	GlobalSection(SharedMSBuildProjectFiles) = preSolution
		UnoLights\UnoLights.Shared\UnoLights.Shared.projitems*{15e92089-0df4-4680-9117-1d5f1ca5be82}*SharedItemsImports = 5
		UnoLights\UnoLights.Shared\UnoLights.Shared.projitems*{17d559ef-857b-4390-9d65-9e455ea1f014}*SharedItemsImports = 4
		UnoLights\UnoLights.Shared\UnoLights.Shared.projitems*{1e74aa42-9f3b-4dac-91e7-a5c56d982e0c}*SharedItemsImports = 4
		UnoLights\UnoLights.Shared\UnoLights.Shared.projitems*{26a5b0a0-fb27-41c8-b052-2ff03c50a733}*SharedItemsImports = 4
		UnoLights\UnoLights.Shared\UnoLights.Shared.projitems*{5b92e0b3-3b30-432c-b6c9-56b1237ebe76}*SharedItemsImports = 4
		UnoLights\UnoLights.Shared\UnoLights.Shared.projitems*{6279c845-92f8-4333-ab99-3d213163593c}*SharedItemsImports = 13
	EndGlobalSection
	GlobalSection(SolutionConfigurationPlatforms) = preSolution
		Ad-Hoc|Any CPU = Ad-Hoc|Any CPU
		Ad-Hoc|ARM = Ad-Hoc|ARM
		Ad-Hoc|ARM64 = Ad-Hoc|ARM64
		Ad-Hoc|iPhone = Ad-Hoc|iPhone
		Ad-Hoc|iPhoneSimulator = Ad-Hoc|iPhoneSimulator
		Ad-Hoc|x64 = Ad-Hoc|x64
		Ad-Hoc|x86 = Ad-Hoc|x86
		AppStore|Any CPU = AppStore|Any CPU
		AppStore|ARM = AppStore|ARM
		AppStore|ARM64 = AppStore|ARM64
		AppStore|iPhone = AppStore|iPhone
		AppStore|iPhoneSimulator = AppStore|iPhoneSimulator
		AppStore|x64 = AppStore|x64
		AppStore|x86 = AppStore|x86
		Debug|Any CPU = Debug|Any CPU
		Debug|ARM = Debug|ARM
		Debug|ARM64 = Debug|ARM64
		Debug|iPhone = Debug|iPhone
		Debug|iPhoneSimulator = Debug|iPhoneSimulator
		Debug|x64 = Debug|x64
		Debug|x86 = Debug|x86
		Release|Any CPU = Release|Any CPU
		Release|ARM = Release|ARM
		Release|ARM64 = Release|ARM64
		Release|iPhone = Release|iPhone
		Release|iPhoneSimulator = Release|iPhoneSimulator
		Release|x64 = Release|x64
		Release|x86 = Release|x86
	EndGlobalSection
	GlobalSection(ProjectConfigurationPlatforms) = postSolution
		{1E74AA42-9F3B-4DAC-91E7-A5C56D982E0C}.Ad-Hoc|Any CPU.ActiveCfg = Release|Any CPU
		{1E74AA42-9F3B-4DAC-91E7-A5C56D982E0C}.Ad-Hoc|Any CPU.Build.0 = Release|Any CPU
		{1E74AA42-9F3B-4DAC-91E7-A5C56D982E0C}.Ad-Hoc|Any CPU.Deploy.0 = Release|Any CPU
		{1E74AA42-9F3B-4DAC-91E7-A5C56D982E0C}.Ad-Hoc|ARM.ActiveCfg = Release|Any CPU
		{1E74AA42-9F3B-4DAC-91E7-A5C56D982E0C}.Ad-Hoc|ARM.Build.0 = Release|Any CPU
		{1E74AA42-9F3B-4DAC-91E7-A5C56D982E0C}.Ad-Hoc|ARM.Deploy.0 = Release|Any CPU
		{1E74AA42-9F3B-4DAC-91E7-A5C56D982E0C}.Ad-Hoc|ARM64.ActiveCfg = Release|Any CPU
		{1E74AA42-9F3B-4DAC-91E7-A5C56D982E0C}.Ad-Hoc|ARM64.Build.0 = Release|Any CPU
		{1E74AA42-9F3B-4DAC-91E7-A5C56D982E0C}.Ad-Hoc|ARM64.Deploy.0 = Release|Any CPU
		{1E74AA42-9F3B-4DAC-91E7-A5C56D982E0C}.Ad-Hoc|iPhone.ActiveCfg = Release|Any CPU
		{1E74AA42-9F3B-4DAC-91E7-A5C56D982E0C}.Ad-Hoc|iPhone.Build.0 = Release|Any CPU
		{1E74AA42-9F3B-4DAC-91E7-A5C56D982E0C}.Ad-Hoc|iPhone.Deploy.0 = Release|Any CPU
		{1E74AA42-9F3B-4DAC-91E7-A5C56D982E0C}.Ad-Hoc|iPhoneSimulator.ActiveCfg = Release|Any CPU
		{1E74AA42-9F3B-4DAC-91E7-A5C56D982E0C}.Ad-Hoc|iPhoneSimulator.Build.0 = Release|Any CPU
		{1E74AA42-9F3B-4DAC-91E7-A5C56D982E0C}.Ad-Hoc|iPhoneSimulator.Deploy.0 = Release|Any CPU
		{1E74AA42-9F3B-4DAC-91E7-A5C56D982E0C}.Ad-Hoc|x64.ActiveCfg = Release|Any CPU
		{1E74AA42-9F3B-4DAC-91E7-A5C56D982E0C}.Ad-Hoc|x64.Build.0 = Release|Any CPU
		{1E74AA42-9F3B-4DAC-91E7-A5C56D982E0C}.Ad-Hoc|x64.Deploy.0 = Release|Any CPU
		{1E74AA42-9F3B-4DAC-91E7-A5C56D982E0C}.Ad-Hoc|x86.ActiveCfg = Release|Any CPU
		{1E74AA42-9F3B-4DAC-91E7-A5C56D982E0C}.Ad-Hoc|x86.Build.0 = Release|Any CPU
		{1E74AA42-9F3B-4DAC-91E7-A5C56D982E0C}.Ad-Hoc|x86.Deploy.0 = Release|Any CPU
		{1E74AA42-9F3B-4DAC-91E7-A5C56D982E0C}.AppStore|Any CPU.ActiveCfg = Release|Any CPU
		{1E74AA42-9F3B-4DAC-91E7-A5C56D982E0C}.AppStore|Any CPU.Build.0 = Release|Any CPU
		{1E74AA42-9F3B-4DAC-91E7-A5C56D982E0C}.AppStore|Any CPU.Deploy.0 = Release|Any CPU
		{1E74AA42-9F3B-4DAC-91E7-A5C56D982E0C}.AppStore|ARM.ActiveCfg = Release|Any CPU
		{1E74AA42-9F3B-4DAC-91E7-A5C56D982E0C}.AppStore|ARM.Build.0 = Release|Any CPU
		{1E74AA42-9F3B-4DAC-91E7-A5C56D982E0C}.AppStore|ARM.Deploy.0 = Release|Any CPU
		{1E74AA42-9F3B-4DAC-91E7-A5C56D982E0C}.AppStore|ARM64.ActiveCfg = Release|Any CPU
		{1E74AA42-9F3B-4DAC-91E7-A5C56D982E0C}.AppStore|ARM64.Build.0 = Release|Any CPU
		{1E74AA42-9F3B-4DAC-91E7-A5C56D982E0C}.AppStore|ARM64.Deploy.0 = Release|Any CPU
		{1E74AA42-9F3B-4DAC-91E7-A5C56D982E0C}.AppStore|iPhone.ActiveCfg = Release|Any CPU
		{1E74AA42-9F3B-4DAC-91E7-A5C56D982E0C}.AppStore|iPhone.Build.0 = Release|Any CPU
		{1E74AA42-9F3B-4DAC-91E7-A5C56D982E0C}.AppStore|iPhone.Deploy.0 = Release|Any CPU
		{1E74AA42-9F3B-4DAC-91E7-A5C56D982E0C}.AppStore|iPhoneSimulator.ActiveCfg = Release|Any CPU
		{1E74AA42-9F3B-4DAC-91E7-A5C56D982E0C}.AppStore|iPhoneSimulator.Build.0 = Release|Any CPU
		{1E74AA42-9F3B-4DAC-91E7-A5C56D982E0C}.AppStore|iPhoneSimulator.Deploy.0 = Release|Any CPU
		{1E74AA42-9F3B-4DAC-91E7-A5C56D982E0C}.AppStore|x64.ActiveCfg = Release|Any CPU
		{1E74AA42-9F3B-4DAC-91E7-A5C56D982E0C}.AppStore|x64.Build.0 = Release|Any CPU
		{1E74AA42-9F3B-4DAC-91E7-A5C56D982E0C}.AppStore|x64.Deploy.0 = Release|Any CPU
		{1E74AA42-9F3B-4DAC-91E7-A5C56D982E0C}.AppStore|x86.ActiveCfg = Release|Any CPU
		{1E74AA42-9F3B-4DAC-91E7-A5C56D982E0C}.AppStore|x86.Build.0 = Release|Any CPU
		{1E74AA42-9F3B-4DAC-91E7-A5C56D982E0C}.AppStore|x86.Deploy.0 = Release|Any CPU
		{1E74AA42-9F3B-4DAC-91E7-A5C56D982E0C}.Debug|Any CPU.ActiveCfg = Debug|Any CPU
		{1E74AA42-9F3B-4DAC-91E7-A5C56D982E0C}.Debug|Any CPU.Build.0 = Debug|Any CPU
		{1E74AA42-9F3B-4DAC-91E7-A5C56D982E0C}.Debug|Any CPU.Deploy.0 = Debug|Any CPU
		{1E74AA42-9F3B-4DAC-91E7-A5C56D982E0C}.Debug|ARM.ActiveCfg = Debug|Any CPU
		{1E74AA42-9F3B-4DAC-91E7-A5C56D982E0C}.Debug|ARM.Build.0 = Debug|Any CPU
		{1E74AA42-9F3B-4DAC-91E7-A5C56D982E0C}.Debug|ARM.Deploy.0 = Debug|Any CPU
		{1E74AA42-9F3B-4DAC-91E7-A5C56D982E0C}.Debug|ARM64.ActiveCfg = Debug|Any CPU
		{1E74AA42-9F3B-4DAC-91E7-A5C56D982E0C}.Debug|ARM64.Build.0 = Debug|Any CPU
		{1E74AA42-9F3B-4DAC-91E7-A5C56D982E0C}.Debug|ARM64.Deploy.0 = Debug|Any CPU
		{1E74AA42-9F3B-4DAC-91E7-A5C56D982E0C}.Debug|iPhone.ActiveCfg = Debug|Any CPU
		{1E74AA42-9F3B-4DAC-91E7-A5C56D982E0C}.Debug|iPhone.Build.0 = Debug|Any CPU
		{1E74AA42-9F3B-4DAC-91E7-A5C56D982E0C}.Debug|iPhone.Deploy.0 = Debug|Any CPU
		{1E74AA42-9F3B-4DAC-91E7-A5C56D982E0C}.Debug|iPhoneSimulator.ActiveCfg = Debug|Any CPU
		{1E74AA42-9F3B-4DAC-91E7-A5C56D982E0C}.Debug|iPhoneSimulator.Build.0 = Debug|Any CPU
		{1E74AA42-9F3B-4DAC-91E7-A5C56D982E0C}.Debug|iPhoneSimulator.Deploy.0 = Debug|Any CPU
		{1E74AA42-9F3B-4DAC-91E7-A5C56D982E0C}.Debug|x64.ActiveCfg = Debug|Any CPU
		{1E74AA42-9F3B-4DAC-91E7-A5C56D982E0C}.Debug|x64.Build.0 = Debug|Any CPU
		{1E74AA42-9F3B-4DAC-91E7-A5C56D982E0C}.Debug|x64.Deploy.0 = Debug|Any CPU
		{1E74AA42-9F3B-4DAC-91E7-A5C56D982E0C}.Debug|x86.ActiveCfg = Debug|Any CPU
		{1E74AA42-9F3B-4DAC-91E7-A5C56D982E0C}.Debug|x86.Build.0 = Debug|Any CPU
		{1E74AA42-9F3B-4DAC-91E7-A5C56D982E0C}.Debug|x86.Deploy.0 = Debug|Any CPU
		{1E74AA42-9F3B-4DAC-91E7-A5C56D982E0C}.Release|Any CPU.ActiveCfg = Release|Any CPU
		{1E74AA42-9F3B-4DAC-91E7-A5C56D982E0C}.Release|Any CPU.Build.0 = Release|Any CPU
		{1E74AA42-9F3B-4DAC-91E7-A5C56D982E0C}.Release|Any CPU.Deploy.0 = Release|Any CPU
		{1E74AA42-9F3B-4DAC-91E7-A5C56D982E0C}.Release|ARM.ActiveCfg = Release|Any CPU
		{1E74AA42-9F3B-4DAC-91E7-A5C56D982E0C}.Release|ARM.Build.0 = Release|Any CPU
		{1E74AA42-9F3B-4DAC-91E7-A5C56D982E0C}.Release|ARM.Deploy.0 = Release|Any CPU
		{1E74AA42-9F3B-4DAC-91E7-A5C56D982E0C}.Release|ARM64.ActiveCfg = Release|Any CPU
		{1E74AA42-9F3B-4DAC-91E7-A5C56D982E0C}.Release|ARM64.Build.0 = Release|Any CPU
		{1E74AA42-9F3B-4DAC-91E7-A5C56D982E0C}.Release|ARM64.Deploy.0 = Release|Any CPU
		{1E74AA42-9F3B-4DAC-91E7-A5C56D982E0C}.Release|iPhone.ActiveCfg = Release|Any CPU
		{1E74AA42-9F3B-4DAC-91E7-A5C56D982E0C}.Release|iPhone.Build.0 = Release|Any CPU
		{1E74AA42-9F3B-4DAC-91E7-A5C56D982E0C}.Release|iPhone.Deploy.0 = Release|Any CPU
		{1E74AA42-9F3B-4DAC-91E7-A5C56D982E0C}.Release|iPhoneSimulator.ActiveCfg = Release|Any CPU
		{1E74AA42-9F3B-4DAC-91E7-A5C56D982E0C}.Release|iPhoneSimulator.Build.0 = Release|Any CPU
		{1E74AA42-9F3B-4DAC-91E7-A5C56D982E0C}.Release|iPhoneSimulator.Deploy.0 = Release|Any CPU
		{1E74AA42-9F3B-4DAC-91E7-A5C56D982E0C}.Release|x64.ActiveCfg = Release|Any CPU
		{1E74AA42-9F3B-4DAC-91E7-A5C56D982E0C}.Release|x64.Build.0 = Release|Any CPU
		{1E74AA42-9F3B-4DAC-91E7-A5C56D982E0C}.Release|x64.Deploy.0 = Release|Any CPU
		{1E74AA42-9F3B-4DAC-91E7-A5C56D982E0C}.Release|x86.ActiveCfg = Release|Any CPU
		{1E74AA42-9F3B-4DAC-91E7-A5C56D982E0C}.Release|x86.Build.0 = Release|Any CPU
		{1E74AA42-9F3B-4DAC-91E7-A5C56D982E0C}.Release|x86.Deploy.0 = Release|Any CPU
		{26A5B0A0-FB27-41C8-B052-2FF03C50A733}.Ad-Hoc|Any CPU.ActiveCfg = Ad-Hoc|iPhone
		{26A5B0A0-FB27-41C8-B052-2FF03C50A733}.Ad-Hoc|ARM.ActiveCfg = Ad-Hoc|iPhone
		{26A5B0A0-FB27-41C8-B052-2FF03C50A733}.Ad-Hoc|ARM64.ActiveCfg = Ad-Hoc|iPhone
		{26A5B0A0-FB27-41C8-B052-2FF03C50A733}.Ad-Hoc|iPhone.ActiveCfg = Ad-Hoc|iPhone
		{26A5B0A0-FB27-41C8-B052-2FF03C50A733}.Ad-Hoc|iPhone.Build.0 = Ad-Hoc|iPhone
		{26A5B0A0-FB27-41C8-B052-2FF03C50A733}.Ad-Hoc|iPhoneSimulator.ActiveCfg = Ad-Hoc|iPhoneSimulator
		{26A5B0A0-FB27-41C8-B052-2FF03C50A733}.Ad-Hoc|iPhoneSimulator.Build.0 = Ad-Hoc|iPhoneSimulator
		{26A5B0A0-FB27-41C8-B052-2FF03C50A733}.Ad-Hoc|x64.ActiveCfg = Ad-Hoc|iPhone
		{26A5B0A0-FB27-41C8-B052-2FF03C50A733}.Ad-Hoc|x86.ActiveCfg = Ad-Hoc|iPhone
		{26A5B0A0-FB27-41C8-B052-2FF03C50A733}.AppStore|Any CPU.ActiveCfg = AppStore|iPhone
		{26A5B0A0-FB27-41C8-B052-2FF03C50A733}.AppStore|ARM.ActiveCfg = AppStore|iPhone
		{26A5B0A0-FB27-41C8-B052-2FF03C50A733}.AppStore|ARM64.ActiveCfg = AppStore|iPhone
		{26A5B0A0-FB27-41C8-B052-2FF03C50A733}.AppStore|iPhone.ActiveCfg = AppStore|iPhone
		{26A5B0A0-FB27-41C8-B052-2FF03C50A733}.AppStore|iPhone.Build.0 = AppStore|iPhone
		{26A5B0A0-FB27-41C8-B052-2FF03C50A733}.AppStore|iPhoneSimulator.ActiveCfg = AppStore|iPhoneSimulator
		{26A5B0A0-FB27-41C8-B052-2FF03C50A733}.AppStore|iPhoneSimulator.Build.0 = AppStore|iPhoneSimulator
		{26A5B0A0-FB27-41C8-B052-2FF03C50A733}.AppStore|x64.ActiveCfg = AppStore|iPhone
		{26A5B0A0-FB27-41C8-B052-2FF03C50A733}.AppStore|x86.ActiveCfg = AppStore|iPhone
		{26A5B0A0-FB27-41C8-B052-2FF03C50A733}.Debug|Any CPU.ActiveCfg = Debug|iPhone
		{26A5B0A0-FB27-41C8-B052-2FF03C50A733}.Debug|ARM.ActiveCfg = Debug|iPhone
		{26A5B0A0-FB27-41C8-B052-2FF03C50A733}.Debug|ARM64.ActiveCfg = Debug|iPhone
		{26A5B0A0-FB27-41C8-B052-2FF03C50A733}.Debug|iPhone.ActiveCfg = Debug|iPhone
		{26A5B0A0-FB27-41C8-B052-2FF03C50A733}.Debug|iPhone.Build.0 = Debug|iPhone
		{26A5B0A0-FB27-41C8-B052-2FF03C50A733}.Debug|iPhoneSimulator.ActiveCfg = Debug|iPhoneSimulator
		{26A5B0A0-FB27-41C8-B052-2FF03C50A733}.Debug|iPhoneSimulator.Build.0 = Debug|iPhoneSimulator
		{26A5B0A0-FB27-41C8-B052-2FF03C50A733}.Debug|x64.ActiveCfg = Debug|iPhone
		{26A5B0A0-FB27-41C8-B052-2FF03C50A733}.Debug|x86.ActiveCfg = Debug|iPhone
		{26A5B0A0-FB27-41C8-B052-2FF03C50A733}.Release|Any CPU.ActiveCfg = Release|iPhone
		{26A5B0A0-FB27-41C8-B052-2FF03C50A733}.Release|ARM.ActiveCfg = Release|iPhone
		{26A5B0A0-FB27-41C8-B052-2FF03C50A733}.Release|ARM64.ActiveCfg = Release|iPhone
		{26A5B0A0-FB27-41C8-B052-2FF03C50A733}.Release|iPhone.ActiveCfg = Release|iPhone
		{26A5B0A0-FB27-41C8-B052-2FF03C50A733}.Release|iPhone.Build.0 = Release|iPhone
		{26A5B0A0-FB27-41C8-B052-2FF03C50A733}.Release|iPhoneSimulator.ActiveCfg = Release|iPhoneSimulator
		{26A5B0A0-FB27-41C8-B052-2FF03C50A733}.Release|iPhoneSimulator.Build.0 = Release|iPhoneSimulator
		{26A5B0A0-FB27-41C8-B052-2FF03C50A733}.Release|x64.ActiveCfg = Release|iPhone
		{26A5B0A0-FB27-41C8-B052-2FF03C50A733}.Release|x86.ActiveCfg = Release|iPhone
		{5B92E0B3-3B30-432C-B6C9-56B1237EBE76}.Ad-Hoc|Any CPU.ActiveCfg = Release|x64
		{5B92E0B3-3B30-432C-B6C9-56B1237EBE76}.Ad-Hoc|Any CPU.Build.0 = Release|x64
		{5B92E0B3-3B30-432C-B6C9-56B1237EBE76}.Ad-Hoc|Any CPU.Deploy.0 = Release|x64
		{5B92E0B3-3B30-432C-B6C9-56B1237EBE76}.Ad-Hoc|ARM.ActiveCfg = Release|ARM
		{5B92E0B3-3B30-432C-B6C9-56B1237EBE76}.Ad-Hoc|ARM.Build.0 = Release|ARM
		{5B92E0B3-3B30-432C-B6C9-56B1237EBE76}.Ad-Hoc|ARM.Deploy.0 = Release|ARM
		{5B92E0B3-3B30-432C-B6C9-56B1237EBE76}.Ad-Hoc|ARM64.ActiveCfg = Release|ARM64
		{5B92E0B3-3B30-432C-B6C9-56B1237EBE76}.Ad-Hoc|ARM64.Build.0 = Release|ARM64
		{5B92E0B3-3B30-432C-B6C9-56B1237EBE76}.Ad-Hoc|ARM64.Deploy.0 = Release|ARM64
		{5B92E0B3-3B30-432C-B6C9-56B1237EBE76}.Ad-Hoc|iPhone.ActiveCfg = Release|x64
		{5B92E0B3-3B30-432C-B6C9-56B1237EBE76}.Ad-Hoc|iPhone.Build.0 = Release|x64
		{5B92E0B3-3B30-432C-B6C9-56B1237EBE76}.Ad-Hoc|iPhone.Deploy.0 = Release|x64
		{5B92E0B3-3B30-432C-B6C9-56B1237EBE76}.Ad-Hoc|iPhoneSimulator.ActiveCfg = Release|x64
		{5B92E0B3-3B30-432C-B6C9-56B1237EBE76}.Ad-Hoc|iPhoneSimulator.Build.0 = Release|x64
		{5B92E0B3-3B30-432C-B6C9-56B1237EBE76}.Ad-Hoc|iPhoneSimulator.Deploy.0 = Release|x64
		{5B92E0B3-3B30-432C-B6C9-56B1237EBE76}.Ad-Hoc|x64.ActiveCfg = Release|x64
		{5B92E0B3-3B30-432C-B6C9-56B1237EBE76}.Ad-Hoc|x64.Build.0 = Release|x64
		{5B92E0B3-3B30-432C-B6C9-56B1237EBE76}.Ad-Hoc|x64.Deploy.0 = Release|x64
		{5B92E0B3-3B30-432C-B6C9-56B1237EBE76}.Ad-Hoc|x86.ActiveCfg = Release|x86
		{5B92E0B3-3B30-432C-B6C9-56B1237EBE76}.Ad-Hoc|x86.Build.0 = Release|x86
		{5B92E0B3-3B30-432C-B6C9-56B1237EBE76}.Ad-Hoc|x86.Deploy.0 = Release|x86
		{5B92E0B3-3B30-432C-B6C9-56B1237EBE76}.AppStore|Any CPU.ActiveCfg = Release|x64
		{5B92E0B3-3B30-432C-B6C9-56B1237EBE76}.AppStore|Any CPU.Build.0 = Release|x64
		{5B92E0B3-3B30-432C-B6C9-56B1237EBE76}.AppStore|Any CPU.Deploy.0 = Release|x64
		{5B92E0B3-3B30-432C-B6C9-56B1237EBE76}.AppStore|ARM.ActiveCfg = Release|ARM
		{5B92E0B3-3B30-432C-B6C9-56B1237EBE76}.AppStore|ARM.Build.0 = Release|ARM
		{5B92E0B3-3B30-432C-B6C9-56B1237EBE76}.AppStore|ARM.Deploy.0 = Release|ARM
		{5B92E0B3-3B30-432C-B6C9-56B1237EBE76}.AppStore|ARM64.ActiveCfg = Release|ARM64
		{5B92E0B3-3B30-432C-B6C9-56B1237EBE76}.AppStore|ARM64.Build.0 = Release|ARM64
		{5B92E0B3-3B30-432C-B6C9-56B1237EBE76}.AppStore|ARM64.Deploy.0 = Release|ARM64
		{5B92E0B3-3B30-432C-B6C9-56B1237EBE76}.AppStore|iPhone.ActiveCfg = Release|x64
		{5B92E0B3-3B30-432C-B6C9-56B1237EBE76}.AppStore|iPhone.Build.0 = Release|x64
		{5B92E0B3-3B30-432C-B6C9-56B1237EBE76}.AppStore|iPhone.Deploy.0 = Release|x64
		{5B92E0B3-3B30-432C-B6C9-56B1237EBE76}.AppStore|iPhoneSimulator.ActiveCfg = Release|x64
		{5B92E0B3-3B30-432C-B6C9-56B1237EBE76}.AppStore|iPhoneSimulator.Build.0 = Release|x64
		{5B92E0B3-3B30-432C-B6C9-56B1237EBE76}.AppStore|iPhoneSimulator.Deploy.0 = Release|x64
		{5B92E0B3-3B30-432C-B6C9-56B1237EBE76}.AppStore|x64.ActiveCfg = Release|x64
		{5B92E0B3-3B30-432C-B6C9-56B1237EBE76}.AppStore|x64.Build.0 = Release|x64
		{5B92E0B3-3B30-432C-B6C9-56B1237EBE76}.AppStore|x64.Deploy.0 = Release|x64
		{5B92E0B3-3B30-432C-B6C9-56B1237EBE76}.AppStore|x86.ActiveCfg = Release|x86
		{5B92E0B3-3B30-432C-B6C9-56B1237EBE76}.AppStore|x86.Build.0 = Release|x86
		{5B92E0B3-3B30-432C-B6C9-56B1237EBE76}.AppStore|x86.Deploy.0 = Release|x86
		{5B92E0B3-3B30-432C-B6C9-56B1237EBE76}.Debug|Any CPU.ActiveCfg = Debug|x86
		{5B92E0B3-3B30-432C-B6C9-56B1237EBE76}.Debug|ARM.ActiveCfg = Debug|ARM
		{5B92E0B3-3B30-432C-B6C9-56B1237EBE76}.Debug|ARM.Build.0 = Debug|ARM
		{5B92E0B3-3B30-432C-B6C9-56B1237EBE76}.Debug|ARM.Deploy.0 = Debug|ARM
		{5B92E0B3-3B30-432C-B6C9-56B1237EBE76}.Debug|ARM64.ActiveCfg = Debug|ARM64
		{5B92E0B3-3B30-432C-B6C9-56B1237EBE76}.Debug|ARM64.Build.0 = Debug|ARM64
		{5B92E0B3-3B30-432C-B6C9-56B1237EBE76}.Debug|ARM64.Deploy.0 = Debug|ARM64
		{5B92E0B3-3B30-432C-B6C9-56B1237EBE76}.Debug|iPhone.ActiveCfg = Debug|x86
		{5B92E0B3-3B30-432C-B6C9-56B1237EBE76}.Debug|iPhoneSimulator.ActiveCfg = Debug|x86
		{5B92E0B3-3B30-432C-B6C9-56B1237EBE76}.Debug|x64.ActiveCfg = Debug|x64
		{5B92E0B3-3B30-432C-B6C9-56B1237EBE76}.Debug|x64.Build.0 = Debug|x64
		{5B92E0B3-3B30-432C-B6C9-56B1237EBE76}.Debug|x64.Deploy.0 = Debug|x64
		{5B92E0B3-3B30-432C-B6C9-56B1237EBE76}.Debug|x86.ActiveCfg = Debug|x86
		{5B92E0B3-3B30-432C-B6C9-56B1237EBE76}.Debug|x86.Build.0 = Debug|x86
		{5B92E0B3-3B30-432C-B6C9-56B1237EBE76}.Debug|x86.Deploy.0 = Debug|x86
		{5B92E0B3-3B30-432C-B6C9-56B1237EBE76}.Release|Any CPU.ActiveCfg = Release|x86
		{5B92E0B3-3B30-432C-B6C9-56B1237EBE76}.Release|ARM.ActiveCfg = Release|ARM
		{5B92E0B3-3B30-432C-B6C9-56B1237EBE76}.Release|ARM.Build.0 = Release|ARM
		{5B92E0B3-3B30-432C-B6C9-56B1237EBE76}.Release|ARM.Deploy.0 = Release|ARM
		{5B92E0B3-3B30-432C-B6C9-56B1237EBE76}.Release|ARM64.ActiveCfg = Release|ARM64
		{5B92E0B3-3B30-432C-B6C9-56B1237EBE76}.Release|ARM64.Build.0 = Release|ARM64
		{5B92E0B3-3B30-432C-B6C9-56B1237EBE76}.Release|ARM64.Deploy.0 = Release|ARM64
		{5B92E0B3-3B30-432C-B6C9-56B1237EBE76}.Release|iPhone.ActiveCfg = Release|x86
		{5B92E0B3-3B30-432C-B6C9-56B1237EBE76}.Release|iPhoneSimulator.ActiveCfg = Release|x86
		{5B92E0B3-3B30-432C-B6C9-56B1237EBE76}.Release|x64.ActiveCfg = Release|x64
		{5B92E0B3-3B30-432C-B6C9-56B1237EBE76}.Release|x64.Build.0 = Release|x64
		{5B92E0B3-3B30-432C-B6C9-56B1237EBE76}.Release|x64.Deploy.0 = Release|x64
		{5B92E0B3-3B30-432C-B6C9-56B1237EBE76}.Release|x86.ActiveCfg = Release|x86
		{5B92E0B3-3B30-432C-B6C9-56B1237EBE76}.Release|x86.Build.0 = Release|x86
		{5B92E0B3-3B30-432C-B6C9-56B1237EBE76}.Release|x86.Deploy.0 = Release|x86
		{15E92089-0DF4-4680-9117-1D5F1CA5BE82}.Ad-Hoc|Any CPU.ActiveCfg = Debug|Any CPU
		{15E92089-0DF4-4680-9117-1D5F1CA5BE82}.Ad-Hoc|Any CPU.Build.0 = Debug|Any CPU
		{15E92089-0DF4-4680-9117-1D5F1CA5BE82}.Ad-Hoc|ARM.ActiveCfg = Debug|Any CPU
		{15E92089-0DF4-4680-9117-1D5F1CA5BE82}.Ad-Hoc|ARM.Build.0 = Debug|Any CPU
		{15E92089-0DF4-4680-9117-1D5F1CA5BE82}.Ad-Hoc|ARM64.ActiveCfg = Debug|Any CPU
		{15E92089-0DF4-4680-9117-1D5F1CA5BE82}.Ad-Hoc|ARM64.Build.0 = Debug|Any CPU
		{15E92089-0DF4-4680-9117-1D5F1CA5BE82}.Ad-Hoc|iPhone.ActiveCfg = Debug|Any CPU
		{15E92089-0DF4-4680-9117-1D5F1CA5BE82}.Ad-Hoc|iPhone.Build.0 = Debug|Any CPU
		{15E92089-0DF4-4680-9117-1D5F1CA5BE82}.Ad-Hoc|iPhoneSimulator.ActiveCfg = Debug|Any CPU
		{15E92089-0DF4-4680-9117-1D5F1CA5BE82}.Ad-Hoc|iPhoneSimulator.Build.0 = Debug|Any CPU
		{15E92089-0DF4-4680-9117-1D5F1CA5BE82}.Ad-Hoc|x64.ActiveCfg = Debug|Any CPU
		{15E92089-0DF4-4680-9117-1D5F1CA5BE82}.Ad-Hoc|x64.Build.0 = Debug|Any CPU
		{15E92089-0DF4-4680-9117-1D5F1CA5BE82}.Ad-Hoc|x86.ActiveCfg = Debug|Any CPU
		{15E92089-0DF4-4680-9117-1D5F1CA5BE82}.Ad-Hoc|x86.Build.0 = Debug|Any CPU
		{15E92089-0DF4-4680-9117-1D5F1CA5BE82}.AppStore|Any CPU.ActiveCfg = Debug|Any CPU
		{15E92089-0DF4-4680-9117-1D5F1CA5BE82}.AppStore|Any CPU.Build.0 = Debug|Any CPU
		{15E92089-0DF4-4680-9117-1D5F1CA5BE82}.AppStore|ARM.ActiveCfg = Debug|Any CPU
		{15E92089-0DF4-4680-9117-1D5F1CA5BE82}.AppStore|ARM.Build.0 = Debug|Any CPU
		{15E92089-0DF4-4680-9117-1D5F1CA5BE82}.AppStore|ARM64.ActiveCfg = Debug|Any CPU
		{15E92089-0DF4-4680-9117-1D5F1CA5BE82}.AppStore|ARM64.Build.0 = Debug|Any CPU
		{15E92089-0DF4-4680-9117-1D5F1CA5BE82}.AppStore|iPhone.ActiveCfg = Debug|Any CPU
		{15E92089-0DF4-4680-9117-1D5F1CA5BE82}.AppStore|iPhone.Build.0 = Debug|Any CPU
		{15E92089-0DF4-4680-9117-1D5F1CA5BE82}.AppStore|iPhoneSimulator.ActiveCfg = Debug|Any CPU
		{15E92089-0DF4-4680-9117-1D5F1CA5BE82}.AppStore|iPhoneSimulator.Build.0 = Debug|Any CPU
		{15E92089-0DF4-4680-9117-1D5F1CA5BE82}.AppStore|x64.ActiveCfg = Debug|Any CPU
		{15E92089-0DF4-4680-9117-1D5F1CA5BE82}.AppStore|x64.Build.0 = Debug|Any CPU
		{15E92089-0DF4-4680-9117-1D5F1CA5BE82}.AppStore|x86.ActiveCfg = Debug|Any CPU
		{15E92089-0DF4-4680-9117-1D5F1CA5BE82}.AppStore|x86.Build.0 = Debug|Any CPU
		{15E92089-0DF4-4680-9117-1D5F1CA5BE82}.Debug|Any CPU.ActiveCfg = Debug|Any CPU
		{15E92089-0DF4-4680-9117-1D5F1CA5BE82}.Debug|Any CPU.Build.0 = Debug|Any CPU
		{15E92089-0DF4-4680-9117-1D5F1CA5BE82}.Debug|ARM.ActiveCfg = Debug|Any CPU
		{15E92089-0DF4-4680-9117-1D5F1CA5BE82}.Debug|ARM.Build.0 = Debug|Any CPU
		{15E92089-0DF4-4680-9117-1D5F1CA5BE82}.Debug|ARM64.ActiveCfg = Debug|Any CPU
		{15E92089-0DF4-4680-9117-1D5F1CA5BE82}.Debug|ARM64.Build.0 = Debug|Any CPU
		{15E92089-0DF4-4680-9117-1D5F1CA5BE82}.Debug|iPhone.ActiveCfg = Debug|Any CPU
		{15E92089-0DF4-4680-9117-1D5F1CA5BE82}.Debug|iPhone.Build.0 = Debug|Any CPU
		{15E92089-0DF4-4680-9117-1D5F1CA5BE82}.Debug|iPhoneSimulator.ActiveCfg = Debug|Any CPU
		{15E92089-0DF4-4680-9117-1D5F1CA5BE82}.Debug|iPhoneSimulator.Build.0 = Debug|Any CPU
		{15E92089-0DF4-4680-9117-1D5F1CA5BE82}.Debug|x64.ActiveCfg = Debug|Any CPU
		{15E92089-0DF4-4680-9117-1D5F1CA5BE82}.Debug|x64.Build.0 = Debug|Any CPU
		{15E92089-0DF4-4680-9117-1D5F1CA5BE82}.Debug|x86.ActiveCfg = Debug|Any CPU
		{15E92089-0DF4-4680-9117-1D5F1CA5BE82}.Debug|x86.Build.0 = Debug|Any CPU
		{15E92089-0DF4-4680-9117-1D5F1CA5BE82}.Release|Any CPU.ActiveCfg = Release|Any CPU
		{15E92089-0DF4-4680-9117-1D5F1CA5BE82}.Release|Any CPU.Build.0 = Release|Any CPU
		{15E92089-0DF4-4680-9117-1D5F1CA5BE82}.Release|ARM.ActiveCfg = Release|Any CPU
		{15E92089-0DF4-4680-9117-1D5F1CA5BE82}.Release|ARM.Build.0 = Release|Any CPU
		{15E92089-0DF4-4680-9117-1D5F1CA5BE82}.Release|ARM64.ActiveCfg = Release|Any CPU
		{15E92089-0DF4-4680-9117-1D5F1CA5BE82}.Release|ARM64.Build.0 = Release|Any CPU
		{15E92089-0DF4-4680-9117-1D5F1CA5BE82}.Release|iPhone.ActiveCfg = Release|Any CPU
		{15E92089-0DF4-4680-9117-1D5F1CA5BE82}.Release|iPhone.Build.0 = Release|Any CPU
		{15E92089-0DF4-4680-9117-1D5F1CA5BE82}.Release|iPhoneSimulator.ActiveCfg = Release|Any CPU
		{15E92089-0DF4-4680-9117-1D5F1CA5BE82}.Release|iPhoneSimulator.Build.0 = Release|Any CPU
		{15E92089-0DF4-4680-9117-1D5F1CA5BE82}.Release|x64.ActiveCfg = Release|Any CPU
		{15E92089-0DF4-4680-9117-1D5F1CA5BE82}.Release|x64.Build.0 = Release|Any CPU
		{15E92089-0DF4-4680-9117-1D5F1CA5BE82}.Release|x86.ActiveCfg = Release|Any CPU
		{15E92089-0DF4-4680-9117-1D5F1CA5BE82}.Release|x86.Build.0 = Release|Any CPU
		{17D559EF-857B-4390-9D65-9E455EA1F014}.Ad-Hoc|Any CPU.ActiveCfg = Release|iPhoneSimulator
		{17D559EF-857B-4390-9D65-9E455EA1F014}.Ad-Hoc|Any CPU.Build.0 = Release|iPhoneSimulator
		{17D559EF-857B-4390-9D65-9E455EA1F014}.Ad-Hoc|ARM.ActiveCfg = Release|iPhoneSimulator
		{17D559EF-857B-4390-9D65-9E455EA1F014}.Ad-Hoc|ARM.Build.0 = Release|iPhoneSimulator
		{17D559EF-857B-4390-9D65-9E455EA1F014}.Ad-Hoc|ARM64.ActiveCfg = Release|iPhoneSimulator
		{17D559EF-857B-4390-9D65-9E455EA1F014}.Ad-Hoc|ARM64.Build.0 = Release|iPhoneSimulator
		{17D559EF-857B-4390-9D65-9E455EA1F014}.Ad-Hoc|iPhone.ActiveCfg = Release|iPhoneSimulator
		{17D559EF-857B-4390-9D65-9E455EA1F014}.Ad-Hoc|iPhone.Build.0 = Release|iPhoneSimulator
		{17D559EF-857B-4390-9D65-9E455EA1F014}.Ad-Hoc|iPhoneSimulator.ActiveCfg = Release|iPhoneSimulator
		{17D559EF-857B-4390-9D65-9E455EA1F014}.Ad-Hoc|iPhoneSimulator.Build.0 = Release|iPhoneSimulator
		{17D559EF-857B-4390-9D65-9E455EA1F014}.Ad-Hoc|x64.ActiveCfg = Release|iPhoneSimulator
		{17D559EF-857B-4390-9D65-9E455EA1F014}.Ad-Hoc|x64.Build.0 = Release|iPhoneSimulator
		{17D559EF-857B-4390-9D65-9E455EA1F014}.Ad-Hoc|x86.ActiveCfg = Release|iPhoneSimulator
		{17D559EF-857B-4390-9D65-9E455EA1F014}.Ad-Hoc|x86.Build.0 = Release|iPhoneSimulator
		{17D559EF-857B-4390-9D65-9E455EA1F014}.AppStore|Any CPU.ActiveCfg = Release|iPhoneSimulator
		{17D559EF-857B-4390-9D65-9E455EA1F014}.AppStore|Any CPU.Build.0 = Release|iPhoneSimulator
		{17D559EF-857B-4390-9D65-9E455EA1F014}.AppStore|ARM.ActiveCfg = Release|iPhoneSimulator
		{17D559EF-857B-4390-9D65-9E455EA1F014}.AppStore|ARM.Build.0 = Release|iPhoneSimulator
		{17D559EF-857B-4390-9D65-9E455EA1F014}.AppStore|ARM64.ActiveCfg = Release|iPhoneSimulator
		{17D559EF-857B-4390-9D65-9E455EA1F014}.AppStore|ARM64.Build.0 = Release|iPhoneSimulator
		{17D559EF-857B-4390-9D65-9E455EA1F014}.AppStore|iPhone.ActiveCfg = Release|iPhoneSimulator
		{17D559EF-857B-4390-9D65-9E455EA1F014}.AppStore|iPhone.Build.0 = Release|iPhoneSimulator
		{17D559EF-857B-4390-9D65-9E455EA1F014}.AppStore|iPhoneSimulator.ActiveCfg = Release|iPhoneSimulator
		{17D559EF-857B-4390-9D65-9E455EA1F014}.AppStore|iPhoneSimulator.Build.0 = Release|iPhoneSimulator
		{17D559EF-857B-4390-9D65-9E455EA1F014}.AppStore|x64.ActiveCfg = Release|iPhoneSimulator
		{17D559EF-857B-4390-9D65-9E455EA1F014}.AppStore|x64.Build.0 = Release|iPhoneSimulator
		{17D559EF-857B-4390-9D65-9E455EA1F014}.AppStore|x86.ActiveCfg = Release|iPhoneSimulator
		{17D559EF-857B-4390-9D65-9E455EA1F014}.AppStore|x86.Build.0 = Release|iPhoneSimulator
		{17D559EF-857B-4390-9D65-9E455EA1F014}.Debug|Any CPU.ActiveCfg = Debug|iPhoneSimulator
		{17D559EF-857B-4390-9D65-9E455EA1F014}.Debug|ARM.ActiveCfg = Debug|iPhoneSimulator
		{17D559EF-857B-4390-9D65-9E455EA1F014}.Debug|ARM64.ActiveCfg = Debug|iPhoneSimulator
		{17D559EF-857B-4390-9D65-9E455EA1F014}.Debug|iPhone.ActiveCfg = Debug|iPhoneSimulator
		{17D559EF-857B-4390-9D65-9E455EA1F014}.Debug|iPhoneSimulator.ActiveCfg = Debug|iPhoneSimulator
		{17D559EF-857B-4390-9D65-9E455EA1F014}.Debug|iPhoneSimulator.Build.0 = Debug|iPhoneSimulator
		{17D559EF-857B-4390-9D65-9E455EA1F014}.Debug|x64.ActiveCfg = Debug|iPhoneSimulator
		{17D559EF-857B-4390-9D65-9E455EA1F014}.Debug|x86.ActiveCfg = Debug|iPhoneSimulator
		{17D559EF-857B-4390-9D65-9E455EA1F014}.Release|Any CPU.ActiveCfg = Release|iPhoneSimulator
		{17D559EF-857B-4390-9D65-9E455EA1F014}.Release|ARM.ActiveCfg = Release|iPhoneSimulator
		{17D559EF-857B-4390-9D65-9E455EA1F014}.Release|ARM64.ActiveCfg = Release|iPhoneSimulator
		{17D559EF-857B-4390-9D65-9E455EA1F014}.Release|iPhone.ActiveCfg = Release|iPhoneSimulator
		{17D559EF-857B-4390-9D65-9E455EA1F014}.Release|iPhoneSimulator.ActiveCfg = Release|iPhoneSimulator
		{17D559EF-857B-4390-9D65-9E455EA1F014}.Release|iPhoneSimulator.Build.0 = Release|iPhoneSimulator
		{17D559EF-857B-4390-9D65-9E455EA1F014}.Release|x64.ActiveCfg = Release|iPhoneSimulator
		{17D559EF-857B-4390-9D65-9E455EA1F014}.Release|x86.ActiveCfg = Release|iPhoneSimulator
	EndGlobalSection
	GlobalSection(SolutionProperties) = preSolution
		HideSolutionNode = FALSE
	EndGlobalSection
	GlobalSection(ExtensibilityGlobals) = postSolution
		SolutionGuid = {106B827B-1593-4681-AE25-C3D9FD01403F}
	EndGlobalSection
EndGlobal
